{
  "version": 4,
  "terraform_version": "1.9.8",
  "serial": 1166,
  "lineage": "2e0cc4a0-eacd-6285-9212-88a6ccaeb31b",
  "outputs": {
    "default_security_group_id": {
      "value": "sg-05d070e8f8fe1f4d8",
      "type": "string"
    },
    "domain_name": {
      "value": "tuilalinh.id.vn",
      "type": "string"
    },
    "private_subnet_ids": {
      "value": [
        "subnet-0be7d94240fe6f6cd",
        "subnet-0a467f6c427411e0b"
      ],
      "type": [
        "tuple",
        [
          "string",
          "string"
        ]
      ]
    },
    "public_subnet_ids": {
      "value": [
        "subnet-06112eaae27d393f5",
        "subnet-0482032ab1d3ec451"
      ],
      "type": [
        "tuple",
        [
          "string",
          "string"
        ]
      ]
    },
    "route53_name_servers": {
      "value": [
        "ns-148.awsdns-18.com",
        "ns-1557.awsdns-02.co.uk",
        "ns-958.awsdns-55.net",
        "ns-1514.awsdns-61.org"
      ],
      "type": [
        "list",
        "string"
      ]
    },
    "route53_zone_id": {
      "value": "Z0406752HSJEKZUFYYB5",
      "type": "string"
    },
    "vpc_id": {
      "value": "vpc-0f47cd6edd82b7234",
      "type": "string"
    }
  },
  "resources": [
    {
      "mode": "managed",
      "type": "local_file",
      "name": "private_key",
      "provider": "provider[\"registry.terraform.io/hashicorp/local\"]",
      "instances": [
        {
          "schema_version": 0,
          "attributes": {
            "content": "-----BEGIN RSA PRIVATE KEY-----\nMIIEpAIBAAKCAQEAygStzG9WqmS9rML9E6V6Q2mrmEXYNZr6mGQDw2YH/duzyWky\nI9CJwGDKnFLw+AVUBloRDC6tNh7NPceU98z1o+nB4xq2kJ/OaHyp+kIES+Zy++AO\nOTKg+trWYRrXn7jPqVb1ZbSr6EnrgCfCf/aRMkk2LkUBUdqpCBnuIOVGrcrBfylq\nbMSxtorf4QmB6Y+3LTStGvyKXeKhEPhs9D5J0bKKSd+Pl1O8U6kKZnYk/d6gOgt9\nEk6AFjrESAp9QgyFGVO6wHhmb969vx5TTO8KLtm6oGI0CNGZxIPefdSePzgEa5/q\nOhvkUoA1UmvsYRQJ/lWs8aerjB1+7MSexIAlEwIDAQABAoIBAGM0TwDAgCem1voa\nutrF/TdTkf9x9Q3F8F+bZbmzxiLkm/JBZWzvAGZnYbfIhyrUuwFvg0WfOlIEaDd5\nZe8WSF5Y8WyL9rEouNzYs0QA3UlEfpyv12xBL4pgorwGyXJW+CspV9K9GVo1yp8h\nZ0Mdmwm9qAyquE4w+abPzP98d+vpcKfX+U+waAtuOFNQv+U1ZEmu3PvCwLu1P+gl\nB55cJHP0b7wE4nY0R+7icM9xBjyHDCAkOKqtx+2jimPaWFa6ue2LI+52csZVj57j\nedF5wXR6ZqDUxoB8iqSqI3wnIEt9CDMTqjlqZj5YiUh2cNz4tOKRzSP5tcf9xtDW\n3FnolVECgYEA8yGJa1yoZJt7viata/VwkHecEV+fVN4Vb4QyQmhapwfbiV08RMQY\nrXLLIUa6sHAu/lckMhDAR27Wfgno4viZ30ehYZFPO5aMHO/WWmgvzww7X1ib2IyV\n6KS6m4rONa1rAdWpcKPJNJ9uuN9hyFzBDrcqGjdOwnBR72/3bRcoG6sCgYEA1LYO\n56O7i246t2lj4SbilOUHFU28tPdyCbXoSPQUS4zw5eQtYv+ICnA+cOiLkFF54vHc\n+DVYA7KGN08Xpmq8qMKZNVYedW6gUfoXb6eetqixaCINJFOd+g6znblPaVIAx9En\nQ/khA1vtq4AUSb3qC/rz3LDTssYQoYwbzIuZ9DkCgYEA1phSR43oH6zQ4rwWs8RW\nD11TRk5lPq4qs1w2VEDxSp532l2N1ZBTy7wXqI5aN2M9R0a47uu0Gxisf2DVyofs\noJQD0C9GhOzTTLMwOmndUN2WBgkavV8Q7d9/ycwRSHWBjoP84yvdavIR82FPWF7u\nE8P9iFgqzxn+Z90mwYX/47MCgYBw+nX2MK/3QcfsDQ0g1F96iB74AL8fO2KVp8nF\nneZ9rlFxOX2l3GVsbeusWsduEuhzUtVz/BlQdWz2SYsdOAoWdK2dd61b4DNE91ml\nU1loWTdJQPTL+6Gn5FEgkAGOxiBmAUAiyVrwhs44ziF4fWenj1YhPMZkaPECbQGC\n5g8SeQKBgQDYmbsoKhyGmYJwy5hJAUNFbSfRUxlvmxaNTypEpkukTh7RBJxTIEvJ\nXUaIK6VCMFIN98y+K6OgrrAa8XG5kcHfHhDifXku1QapZYVNhRR6SW+u69PBzl28\n6Zz5CGIQNlpPjdOp6ztA2anLicsqQU5tv6b204Jjqm1VKki4jo2yAQ==\n-----END RSA PRIVATE KEY-----\n",
            "content_base64": null,
            "content_base64sha256": "IhM7Sx9gnuVVF98kUrW86lRzQOcyMiBdsICPJ0DrbJQ=",
            "content_base64sha512": "FM594UlGWLvEFCHhWeOymcGSSWNoSu3ZJ8tC2GEiivjrisEbAawk4H4ipK1bILvvnBm1Xdg847y2rpJXHzWeEA==",
            "content_md5": "5b8482b2ab9b6eb5f2c19ca52e7b5c8c",
            "content_sha1": "af073b4ed5fac3bf30a29b9ebe0e8778c41beacc",
            "content_sha256": "22133b4b1f609ee55517df2452b5bcea547340e73232205db0808f2740eb6c94",
            "content_sha512": "14ce7de1494658bbc41421e159e3b299c1924963684aedd927cb42d861228af8eb8ac11b01ac24e07e22a4ad5b20bbef9c19b55dd83ce3bcb6ae92571f359e10",
            "directory_permission": "0777",
            "file_permission": "0600",
            "filename": "./lxlso1.pem",
            "id": "af073b4ed5fac3bf30a29b9ebe0e8778c41beacc",
            "sensitive_content": null,
            "source": null
          },
          "sensitive_attributes": [
            [
              {
                "type": "get_attr",
                "value": "content"
              }
            ],
            [
              {
                "type": "get_attr",
                "value": "sensitive_content"
              }
            ]
          ],
          "dependencies": [
            "module.keypair.tls_private_key.this"
          ]
        }
      ]
    },
    {
      "module": "module.Nat_Gateway",
      "mode": "managed",
      "type": "aws_eip",
      "name": "nat",
      "provider": "provider[\"registry.terraform.io/hashicorp/aws\"]",
      "instances": [
        {
          "index_key": 0,
          "schema_version": 0,
          "attributes": {
            "address": null,
            "allocation_id": "eipalloc-0c3565172b5a8c768",
            "arn": "arn:aws:ec2:us-east-1:992382458568:elastic-ip/eipalloc-0c3565172b5a8c768",
            "associate_with_private_ip": null,
            "association_id": "",
            "carrier_ip": "",
            "customer_owned_ip": "",
            "customer_owned_ipv4_pool": "",
            "domain": "vpc",
            "id": "eipalloc-0c3565172b5a8c768",
            "instance": "",
            "ipam_pool_id": null,
            "network_border_group": "us-east-1",
            "network_interface": "",
            "private_dns": null,
            "private_ip": "",
            "ptr_record": "",
            "public_dns": "ec2-18-214-214-90.compute-1.amazonaws.com",
            "public_ip": "18.214.214.90",
            "public_ipv4_pool": "amazon",
            "tags": null,
            "tags_all": {},
            "timeouts": null,
            "vpc": true
          },
          "sensitive_attributes": [],
          "private": "eyJlMmJmYjczMC1lY2FhLTExZTYtOGY4OC0zNDM2M2JjN2M0YzAiOnsiZGVsZXRlIjoxODAwMDAwMDAwMDAsInJlYWQiOjkwMDAwMDAwMDAwMCwidXBkYXRlIjozMDAwMDAwMDAwMDB9fQ==",
          "dependencies": [
            "module.VPC.aws_subnet.public",
            "module.VPC.aws_vpc.main"
          ]
        },
        {
          "index_key": 1,
          "schema_version": 0,
          "attributes": {
            "address": null,
            "allocation_id": "eipalloc-062f1116326230042",
            "arn": "arn:aws:ec2:us-east-1:992382458568:elastic-ip/eipalloc-062f1116326230042",
            "associate_with_private_ip": null,
            "association_id": "",
            "carrier_ip": "",
            "customer_owned_ip": "",
            "customer_owned_ipv4_pool": "",
            "domain": "vpc",
            "id": "eipalloc-062f1116326230042",
            "instance": "",
            "ipam_pool_id": null,
            "network_border_group": "us-east-1",
            "network_interface": "",
            "private_dns": null,
            "private_ip": "",
            "ptr_record": "",
            "public_dns": "ec2-98-85-99-131.compute-1.amazonaws.com",
            "public_ip": "98.85.99.131",
            "public_ipv4_pool": "amazon",
            "tags": null,
            "tags_all": {},
            "timeouts": null,
            "vpc": true
          },
          "sensitive_attributes": [],
          "private": "eyJlMmJmYjczMC1lY2FhLTExZTYtOGY4OC0zNDM2M2JjN2M0YzAiOnsiZGVsZXRlIjoxODAwMDAwMDAwMDAsInJlYWQiOjkwMDAwMDAwMDAwMCwidXBkYXRlIjozMDAwMDAwMDAwMDB9fQ==",
          "dependencies": [
            "module.VPC.aws_subnet.public",
            "module.VPC.aws_vpc.main"
          ]
        }
      ]
    },
    {
      "module": "module.Nat_Gateway",
      "mode": "managed",
      "type": "aws_nat_gateway",
      "name": "main",
      "provider": "provider[\"registry.terraform.io/hashicorp/aws\"]",
      "instances": [
        {
          "index_key": 0,
          "schema_version": 0,
          "attributes": {
            "allocation_id": "eipalloc-0c3565172b5a8c768",
            "association_id": "eipassoc-03b2d5831c0f2eefd",
            "connectivity_type": "public",
            "id": "nat-0ccda6725f844b720",
            "network_interface_id": "eni-0e3f4a6da9c5dadb8",
            "private_ip": "10.0.1.52",
            "public_ip": "18.214.214.90",
            "secondary_allocation_ids": null,
            "secondary_private_ip_address_count": 0,
            "secondary_private_ip_addresses": [],
            "subnet_id": "subnet-06112eaae27d393f5",
            "tags": {
              "Name": "NAT Gateway 1"
            },
            "tags_all": {
              "Name": "NAT Gateway 1"
            },
            "timeouts": null
          },
          "sensitive_attributes": [],
          "private": "eyJlMmJmYjczMC1lY2FhLTExZTYtOGY4OC0zNDM2M2JjN2M0YzAiOnsiY3JlYXRlIjo2MDAwMDAwMDAwMDAsImRlbGV0ZSI6MTgwMDAwMDAwMDAwMCwidXBkYXRlIjo2MDAwMDAwMDAwMDB9fQ==",
          "dependencies": [
            "module.Nat_Gateway.aws_eip.nat",
            "module.VPC.aws_subnet.public",
            "module.VPC.aws_vpc.main"
          ]
        },
        {
          "index_key": 1,
          "schema_version": 0,
          "attributes": {
            "allocation_id": "eipalloc-062f1116326230042",
            "association_id": "eipassoc-026c555709edfba08",
            "connectivity_type": "public",
            "id": "nat-02e32c1fc7ef551ec",
            "network_interface_id": "eni-0cc1f29973d9dfb5f",
            "private_ip": "10.0.2.27",
            "public_ip": "98.85.99.131",
            "secondary_allocation_ids": null,
            "secondary_private_ip_address_count": 0,
            "secondary_private_ip_addresses": [],
            "subnet_id": "subnet-0482032ab1d3ec451",
            "tags": {
              "Name": "NAT Gateway 2"
            },
            "tags_all": {
              "Name": "NAT Gateway 2"
            },
            "timeouts": null
          },
          "sensitive_attributes": [],
          "private": "eyJlMmJmYjczMC1lY2FhLTExZTYtOGY4OC0zNDM2M2JjN2M0YzAiOnsiY3JlYXRlIjo2MDAwMDAwMDAwMDAsImRlbGV0ZSI6MTgwMDAwMDAwMDAwMCwidXBkYXRlIjo2MDAwMDAwMDAwMDB9fQ==",
          "dependencies": [
            "module.Nat_Gateway.aws_eip.nat",
            "module.VPC.aws_subnet.public",
            "module.VPC.aws_vpc.main"
          ]
        }
      ]
    },
    {
      "module": "module.Route53",
      "mode": "data",
      "type": "aws_lbs",
      "name": "nginx_arn",
      "provider": "provider[\"registry.terraform.io/hashicorp/aws\"]",
      "instances": [
        {
          "schema_version": 0,
          "attributes": {
            "arns": [],
            "id": "us-east-1",
            "tags": {
              "kubernetes.io/cluster/group15-cluster": "owned",
              "kubernetes.io/service-name": "ingress-nginx/ingress-nginx-controller"
            }
          },
          "sensitive_attributes": []
        }
      ]
    },
    {
      "module": "module.Route53",
      "mode": "data",
      "type": "aws_route53_zone",
      "name": "selected",
      "provider": "provider[\"registry.terraform.io/hashicorp/aws\"]",
      "instances": [
        {
          "schema_version": 0,
          "attributes": {
            "arn": "arn:aws:route53:::hostedzone/Z0406752HSJEKZUFYYB5",
            "caller_reference": "989fd2e0-5b69-4620-aa1d-92722a3d485a",
            "comment": "",
            "id": "Z0406752HSJEKZUFYYB5",
            "linked_service_description": null,
            "linked_service_principal": null,
            "name": "tuilalinh.id.vn",
            "name_servers": [
              "ns-148.awsdns-18.com",
              "ns-1557.awsdns-02.co.uk",
              "ns-958.awsdns-55.net",
              "ns-1514.awsdns-61.org"
            ],
            "primary_name_server": "ns-148.awsdns-18.com",
            "private_zone": false,
            "resource_record_set_count": 3,
            "tags": {},
            "vpc_id": null,
            "zone_id": "Z0406752HSJEKZUFYYB5"
          },
          "sensitive_attributes": []
        }
      ]
    },
    {
      "module": "module.Route_Tables",
      "mode": "managed",
      "type": "aws_route_table",
      "name": "private",
      "provider": "provider[\"registry.terraform.io/hashicorp/aws\"]",
      "instances": [
        {
          "index_key": 0,
          "schema_version": 0,
          "attributes": {
            "arn": "arn:aws:ec2:us-east-1:992382458568:route-table/rtb-0ad9cf479f74aa40f",
            "id": "rtb-0ad9cf479f74aa40f",
            "owner_id": "992382458568",
            "propagating_vgws": [],
            "route": [
              {
                "carrier_gateway_id": "",
                "cidr_block": "0.0.0.0/0",
                "core_network_arn": "",
                "destination_prefix_list_id": "",
                "egress_only_gateway_id": "",
                "gateway_id": "",
                "ipv6_cidr_block": "",
                "local_gateway_id": "",
                "nat_gateway_id": "nat-0ccda6725f844b720",
                "network_interface_id": "",
                "transit_gateway_id": "",
                "vpc_endpoint_id": "",
                "vpc_peering_connection_id": ""
              }
            ],
            "tags": {
              "Name": "Private Route Table 1"
            },
            "tags_all": {
              "Name": "Private Route Table 1"
            },
            "timeouts": null,
            "vpc_id": "vpc-0f47cd6edd82b7234"
          },
          "sensitive_attributes": [],
          "private": "eyJlMmJmYjczMC1lY2FhLTExZTYtOGY4OC0zNDM2M2JjN2M0YzAiOnsiY3JlYXRlIjozMDAwMDAwMDAwMDAsImRlbGV0ZSI6MzAwMDAwMDAwMDAwLCJ1cGRhdGUiOjEyMDAwMDAwMDAwMH19",
          "dependencies": [
            "module.Nat_Gateway.aws_eip.nat",
            "module.Nat_Gateway.aws_nat_gateway.main",
            "module.VPC.aws_subnet.private",
            "module.VPC.aws_subnet.public",
            "module.VPC.aws_vpc.main"
          ]
        },
        {
          "index_key": 1,
          "schema_version": 0,
          "attributes": {
            "arn": "arn:aws:ec2:us-east-1:992382458568:route-table/rtb-01de2b33d86ab10ea",
            "id": "rtb-01de2b33d86ab10ea",
            "owner_id": "992382458568",
            "propagating_vgws": [],
            "route": [
              {
                "carrier_gateway_id": "",
                "cidr_block": "0.0.0.0/0",
                "core_network_arn": "",
                "destination_prefix_list_id": "",
                "egress_only_gateway_id": "",
                "gateway_id": "",
                "ipv6_cidr_block": "",
                "local_gateway_id": "",
                "nat_gateway_id": "nat-02e32c1fc7ef551ec",
                "network_interface_id": "",
                "transit_gateway_id": "",
                "vpc_endpoint_id": "",
                "vpc_peering_connection_id": ""
              }
            ],
            "tags": {
              "Name": "Private Route Table 2"
            },
            "tags_all": {
              "Name": "Private Route Table 2"
            },
            "timeouts": null,
            "vpc_id": "vpc-0f47cd6edd82b7234"
          },
          "sensitive_attributes": [],
          "private": "eyJlMmJmYjczMC1lY2FhLTExZTYtOGY4OC0zNDM2M2JjN2M0YzAiOnsiY3JlYXRlIjozMDAwMDAwMDAwMDAsImRlbGV0ZSI6MzAwMDAwMDAwMDAwLCJ1cGRhdGUiOjEyMDAwMDAwMDAwMH19",
          "dependencies": [
            "module.Nat_Gateway.aws_eip.nat",
            "module.Nat_Gateway.aws_nat_gateway.main",
            "module.VPC.aws_subnet.private",
            "module.VPC.aws_subnet.public",
            "module.VPC.aws_vpc.main"
          ]
        }
      ]
    },
    {
      "module": "module.Route_Tables",
      "mode": "managed",
      "type": "aws_route_table",
      "name": "public",
      "provider": "provider[\"registry.terraform.io/hashicorp/aws\"]",
      "instances": [
        {
          "schema_version": 0,
          "attributes": {
            "arn": "arn:aws:ec2:us-east-1:992382458568:route-table/rtb-0b9126ccb6cb34164",
            "id": "rtb-0b9126ccb6cb34164",
            "owner_id": "992382458568",
            "propagating_vgws": [],
            "route": [
              {
                "carrier_gateway_id": "",
                "cidr_block": "0.0.0.0/0",
                "core_network_arn": "",
                "destination_prefix_list_id": "",
                "egress_only_gateway_id": "",
                "gateway_id": "igw-0723919f83fec2537",
                "ipv6_cidr_block": "",
                "local_gateway_id": "",
                "nat_gateway_id": "",
                "network_interface_id": "",
                "transit_gateway_id": "",
                "vpc_endpoint_id": "",
                "vpc_peering_connection_id": ""
              }
            ],
            "tags": {
              "Name": "Public Route Table"
            },
            "tags_all": {
              "Name": "Public Route Table"
            },
            "timeouts": null,
            "vpc_id": "vpc-0f47cd6edd82b7234"
          },
          "sensitive_attributes": [],
          "private": "eyJlMmJmYjczMC1lY2FhLTExZTYtOGY4OC0zNDM2M2JjN2M0YzAiOnsiY3JlYXRlIjozMDAwMDAwMDAwMDAsImRlbGV0ZSI6MzAwMDAwMDAwMDAwLCJ1cGRhdGUiOjEyMDAwMDAwMDAwMH19",
          "dependencies": [
            "module.VPC.aws_internet_gateway.main",
            "module.VPC.aws_vpc.main"
          ]
        }
      ]
    },
    {
      "module": "module.Route_Tables",
      "mode": "managed",
      "type": "aws_route_table_association",
      "name": "private",
      "provider": "provider[\"registry.terraform.io/hashicorp/aws\"]",
      "instances": [
        {
          "index_key": 0,
          "schema_version": 0,
          "attributes": {
            "gateway_id": "",
            "id": "rtbassoc-0fa8c5185f8a83769",
            "route_table_id": "rtb-0ad9cf479f74aa40f",
            "subnet_id": "subnet-0be7d94240fe6f6cd",
            "timeouts": null
          },
          "sensitive_attributes": [],
          "private": "eyJlMmJmYjczMC1lY2FhLTExZTYtOGY4OC0zNDM2M2JjN2M0YzAiOnsiY3JlYXRlIjozMDAwMDAwMDAwMDAsImRlbGV0ZSI6MzAwMDAwMDAwMDAwLCJ1cGRhdGUiOjEyMDAwMDAwMDAwMH19",
          "dependencies": [
            "module.Nat_Gateway.aws_eip.nat",
            "module.Nat_Gateway.aws_nat_gateway.main",
            "module.Route_Tables.aws_route_table.private",
            "module.VPC.aws_subnet.private",
            "module.VPC.aws_subnet.public",
            "module.VPC.aws_vpc.main"
          ]
        },
        {
          "index_key": 1,
          "schema_version": 0,
          "attributes": {
            "gateway_id": "",
            "id": "rtbassoc-0dc7d5d8f34023803",
            "route_table_id": "rtb-01de2b33d86ab10ea",
            "subnet_id": "subnet-0a467f6c427411e0b",
            "timeouts": null
          },
          "sensitive_attributes": [],
          "private": "eyJlMmJmYjczMC1lY2FhLTExZTYtOGY4OC0zNDM2M2JjN2M0YzAiOnsiY3JlYXRlIjozMDAwMDAwMDAwMDAsImRlbGV0ZSI6MzAwMDAwMDAwMDAwLCJ1cGRhdGUiOjEyMDAwMDAwMDAwMH19",
          "dependencies": [
            "module.Nat_Gateway.aws_eip.nat",
            "module.Nat_Gateway.aws_nat_gateway.main",
            "module.Route_Tables.aws_route_table.private",
            "module.VPC.aws_subnet.private",
            "module.VPC.aws_subnet.public",
            "module.VPC.aws_vpc.main"
          ]
        }
      ]
    },
    {
      "module": "module.Route_Tables",
      "mode": "managed",
      "type": "aws_route_table_association",
      "name": "public",
      "provider": "provider[\"registry.terraform.io/hashicorp/aws\"]",
      "instances": [
        {
          "index_key": 0,
          "schema_version": 0,
          "attributes": {
            "gateway_id": "",
            "id": "rtbassoc-013d3e4d20bd74235",
            "route_table_id": "rtb-0b9126ccb6cb34164",
            "subnet_id": "subnet-06112eaae27d393f5",
            "timeouts": null
          },
          "sensitive_attributes": [],
          "private": "eyJlMmJmYjczMC1lY2FhLTExZTYtOGY4OC0zNDM2M2JjN2M0YzAiOnsiY3JlYXRlIjozMDAwMDAwMDAwMDAsImRlbGV0ZSI6MzAwMDAwMDAwMDAwLCJ1cGRhdGUiOjEyMDAwMDAwMDAwMH19",
          "dependencies": [
            "module.Route_Tables.aws_route_table.public",
            "module.VPC.aws_internet_gateway.main",
            "module.VPC.aws_subnet.public",
            "module.VPC.aws_vpc.main"
          ]
        },
        {
          "index_key": 1,
          "schema_version": 0,
          "attributes": {
            "gateway_id": "",
            "id": "rtbassoc-00f8b4d5f4713b02d",
            "route_table_id": "rtb-0b9126ccb6cb34164",
            "subnet_id": "subnet-0482032ab1d3ec451",
            "timeouts": null
          },
          "sensitive_attributes": [],
          "private": "eyJlMmJmYjczMC1lY2FhLTExZTYtOGY4OC0zNDM2M2JjN2M0YzAiOnsiY3JlYXRlIjozMDAwMDAwMDAwMDAsImRlbGV0ZSI6MzAwMDAwMDAwMDAwLCJ1cGRhdGUiOjEyMDAwMDAwMDAwMH19",
          "dependencies": [
            "module.Route_Tables.aws_route_table.public",
            "module.VPC.aws_internet_gateway.main",
            "module.VPC.aws_subnet.public",
            "module.VPC.aws_vpc.main"
          ]
        }
      ]
    },
    {
      "module": "module.Security_Groups",
      "mode": "managed",
      "type": "aws_security_group",
      "name": "private",
      "provider": "provider[\"registry.terraform.io/hashicorp/aws\"]",
      "instances": [
        {
          "schema_version": 1,
          "attributes": {
            "arn": "arn:aws:ec2:us-east-1:992382458568:security-group/sg-075231ba279a61617",
            "description": "Allow SSH inbound traffic from public instances",
            "egress": [
              {
                "cidr_blocks": [
                  "0.0.0.0/0"
                ],
                "description": "",
                "from_port": 0,
                "ipv6_cidr_blocks": [],
                "prefix_list_ids": [],
                "protocol": "-1",
                "security_groups": [],
                "self": false,
                "to_port": 0
              }
            ],
            "id": "sg-075231ba279a61617",
            "ingress": [
              {
                "cidr_blocks": [],
                "description": "SSH from public instances",
                "from_port": 22,
                "ipv6_cidr_blocks": [],
                "prefix_list_ids": [],
                "protocol": "tcp",
                "security_groups": [
                  "sg-06cb631c2e31d9eee"
                ],
                "self": false,
                "to_port": 22
              }
            ],
            "name": "Private EC2 SG",
            "name_prefix": "",
            "owner_id": "992382458568",
            "revoke_rules_on_delete": false,
            "tags": {
              "Name": "Private EC2 SG"
            },
            "tags_all": {
              "Name": "Private EC2 SG"
            },
            "timeouts": null,
            "vpc_id": "vpc-0f47cd6edd82b7234"
          },
          "sensitive_attributes": [],
          "private": "eyJlMmJmYjczMC1lY2FhLTExZTYtOGY4OC0zNDM2M2JjN2M0YzAiOnsiY3JlYXRlIjo2MDAwMDAwMDAwMDAsImRlbGV0ZSI6OTAwMDAwMDAwMDAwfSwic2NoZW1hX3ZlcnNpb24iOiIxIn0=",
          "dependencies": [
            "module.Security_Groups.aws_security_group.public",
            "module.VPC.aws_vpc.main"
          ]
        }
      ]
    },
    {
      "module": "module.Security_Groups",
      "mode": "managed",
      "type": "aws_security_group",
      "name": "public",
      "provider": "provider[\"registry.terraform.io/hashicorp/aws\"]",
      "instances": [
        {
          "schema_version": 1,
          "attributes": {
            "arn": "arn:aws:ec2:us-east-1:992382458568:security-group/sg-06cb631c2e31d9eee",
            "description": "Allow SSH inbound traffic",
            "egress": [
              {
                "cidr_blocks": [
                  "0.0.0.0/0"
                ],
                "description": "",
                "from_port": 0,
                "ipv6_cidr_blocks": [],
                "prefix_list_ids": [],
                "protocol": "-1",
                "security_groups": [],
                "self": false,
                "to_port": 0
              }
            ],
            "id": "sg-06cb631c2e31d9eee",
            "ingress": [
              {
                "cidr_blocks": [
                  "14.186.212.48/32"
                ],
                "description": "SSH from specific IP",
                "from_port": 22,
                "ipv6_cidr_blocks": [],
                "prefix_list_ids": [],
                "protocol": "tcp",
                "security_groups": [],
                "self": false,
                "to_port": 22
              }
            ],
            "name": "Public EC2 SG",
            "name_prefix": "",
            "owner_id": "992382458568",
            "revoke_rules_on_delete": false,
            "tags": {
              "Name": "Public EC2 SG"
            },
            "tags_all": {
              "Name": "Public EC2 SG"
            },
            "timeouts": null,
            "vpc_id": "vpc-0f47cd6edd82b7234"
          },
          "sensitive_attributes": [],
          "private": "eyJlMmJmYjczMC1lY2FhLTExZTYtOGY4OC0zNDM2M2JjN2M0YzAiOnsiY3JlYXRlIjo2MDAwMDAwMDAwMDAsImRlbGV0ZSI6OTAwMDAwMDAwMDAwfSwic2NoZW1hX3ZlcnNpb24iOiIxIn0=",
          "dependencies": [
            "module.VPC.aws_vpc.main"
          ]
        }
      ]
    },
    {
      "module": "module.VPC",
      "mode": "managed",
      "type": "aws_default_security_group",
      "name": "default",
      "provider": "provider[\"registry.terraform.io/hashicorp/aws\"]",
      "instances": [
        {
          "schema_version": 1,
          "attributes": {
            "arn": "arn:aws:ec2:us-east-1:992382458568:security-group/sg-05d070e8f8fe1f4d8",
            "description": "default VPC security group",
            "egress": [
              {
                "cidr_blocks": [
                  "0.0.0.0/0"
                ],
                "description": "",
                "from_port": 0,
                "ipv6_cidr_blocks": [],
                "prefix_list_ids": [],
                "protocol": "-1",
                "security_groups": [],
                "self": false,
                "to_port": 0
              }
            ],
            "id": "sg-05d070e8f8fe1f4d8",
            "ingress": [
              {
                "cidr_blocks": [],
                "description": "",
                "from_port": 0,
                "ipv6_cidr_blocks": [],
                "prefix_list_ids": [],
                "protocol": "-1",
                "security_groups": [],
                "self": true,
                "to_port": 0
              }
            ],
            "name": "default",
            "name_prefix": "",
            "owner_id": "992382458568",
            "revoke_rules_on_delete": false,
            "tags": {
              "Name": "Default Security Group"
            },
            "tags_all": {
              "Name": "Default Security Group"
            },
            "vpc_id": "vpc-0f47cd6edd82b7234"
          },
          "sensitive_attributes": [],
          "private": "eyJzY2hlbWFfdmVyc2lvbiI6IjEifQ==",
          "dependencies": [
            "module.VPC.aws_vpc.main"
          ]
        }
      ]
    },
    {
      "module": "module.VPC",
      "mode": "managed",
      "type": "aws_internet_gateway",
      "name": "main",
      "provider": "provider[\"registry.terraform.io/hashicorp/aws\"]",
      "instances": [
        {
          "schema_version": 0,
          "attributes": {
            "arn": "arn:aws:ec2:us-east-1:992382458568:internet-gateway/igw-0723919f83fec2537",
            "id": "igw-0723919f83fec2537",
            "owner_id": "992382458568",
            "tags": {
              "Name": "Main IGW"
            },
            "tags_all": {
              "Name": "Main IGW"
            },
            "timeouts": null,
            "vpc_id": "vpc-0f47cd6edd82b7234"
          },
          "sensitive_attributes": [],
          "private": "eyJlMmJmYjczMC1lY2FhLTExZTYtOGY4OC0zNDM2M2JjN2M0YzAiOnsiY3JlYXRlIjoxMjAwMDAwMDAwMDAwLCJkZWxldGUiOjEyMDAwMDAwMDAwMDAsInVwZGF0ZSI6MTIwMDAwMDAwMDAwMH19",
          "dependencies": [
            "module.VPC.aws_vpc.main"
          ]
        }
      ]
    },
    {
      "module": "module.VPC",
      "mode": "managed",
      "type": "aws_subnet",
      "name": "private",
      "provider": "provider[\"registry.terraform.io/hashicorp/aws\"]",
      "instances": [
        {
          "index_key": 0,
          "schema_version": 1,
          "attributes": {
            "arn": "arn:aws:ec2:us-east-1:992382458568:subnet/subnet-0be7d94240fe6f6cd",
            "assign_ipv6_address_on_creation": false,
            "availability_zone": "us-east-1a",
            "availability_zone_id": "use1-az6",
            "cidr_block": "10.0.3.0/24",
            "customer_owned_ipv4_pool": "",
            "enable_dns64": false,
            "enable_lni_at_device_index": 0,
            "enable_resource_name_dns_a_record_on_launch": false,
            "enable_resource_name_dns_aaaa_record_on_launch": false,
            "id": "subnet-0be7d94240fe6f6cd",
            "ipv6_cidr_block": "",
            "ipv6_cidr_block_association_id": "",
            "ipv6_native": false,
            "map_customer_owned_ip_on_launch": false,
            "map_public_ip_on_launch": false,
            "outpost_arn": "",
            "owner_id": "992382458568",
            "private_dns_hostname_type_on_launch": "ip-name",
            "tags": {
              "Name": "Private Subnet 1"
            },
            "tags_all": {
              "Name": "Private Subnet 1"
            },
            "timeouts": null,
            "vpc_id": "vpc-0f47cd6edd82b7234"
          },
          "sensitive_attributes": [],
          "private": "eyJlMmJmYjczMC1lY2FhLTExZTYtOGY4OC0zNDM2M2JjN2M0YzAiOnsiY3JlYXRlIjo2MDAwMDAwMDAwMDAsImRlbGV0ZSI6MTIwMDAwMDAwMDAwMH0sInNjaGVtYV92ZXJzaW9uIjoiMSJ9",
          "dependencies": [
            "module.VPC.aws_vpc.main"
          ]
        },
        {
          "index_key": 1,
          "schema_version": 1,
          "attributes": {
            "arn": "arn:aws:ec2:us-east-1:992382458568:subnet/subnet-0a467f6c427411e0b",
            "assign_ipv6_address_on_creation": false,
            "availability_zone": "us-east-1b",
            "availability_zone_id": "use1-az1",
            "cidr_block": "10.0.4.0/24",
            "customer_owned_ipv4_pool": "",
            "enable_dns64": false,
            "enable_lni_at_device_index": 0,
            "enable_resource_name_dns_a_record_on_launch": false,
            "enable_resource_name_dns_aaaa_record_on_launch": false,
            "id": "subnet-0a467f6c427411e0b",
            "ipv6_cidr_block": "",
            "ipv6_cidr_block_association_id": "",
            "ipv6_native": false,
            "map_customer_owned_ip_on_launch": false,
            "map_public_ip_on_launch": false,
            "outpost_arn": "",
            "owner_id": "992382458568",
            "private_dns_hostname_type_on_launch": "ip-name",
            "tags": {
              "Name": "Private Subnet 2"
            },
            "tags_all": {
              "Name": "Private Subnet 2"
            },
            "timeouts": null,
            "vpc_id": "vpc-0f47cd6edd82b7234"
          },
          "sensitive_attributes": [],
          "private": "eyJlMmJmYjczMC1lY2FhLTExZTYtOGY4OC0zNDM2M2JjN2M0YzAiOnsiY3JlYXRlIjo2MDAwMDAwMDAwMDAsImRlbGV0ZSI6MTIwMDAwMDAwMDAwMH0sInNjaGVtYV92ZXJzaW9uIjoiMSJ9",
          "dependencies": [
            "module.VPC.aws_vpc.main"
          ]
        }
      ]
    },
    {
      "module": "module.VPC",
      "mode": "managed",
      "type": "aws_subnet",
      "name": "public",
      "provider": "provider[\"registry.terraform.io/hashicorp/aws\"]",
      "instances": [
        {
          "index_key": 0,
          "schema_version": 1,
          "attributes": {
            "arn": "arn:aws:ec2:us-east-1:992382458568:subnet/subnet-06112eaae27d393f5",
            "assign_ipv6_address_on_creation": false,
            "availability_zone": "us-east-1a",
            "availability_zone_id": "use1-az6",
            "cidr_block": "10.0.1.0/24",
            "customer_owned_ipv4_pool": "",
            "enable_dns64": false,
            "enable_lni_at_device_index": 0,
            "enable_resource_name_dns_a_record_on_launch": false,
            "enable_resource_name_dns_aaaa_record_on_launch": false,
            "id": "subnet-06112eaae27d393f5",
            "ipv6_cidr_block": "",
            "ipv6_cidr_block_association_id": "",
            "ipv6_native": false,
            "map_customer_owned_ip_on_launch": false,
            "map_public_ip_on_launch": true,
            "outpost_arn": "",
            "owner_id": "992382458568",
            "private_dns_hostname_type_on_launch": "ip-name",
            "tags": {
              "Name": "Public Subnet 1"
            },
            "tags_all": {
              "Name": "Public Subnet 1"
            },
            "timeouts": null,
            "vpc_id": "vpc-0f47cd6edd82b7234"
          },
          "sensitive_attributes": [],
          "private": "eyJlMmJmYjczMC1lY2FhLTExZTYtOGY4OC0zNDM2M2JjN2M0YzAiOnsiY3JlYXRlIjo2MDAwMDAwMDAwMDAsImRlbGV0ZSI6MTIwMDAwMDAwMDAwMH0sInNjaGVtYV92ZXJzaW9uIjoiMSJ9",
          "dependencies": [
            "module.VPC.aws_vpc.main"
          ]
        },
        {
          "index_key": 1,
          "schema_version": 1,
          "attributes": {
            "arn": "arn:aws:ec2:us-east-1:992382458568:subnet/subnet-0482032ab1d3ec451",
            "assign_ipv6_address_on_creation": false,
            "availability_zone": "us-east-1b",
            "availability_zone_id": "use1-az1",
            "cidr_block": "10.0.2.0/24",
            "customer_owned_ipv4_pool": "",
            "enable_dns64": false,
            "enable_lni_at_device_index": 0,
            "enable_resource_name_dns_a_record_on_launch": false,
            "enable_resource_name_dns_aaaa_record_on_launch": false,
            "id": "subnet-0482032ab1d3ec451",
            "ipv6_cidr_block": "",
            "ipv6_cidr_block_association_id": "",
            "ipv6_native": false,
            "map_customer_owned_ip_on_launch": false,
            "map_public_ip_on_launch": true,
            "outpost_arn": "",
            "owner_id": "992382458568",
            "private_dns_hostname_type_on_launch": "ip-name",
            "tags": {
              "Name": "Public Subnet 2"
            },
            "tags_all": {
              "Name": "Public Subnet 2"
            },
            "timeouts": null,
            "vpc_id": "vpc-0f47cd6edd82b7234"
          },
          "sensitive_attributes": [],
          "private": "eyJlMmJmYjczMC1lY2FhLTExZTYtOGY4OC0zNDM2M2JjN2M0YzAiOnsiY3JlYXRlIjo2MDAwMDAwMDAwMDAsImRlbGV0ZSI6MTIwMDAwMDAwMDAwMH0sInNjaGVtYV92ZXJzaW9uIjoiMSJ9",
          "dependencies": [
            "module.VPC.aws_vpc.main"
          ]
        }
      ]
    },
    {
      "module": "module.VPC",
      "mode": "managed",
      "type": "aws_vpc",
      "name": "main",
      "provider": "provider[\"registry.terraform.io/hashicorp/aws\"]",
      "instances": [
        {
          "schema_version": 1,
          "attributes": {
            "arn": "arn:aws:ec2:us-east-1:992382458568:vpc/vpc-0f47cd6edd82b7234",
            "assign_generated_ipv6_cidr_block": false,
            "cidr_block": "10.0.0.0/16",
            "default_network_acl_id": "acl-0ad2cb2f62c1063bd",
            "default_route_table_id": "rtb-03f9f60fc6bb30b31",
            "default_security_group_id": "sg-05d070e8f8fe1f4d8",
            "dhcp_options_id": "dopt-0e5574fffe4d29bac",
            "enable_dns_hostnames": true,
            "enable_dns_support": true,
            "enable_network_address_usage_metrics": false,
            "id": "vpc-0f47cd6edd82b7234",
            "instance_tenancy": "default",
            "ipv4_ipam_pool_id": null,
            "ipv4_netmask_length": null,
            "ipv6_association_id": "",
            "ipv6_cidr_block": "",
            "ipv6_cidr_block_network_border_group": "",
            "ipv6_ipam_pool_id": "",
            "ipv6_netmask_length": 0,
            "main_route_table_id": "rtb-03f9f60fc6bb30b31",
            "owner_id": "992382458568",
            "tags": {
              "Name": "Main VPC"
            },
            "tags_all": {
              "Name": "Main VPC"
            }
          },
          "sensitive_attributes": [],
          "private": "eyJzY2hlbWFfdmVyc2lvbiI6IjEifQ=="
        }
      ]
    },
    {
      "module": "module.eks",
      "mode": "data",
      "type": "aws_eks_cluster_auth",
      "name": "group15",
      "provider": "provider[\"registry.terraform.io/hashicorp/aws\"]",
      "instances": [
        {
          "schema_version": 0,
          "attributes": {
            "id": "group15-cluster",
            "name": "group15-cluster",
            "token": "k8s-aws-v1.aHR0cHM6Ly9zdHMudXMtZWFzdC0xLmFtYXpvbmF3cy5jb20vP0FjdGlvbj1HZXRDYWxsZXJJZGVudGl0eSZWZXJzaW9uPTIwMTEtMDYtMTUmWC1BbXotQWxnb3JpdGhtPUFXUzQtSE1BQy1TSEEyNTYmWC1BbXotQ3JlZGVudGlhbD1BS0lBNk9EVTJUTEVFTUVFS1NVViUyRjIwMjQxMjAxJTJGdXMtZWFzdC0xJTJGc3RzJTJGYXdzNF9yZXF1ZXN0JlgtQW16LURhdGU9MjAyNDEyMDFUMDgxMTA2WiZYLUFtei1FeHBpcmVzPTAmWC1BbXotU2lnbmVkSGVhZGVycz1ob3N0JTNCeC1rOHMtYXdzLWlkJlgtQW16LVNpZ25hdHVyZT05OTVmYzRkNDNkYTBjYTAwMTMzMWQxYjJhNDYwNzRiNGZlM2RiNGQ5NWM1NWY1YTczY2UwYjBjOWEwOWExZTFl"
          },
          "sensitive_attributes": [
            [
              {
                "type": "get_attr",
                "value": "token"
              }
            ]
          ]
        }
      ]
    },
    {
      "module": "module.eks",
      "mode": "data",
      "type": "aws_iam_policy_document",
      "name": "assume_role_policy",
      "provider": "provider[\"registry.terraform.io/hashicorp/aws\"]",
      "instances": [
        {
          "schema_version": 0,
          "attributes": {
            "id": "78769287",
            "json": "{\n  \"Version\": \"2012-10-17\",\n  \"Statement\": [\n    {\n      \"Effect\": \"Allow\",\n      \"Action\": \"sts:AssumeRoleWithWebIdentity\",\n      \"Principal\": {\n        \"Federated\": \"arn:aws:iam::992382458568:oidc-provider/oidc.eks.us-east-1.amazonaws.com/id/DF028A54C5BB3564B1E050B8A585020D\"\n      },\n      \"Condition\": {\n        \"StringEquals\": {\n          \"oidc.eks.us-east-1.amazonaws.com/id/DF028A54C5BB3564B1E050B8A585020D:sub\": \"system:serviceaccount:kube-system:aws-node\"\n        }\n      }\n    }\n  ]\n}",
            "minified_json": "{\"Version\":\"2012-10-17\",\"Statement\":[{\"Effect\":\"Allow\",\"Action\":\"sts:AssumeRoleWithWebIdentity\",\"Principal\":{\"Federated\":\"arn:aws:iam::992382458568:oidc-provider/oidc.eks.us-east-1.amazonaws.com/id/DF028A54C5BB3564B1E050B8A585020D\"},\"Condition\":{\"StringEquals\":{\"oidc.eks.us-east-1.amazonaws.com/id/DF028A54C5BB3564B1E050B8A585020D:sub\":\"system:serviceaccount:kube-system:aws-node\"}}}]}",
            "override_json": null,
            "override_policy_documents": null,
            "policy_id": null,
            "source_json": null,
            "source_policy_documents": null,
            "statement": [
              {
                "actions": [
                  "sts:AssumeRoleWithWebIdentity"
                ],
                "condition": [
                  {
                    "test": "StringEquals",
                    "values": [
                      "system:serviceaccount:kube-system:aws-node"
                    ],
                    "variable": "oidc.eks.us-east-1.amazonaws.com/id/DF028A54C5BB3564B1E050B8A585020D:sub"
                  }
                ],
                "effect": "Allow",
                "not_actions": [],
                "not_principals": [],
                "not_resources": [],
                "principals": [
                  {
                    "identifiers": [
                      "arn:aws:iam::992382458568:oidc-provider/oidc.eks.us-east-1.amazonaws.com/id/DF028A54C5BB3564B1E050B8A585020D"
                    ],
                    "type": "Federated"
                  }
                ],
                "resources": [],
                "sid": ""
              }
            ],
            "version": "2012-10-17"
          },
          "sensitive_attributes": []
        }
      ]
    },
    {
      "module": "module.eks",
      "mode": "data",
      "type": "tls_certificate",
      "name": "tls",
      "provider": "provider[\"registry.terraform.io/hashicorp/tls\"]",
      "instances": [
        {
          "schema_version": 0,
          "attributes": {
            "certificates": [
              {
                "cert_pem": "-----BEGIN CERTIFICATE-----\nMIIEdTCCA12gAwIBAgIJAKcOSkw0grd/MA0GCSqGSIb3DQEBCwUAMGgxCzAJBgNV\nBAYTAlVTMSUwIwYDVQQKExxTdGFyZmllbGQgVGVjaG5vbG9naWVzLCBJbmMuMTIw\nMAYDVQQLEylTdGFyZmllbGQgQ2xhc3MgMiBDZXJ0aWZpY2F0aW9uIEF1dGhvcml0\neTAeFw0wOTA5MDIwMDAwMDBaFw0zNDA2MjgxNzM5MTZaMIGYMQswCQYDVQQGEwJV\nUzEQMA4GA1UECBMHQXJpem9uYTETMBEGA1UEBxMKU2NvdHRzZGFsZTElMCMGA1UE\nChMcU3RhcmZpZWxkIFRlY2hub2xvZ2llcywgSW5jLjE7MDkGA1UEAxMyU3RhcmZp\nZWxkIFNlcnZpY2VzIFJvb3QgQ2VydGlmaWNhdGUgQXV0aG9yaXR5IC0gRzIwggEi\nMA0GCSqGSIb3DQEBAQUAA4IBDwAwggEKAoIBAQDVDDrEKvlO4vW+GZdfjohTsR8/\ny8+fIBNtKTrID30892t2OGPZNmCom15cAICyL1l/9of5JUOG52kbUpqQ4XHj2C0N\nTm/2yEnZtvMaVq4rtnQU68/7JuMauh2WLmo7WJSJR1b/JaCTcFOD2oR0FMNnngRo\nOt+OQFodSk7PQ5E751bWAHDLUu57fa4657wx+UX2wmDPE1kCK4DMNEffud6QZW0C\nzyyRpqbn3oUYSXxmTqM6bam17jQuug0DuDPfR+uxa40l2ZvOgdFFRjKWcIfeAg5J\nQ4W2bHO7ZOphQazJ1FTfhy/HIrImzJ9ZVGif/L4qL8RVHHVAYBeFAlU5i38FAgMB\nAAGjgfAwge0wDwYDVR0TAQH/BAUwAwEB/zAOBgNVHQ8BAf8EBAMCAYYwHQYDVR0O\nBBYEFJxfAN+qAdcwKziIorhtSpzyEZGDMB8GA1UdIwQYMBaAFL9ft9HO3R+G9FtV\nrNzXEMIOqYjnME8GCCsGAQUFBwEBBEMwQTAcBggrBgEFBQcwAYYQaHR0cDovL28u\nc3MyLnVzLzAhBggrBgEFBQcwAoYVaHR0cDovL3guc3MyLnVzL3guY2VyMCYGA1Ud\nHwQfMB0wG6AZoBeGFWh0dHA6Ly9zLnNzMi51cy9yLmNybDARBgNVHSAECjAIMAYG\nBFUdIAAwDQYJKoZIhvcNAQELBQADggEBACMd44pXyn3pF3lM8R5V/cxTbj5HD9/G\nVfKyBDbtgB9TxF00KGu+x1X8Z+rLP3+QsjPNG1gQggL4+C/1E2DUBc7xgQjB3ad1\nl08YuW3e95ORCLp+QCztweq7dp4zBncdDQh/U90bZKuCJ/Fp1U1ervShw3WnWEQt\n8jxwmKy6abaVd38PMV4s/KCHOkdp8Hlf9BRUpJVeEXgSYCfOn8J3/yNTd126/+pZ\n59vPr5KW7ySaNRB6nJHGDn2Z9j8Z3/VyVOEVqQdZe4O/Ui5GjLIAZHYcSNPYeehu\nVsyuLAOQ1xk4meTKCRlb/weWsKh/NEnfVqn3sF/tM+2MR7cwA130A4w=\n-----END CERTIFICATE-----\n",
                "is_ca": true,
                "issuer": "OU=Starfield Class 2 Certification Authority,O=Starfield Technologies\\, Inc.,C=US",
                "not_after": "2034-06-28T17:39:16Z",
                "not_before": "2009-09-02T00:00:00Z",
                "public_key_algorithm": "RSA",
                "serial_number": "12037640545166866303",
                "sha1_fingerprint": "9e99a48a9960b14926bb7f3b02e22da2b0ab7280",
                "signature_algorithm": "SHA256-RSA",
                "subject": "CN=Starfield Services Root Certificate Authority - G2,O=Starfield Technologies\\, Inc.,L=Scottsdale,ST=Arizona,C=US",
                "version": 3
              },
              {
                "cert_pem": "-----BEGIN CERTIFICATE-----\nMIIEkjCCA3qgAwIBAgITBn+USionzfP6wq4rAfkI7rnExjANBgkqhkiG9w0BAQsF\nADCBmDELMAkGA1UEBhMCVVMxEDAOBgNVBAgTB0FyaXpvbmExEzARBgNVBAcTClNj\nb3R0c2RhbGUxJTAjBgNVBAoTHFN0YXJmaWVsZCBUZWNobm9sb2dpZXMsIEluYy4x\nOzA5BgNVBAMTMlN0YXJmaWVsZCBTZXJ2aWNlcyBSb290IENlcnRpZmljYXRlIEF1\ndGhvcml0eSAtIEcyMB4XDTE1MDUyNTEyMDAwMFoXDTM3MTIzMTAxMDAwMFowOTEL\nMAkGA1UEBhMCVVMxDzANBgNVBAoTBkFtYXpvbjEZMBcGA1UEAxMQQW1hem9uIFJv\nb3QgQ0EgMTCCASIwDQYJKoZIhvcNAQEBBQADggEPADCCAQoCggEBALJ4gHHKeNXj\nca9HgFB0fW7Y14h29Jlo91ghYPl0hAEvrAIthtOgQ3pOsqTQNroBvo3bSMgHFzZM\n9O6II8c+6zf1tRn4SWiw3te5djgdYZ6k/oI2peVKVuRF4fn9tBb6dNqcmzU5L/qw\nIFAGbHrQgLKm+a/sRxmPUDgH3KKHOVj4utWp+UhnMJbulHheb4mjUcAwhmahRWa6\nVOujw5H5SNz/0egwLX0tdHA114gk957EWW67c4cX8jJGKLhD+rcdqsq08p8kDi1L\n93FcXmn/6pUCyziKrlA4b9v7LWIbxcceVOF34GfID5yHI9Y/QCB/IIDEgEw+OyQm\njgSubJrIqg0CAwEAAaOCATEwggEtMA8GA1UdEwEB/wQFMAMBAf8wDgYDVR0PAQH/\nBAQDAgGGMB0GA1UdDgQWBBSEGMyFNOy8DJSULghZnMeyEE4KCDAfBgNVHSMEGDAW\ngBScXwDfqgHXMCs4iKK4bUqc8hGRgzB4BggrBgEFBQcBAQRsMGowLgYIKwYBBQUH\nMAGGImh0dHA6Ly9vY3NwLnJvb3RnMi5hbWF6b250cnVzdC5jb20wOAYIKwYBBQUH\nMAKGLGh0dHA6Ly9jcnQucm9vdGcyLmFtYXpvbnRydXN0LmNvbS9yb290ZzIuY2Vy\nMD0GA1UdHwQ2MDQwMqAwoC6GLGh0dHA6Ly9jcmwucm9vdGcyLmFtYXpvbnRydXN0\nLmNvbS9yb290ZzIuY3JsMBEGA1UdIAQKMAgwBgYEVR0gADANBgkqhkiG9w0BAQsF\nAAOCAQEAYjdCXLwQtT6LLOkMm2xF4gcAevnFWAu5CIw+7bMlPLVvUOTNNWqnkzSW\nMiGpSESrnO09tKpzbeR/FoCJbM8oAxiDR3mjEH4wW6w7sGDgd9QIpuEdfF7Au/ma\neyKdpwAJfqxGF4PcnCZXmTA5YpaP7dreqsXMGz7KQ2hsVxa81Q4gLv7/wmpdLqBK\nbRRYh5TmOTFffHPLkIhqhBGWJ6bt2YFGpn6jcgAKUj6DiAdjd4lpFw85hdKrCEVN\n0FE6/V1dN2RMfjCyVSRCnTawXZwXgWHxyvkQAiSr6w10kY17RSlQOYiypok1JR4U\nakcjMS9cmvqtmg5iUaQqqcT5NJ0hGA==\n-----END CERTIFICATE-----\n",
                "is_ca": true,
                "issuer": "CN=Starfield Services Root Certificate Authority - G2,O=Starfield Technologies\\, Inc.,L=Scottsdale,ST=Arizona,C=US",
                "not_after": "2037-12-31T01:00:00Z",
                "not_before": "2015-05-25T12:00:00Z",
                "public_key_algorithm": "RSA",
                "serial_number": "144918191876577076464031512351042010504348870",
                "sha1_fingerprint": "06b25927c42a721631c1efd9431e648fa62e1e39",
                "signature_algorithm": "SHA256-RSA",
                "subject": "CN=Amazon Root CA 1,O=Amazon,C=US",
                "version": 3
              },
              {
                "cert_pem": "-----BEGIN CERTIFICATE-----\nMIIEXjCCA0agAwIBAgITB3MSSkvL1E7HtTvq8ZSELToPoTANBgkqhkiG9w0BAQsF\nADA5MQswCQYDVQQGEwJVUzEPMA0GA1UEChMGQW1hem9uMRkwFwYDVQQDExBBbWF6\nb24gUm9vdCBDQSAxMB4XDTIyMDgyMzIyMjUzMFoXDTMwMDgyMzIyMjUzMFowPDEL\nMAkGA1UEBhMCVVMxDzANBgNVBAoTBkFtYXpvbjEcMBoGA1UEAxMTQW1hem9uIFJT\nQSAyMDQ4IE0wMjCCASIwDQYJKoZIhvcNAQEBBQADggEPADCCAQoCggEBALtDGMZa\nqHneKei1by6+pUPPLljTB143Si6VpEWPc6mSkFhZb/6qrkZyoHlQLbDYnI2D7hD0\nsdzEqfnuAjIsuXQLG3A8TvX6V3oFNBFVe8NlLJHvBseKY88saLwufxkZVwk74g4n\nWlNMXzla9Y5F3wwRHwMVH443xGz6UtGSZSqQ94eFx5X7Tlqt8whi8qCaKdZ5rNak\n+r9nUThOeClqFd4oXych//Rc7Y0eX1KNWHYSI1Nk31mYgiK3JvH063g+K9tHA63Z\neTgKgndlh+WI+zv7i44HepRZjA1FYwYZ9Vv/9UkC5Yz8/yU65fgjaE+wVHM4e/Yy\nC2osrPWE7gJ+dXMCAwEAAaOCAVowggFWMBIGA1UdEwEB/wQIMAYBAf8CAQAwDgYD\nVR0PAQH/BAQDAgGGMB0GA1UdJQQWMBQGCCsGAQUFBwMBBggrBgEFBQcDAjAdBgNV\nHQ4EFgQUwDFSzVpQw4J8dHHOy+mc+XrrguIwHwYDVR0jBBgwFoAUhBjMhTTsvAyU\nlC4IWZzHshBOCggwewYIKwYBBQUHAQEEbzBtMC8GCCsGAQUFBzABhiNodHRwOi8v\nb2NzcC5yb290Y2ExLmFtYXpvbnRydXN0LmNvbTA6BggrBgEFBQcwAoYuaHR0cDov\nL2NydC5yb290Y2ExLmFtYXpvbnRydXN0LmNvbS9yb290Y2ExLmNlcjA/BgNVHR8E\nODA2MDSgMqAwhi5odHRwOi8vY3JsLnJvb3RjYTEuYW1hem9udHJ1c3QuY29tL3Jv\nb3RjYTEuY3JsMBMGA1UdIAQMMAowCAYGZ4EMAQIBMA0GCSqGSIb3DQEBCwUAA4IB\nAQAtTi6Fs0Azfi+iwm7jrz+CSxHH+uHl7Law3MQSXVtR8RV53PtR6r/6gNpqlzdo\nZq4FKbADi1v9Bun8RY8D51uedRfjsbeodizeBB8nXmeyD33Ep7VATj4ozcd31YFV\nfgRhvTSxNrrTlNpWkUk0m3BMPv8sg381HhA6uEYokE5q9uws/3YkKqRiEz3TsaWm\nJqIRZhMbgAfp7O7FUwFIb7UIspogZSKxPIWJpxiPo3TcBambbVtQOcNRWz5qCQdD\nslI2yayq0n2TXoHyNCLEH8rpsJRVILFsg0jc7BaFrMnF462+ajSehgj12IidNeRN\n4zl+EoNaWdpnWndvSpAEkq2P\n-----END CERTIFICATE-----\n",
                "is_ca": true,
                "issuer": "CN=Amazon Root CA 1,O=Amazon,C=US",
                "not_after": "2030-08-23T22:25:30Z",
                "not_before": "2022-08-23T22:25:30Z",
                "public_key_algorithm": "RSA",
                "serial_number": "166129353110899469622597955040406457904926625",
                "sha1_fingerprint": "414a2060b738c635cc7fc243e052615592830c53",
                "signature_algorithm": "SHA256-RSA",
                "subject": "CN=Amazon RSA 2048 M02,O=Amazon,C=US",
                "version": 3
              },
              {
                "cert_pem": "-----BEGIN CERTIFICATE-----\nMIIF5TCCBM2gAwIBAgIQCJL9XGbawpZ6IsGGvDqdyDANBgkqhkiG9w0BAQsFADA8\nMQswCQYDVQQGEwJVUzEPMA0GA1UEChMGQW1hem9uMRwwGgYDVQQDExNBbWF6b24g\nUlNBIDIwNDggTTAyMB4XDTI0MDMyODAwMDAwMFoXDTI1MDQyNjIzNTk1OVowKDEm\nMCQGA1UEAwwdKi5la3MudXMtZWFzdC0xLmFtYXpvbmF3cy5jb20wggEiMA0GCSqG\nSIb3DQEBAQUAA4IBDwAwggEKAoIBAQC4iVpgxjgOmMKdC2tYTHa9yzuuLdYCjpC6\nxN1VgI71uTiSxUGf6R3N/Rdk5vjz2COu3fsVgMh6cCpqrPlxU/5uP0/DFfQGdVxB\nbZ4vYRC9jIbgyKmwqOEJMD/9B3iGHz3KpBpnXDcuulqWsCtuuqxjnMLL4h1UdOeA\nPNwhOyQxKMHl+LfrCZeCuehKch+XM/8lhdKgYyLp8o1Nm7IsNG1aN6iNoZ6rxEyU\nVw6fV+pZDaIrxkYf7unQrAfUWR122pXGzWRtv5VGZLjrci8ev4ZpgGViIzb2LOqT\nFm8gde6aURlAm4uMDFzmZ/iOqEV+52vO9Z0E6Yo5M3dJZqQo7uUpAgMBAAGjggL1\nMIIC8TAfBgNVHSMEGDAWgBTAMVLNWlDDgnx0cc7L6Zz5euuC4jAdBgNVHQ4EFgQU\nhG1ZDKa76htLZVXP+E3P3GnYHjEwKAYDVR0RBCEwH4IdKi5la3MudXMtZWFzdC0x\nLmFtYXpvbmF3cy5jb20wEwYDVR0gBAwwCjAIBgZngQwBAgEwDgYDVR0PAQH/BAQD\nAgWgMB0GA1UdJQQWMBQGCCsGAQUFBwMBBggrBgEFBQcDAjA7BgNVHR8ENDAyMDCg\nLqAshipodHRwOi8vY3JsLnIybTAyLmFtYXpvbnRydXN0LmNvbS9yMm0wMi5jcmww\ndQYIKwYBBQUHAQEEaTBnMC0GCCsGAQUFBzABhiFodHRwOi8vb2NzcC5yMm0wMi5h\nbWF6b250cnVzdC5jb20wNgYIKwYBBQUHMAKGKmh0dHA6Ly9jcnQucjJtMDIuYW1h\nem9udHJ1c3QuY29tL3IybTAyLmNlcjAMBgNVHRMBAf8EAjAAMIIBfQYKKwYBBAHW\neQIEAgSCAW0EggFpAWcAdgDPEVbu1S58r/OHW9lpLpvpGnFnSrAX7KwB0lt3zsw7\nCAAAAY6HAoTcAAAEAwBHMEUCIHI392+k5Ds777nM4CwNr+xjjCr49CQ/vHIJDZJX\nokM7AiEA++VPDyyMLijPy0GR8ZBIvAcrYbjfJXTF3GkizeJLVJIAdgB9WR4S4Xgq\nexxhZ3xe/fjQh1wUoE6VnrkDL9kOjC55uAAAAY6HAoTeAAAEAwBHMEUCICBkhMaf\n9gdR3bCbLxXFbHNEXUh7t3P/SxaUKDcE6UmIAiEA25zZ9aBt/mrhDcMc155V8qnw\nadTEqttLdP4XMEmMsPAAdQDm0jFjQHeMwRBBBtdxuc7B0kD2loSG+7qHMh39HjeO\nUAAAAY6HAoTxAAAEAwBGMEQCIFFF4kpqcNgHFzRi2cnL4HbNApZlnlc+Re9IyYXi\nCldqAiBkZUgs12iu2uWGU97VUAICt2+zZkhjUV3i+O3kYh1yrTANBgkqhkiG9w0B\nAQsFAAOCAQEAWY5OxR7rWtYFS09xAYYIHlBF7wdUxQH60zi/IqAHZIRCFI1xHdsJ\n0BUv30lLyiGtVr4DheBo81/IErBRpXmSkdoDJA+5d/Jz3EFtbrVogjESALAgBfSG\nuJX0QLshjyTl9O2r00qkxIhbKmSPSl9JQVxqt2jTaB6pD3SjWX6U+l397Ns1L6pI\nb1418oVo7LeHwEeEx6APMIyjzlfcXdCHA6lVKeiNF8SH+QW+h6ZOpGXJIU6llBjg\nWAhscqrGRj1APpuKWGVkVCweAjIOcEuWV8Fqmfp1h9jmeUkG6SoBifrl41PvhK0o\nqQ3LlAF6Op6n7JLa2rlXkf6LienZDVlSuQ==\n-----END CERTIFICATE-----\n",
                "is_ca": false,
                "issuer": "CN=Amazon RSA 2048 M02,O=Amazon,C=US",
                "not_after": "2025-04-26T23:59:59Z",
                "not_before": "2024-03-28T00:00:00Z",
                "public_key_algorithm": "RSA",
                "serial_number": "11397038078078022747295509550808604104",
                "sha1_fingerprint": "9451ad2b53c7f41fab22886cc07d482085336561",
                "signature_algorithm": "SHA256-RSA",
                "subject": "CN=*.eks.us-east-1.amazonaws.com",
                "version": 3
              }
            ],
            "content": null,
            "id": "99d41e43229a4cdaf4141f3e8310e6d95c31dab9",
            "url": "https://oidc.eks.us-east-1.amazonaws.com/id/DF028A54C5BB3564B1E050B8A585020D",
            "verify_chain": true
          },
          "sensitive_attributes": []
        }
      ]
    },
    {
      "module": "module.eks",
      "mode": "managed",
      "type": "aws_eks_cluster",
      "name": "this",
      "provider": "provider[\"registry.terraform.io/hashicorp/aws\"]",
      "instances": [
        {
          "schema_version": 1,
          "attributes": {
            "access_config": [
              {
                "authentication_mode": "API_AND_CONFIG_MAP",
                "bootstrap_cluster_creator_admin_permissions": true
              }
            ],
            "arn": "arn:aws:eks:us-east-1:992382458568:cluster/group15-cluster",
            "bootstrap_self_managed_addons": true,
            "certificate_authority": [
              {
                "data": "LS0tLS1CRUdJTiBDRVJUSUZJQ0FURS0tLS0tCk1JSURCVENDQWUyZ0F3SUJBZ0lJYkR0MVljR3VCSkl3RFFZSktvWklodmNOQVFFTEJRQXdGVEVUTUJFR0ExVUUKQXhNS2EzVmlaWEp1WlhSbGN6QWVGdzB5TkRFeU1ERXdPREF3TURCYUZ3MHpOREV4TWprd09EQTFNREJhTUJVeApFekFSQmdOVkJBTVRDbXQxWW1WeWJtVjBaWE13Z2dFaU1BMEdDU3FHU0liM0RRRUJBUVVBQTRJQkR3QXdnZ0VLCkFvSUJBUURFTExoZzlHVTZNMWlvdHpPcDlWR3ZEWG05Z1VUR05xYVZHNmdUUjlBWEpvUDR0VHFmeG1RalpZdm8Kd1FsTkxGVGdZYmtqcXJuQVpjMnlpS2Zqd2ZOcTBjTmY0TTBXT3FRZGNZMVJFbHZQVU41QzhaS25VWE5zTUo2awovU2ZjWWozcVFqbDhoYjVzYWhxelRlTzFHZ2grL05sWncyNGM3NG9wdzI2OGlvMmJMQi83dEJyTWErbnhrZ0hrCmF1ZllQWXZHZ1VMTWk5RjZUYURwYXFnRDZMemcwaklpMjBoaGs4MGNoRlFhNnc3YnV6WG1DWkdKZGpkQWlFWmIKNndCTXVhU3Rhd2Jsdkc1dTZTMTl4SEVYVzIwNnVOS2tJV2VCNHIzOTEyQ0JrbTg2eHdkMWJkeFRxSm5kcWRjNQpINmwzUTVhQzJzMlhoYTV2TzRZWStDRDVvclNoQWdNQkFBR2pXVEJYTUE0R0ExVWREd0VCL3dRRUF3SUNwREFQCkJnTlZIUk1CQWY4RUJUQURBUUgvTUIwR0ExVWREZ1FXQkJTbys1ckw4NnBMaXNFVWc0a3c1MzF1WEJUU3FEQVYKQmdOVkhSRUVEakFNZ2dwcmRXSmxjbTVsZEdWek1BMEdDU3FHU0liM0RRRUJDd1VBQTRJQkFRQVpnejZpUmgveQpmZGZ5UnVsaUpLY2N1cjVMSGJFYTE1SllNa0dNYkl6bWZpbzAwd21vSmJjbjdwczZvNjJGMkFzM2YrV3lZY1R6Cm8vTXBpS0JFOUk4VWxVR1VUUytzQ2ZDTjhYZzVhWnluZnVsVFBCbVpyZzkxd2E3N3pwaTQ2c2tTWUE4U2JIeFYKZ0FEcCtEM0IrK0d1a2F5Q1EvU0xnUEdwMFlFT2hnK1RLdDBETnBXRkNXbkdHM3NiZ1dNNlVBT1Y0L2ZRMkNnMwo2LzI4SGZQanI5ejlDVWQ3TjhTN210ckIrU2Jqc1VjblFaSFRnT2xud1pCb1RGWUhKb05HS1JzL0RsYWcxZG1aCjdQVG84aGk5MjEwbFIzNlQ2eWtXVVlWOHBYeUNQVGFFZU1pak8vYWJMSUNQWUpuMiswSHN2d05UM28rdkhDOFAKWFNldU85a3E1N3hZCi0tLS0tRU5EIENFUlRJRklDQVRFLS0tLS0K"
              }
            ],
            "cluster_id": null,
            "created_at": "2024-12-01T07:59:54Z",
            "enabled_cluster_log_types": null,
            "encryption_config": [],
            "endpoint": "https://DF028A54C5BB3564B1E050B8A585020D.gr7.us-east-1.eks.amazonaws.com",
            "id": "group15-cluster",
            "identity": [
              {
                "oidc": [
                  {
                    "issuer": "https://oidc.eks.us-east-1.amazonaws.com/id/DF028A54C5BB3564B1E050B8A585020D"
                  }
                ]
              }
            ],
            "kubernetes_network_config": [
              {
                "ip_family": "ipv4",
                "service_ipv4_cidr": "172.20.0.0/16",
                "service_ipv6_cidr": ""
              }
            ],
            "name": "group15-cluster",
            "outpost_config": [],
            "platform_version": "eks.12",
            "role_arn": "arn:aws:iam::992382458568:role/group15-eks-cluster-role",
            "status": "ACTIVE",
            "tags": null,
            "tags_all": {},
            "timeouts": null,
            "upgrade_policy": [
              {
                "support_type": "EXTENDED"
              }
            ],
            "version": "1.31",
            "vpc_config": [
              {
                "cluster_security_group_id": "sg-0b78502ea42086988",
                "endpoint_private_access": true,
                "endpoint_public_access": true,
                "public_access_cidrs": [
                  "0.0.0.0/0"
                ],
                "security_group_ids": null,
                "subnet_ids": [
                  "subnet-0482032ab1d3ec451",
                  "subnet-06112eaae27d393f5",
                  "subnet-0a467f6c427411e0b",
                  "subnet-0be7d94240fe6f6cd"
                ],
                "vpc_id": "vpc-0f47cd6edd82b7234"
              }
            ],
            "zonal_shift_config": []
          },
          "sensitive_attributes": [],
          "private": "eyJlMmJmYjczMC1lY2FhLTExZTYtOGY4OC0zNDM2M2JjN2M0YzAiOnsiY3JlYXRlIjoxODAwMDAwMDAwMDAwLCJkZWxldGUiOjkwMDAwMDAwMDAwMCwidXBkYXRlIjozNjAwMDAwMDAwMDAwfSwic2NoZW1hX3ZlcnNpb24iOiIxIn0=",
          "dependencies": [
            "module.VPC.aws_default_security_group.default",
            "module.VPC.aws_internet_gateway.main",
            "module.VPC.aws_subnet.private",
            "module.VPC.aws_subnet.public",
            "module.VPC.aws_vpc.main",
            "module.iam.aws_iam_role.eks_cluster_role",
            "module.iam.aws_iam_role.eks_worker_node_role",
            "module.iam.aws_iam_role_policy_attachment.eks_cluster_role-AmazonEKSClusterPolicy",
            "module.iam.aws_iam_role_policy_attachment.eks_worker_node_role-AmazonEC2ContainerRegistryReadOnly",
            "module.iam.aws_iam_role_policy_attachment.eks_worker_node_role-AmazonEKSWorkerNodePolicy",
            "module.iam.aws_iam_role_policy_attachment.eks_worker_node_role-AmazonEKS_CNI_Policy",
            "module.iam.data.aws_iam_policy_document.assume_role"
          ]
        }
      ]
    },
    {
      "module": "module.eks",
      "mode": "managed",
      "type": "aws_eks_node_group",
      "name": "public",
      "provider": "provider[\"registry.terraform.io/hashicorp/aws\"]",
      "instances": [
        {
          "schema_version": 0,
          "attributes": {
            "ami_type": "AL2023_x86_64_STANDARD",
            "arn": "arn:aws:eks:us-east-1:992382458568:nodegroup/group15-cluster/group15-public-node-group/24c9c0a2-fb99-48fe-a4fd-6b176101d845",
            "capacity_type": "ON_DEMAND",
            "cluster_name": "group15-cluster",
            "disk_size": 20,
            "force_update_version": null,
            "id": "group15-cluster:group15-public-node-group",
            "instance_types": [
              "t3.medium"
            ],
            "labels": null,
            "launch_template": [],
            "node_group_name": "group15-public-node-group",
            "node_group_name_prefix": "",
            "node_role_arn": "arn:aws:iam::992382458568:role/group15-worker-node-role",
            "release_version": "1.31.2-20241121",
            "remote_access": [
              {
                "ec2_ssh_key": "lxlso1",
                "source_security_group_ids": null
              }
            ],
            "resources": [
              {
                "autoscaling_groups": [
                  {
                    "name": "eks-group15-public-node-group-24c9c0a2-fb99-48fe-a4fd-6b176101d845"
                  }
                ],
                "remote_access_security_group_id": "sg-0b91edc6f21820e35"
              }
            ],
            "scaling_config": [
              {
                "desired_size": 1,
                "max_size": 3,
                "min_size": 1
              }
            ],
            "status": "ACTIVE",
            "subnet_ids": [
              "subnet-0482032ab1d3ec451",
              "subnet-06112eaae27d393f5"
            ],
            "tags": null,
            "tags_all": {},
            "taint": [],
            "timeouts": null,
            "update_config": [
              {
                "max_unavailable": 1,
                "max_unavailable_percentage": 0
              }
            ],
            "version": "1.31"
          },
          "sensitive_attributes": [],
          "private": "eyJlMmJmYjczMC1lY2FhLTExZTYtOGY4OC0zNDM2M2JjN2M0YzAiOnsiY3JlYXRlIjozNjAwMDAwMDAwMDAwLCJkZWxldGUiOjM2MDAwMDAwMDAwMDAsInVwZGF0ZSI6MzYwMDAwMDAwMDAwMH19",
          "dependencies": [
            "module.VPC.aws_default_security_group.default",
            "module.VPC.aws_internet_gateway.main",
            "module.VPC.aws_subnet.private",
            "module.VPC.aws_subnet.public",
            "module.VPC.aws_vpc.main",
            "module.eks.aws_eks_cluster.this",
            "module.iam.aws_iam_role.eks_cluster_role",
            "module.iam.aws_iam_role.eks_worker_node_role",
            "module.iam.aws_iam_role_policy_attachment.eks_cluster_role-AmazonEKSClusterPolicy",
            "module.iam.aws_iam_role_policy_attachment.eks_worker_node_role-AmazonEC2ContainerRegistryReadOnly",
            "module.iam.aws_iam_role_policy_attachment.eks_worker_node_role-AmazonEKSWorkerNodePolicy",
            "module.iam.aws_iam_role_policy_attachment.eks_worker_node_role-AmazonEKS_CNI_Policy",
            "module.iam.data.aws_iam_policy_document.assume_role"
          ]
        }
      ]
    },
    {
      "module": "module.eks",
      "mode": "managed",
      "type": "aws_iam_openid_connect_provider",
      "name": "openid_connect_provider",
      "provider": "provider[\"registry.terraform.io/hashicorp/aws\"]",
      "instances": [
        {
          "schema_version": 0,
          "attributes": {
            "arn": "arn:aws:iam::992382458568:oidc-provider/oidc.eks.us-east-1.amazonaws.com/id/DF028A54C5BB3564B1E050B8A585020D",
            "client_id_list": [
              "sts.amazonaws.com"
            ],
            "id": "arn:aws:iam::992382458568:oidc-provider/oidc.eks.us-east-1.amazonaws.com/id/DF028A54C5BB3564B1E050B8A585020D",
            "tags": null,
            "tags_all": {},
            "thumbprint_list": [
              "9e99a48a9960b14926bb7f3b02e22da2b0ab7280"
            ],
            "url": "oidc.eks.us-east-1.amazonaws.com/id/DF028A54C5BB3564B1E050B8A585020D"
          },
          "sensitive_attributes": [],
          "private": "bnVsbA==",
          "dependencies": [
            "module.VPC.aws_default_security_group.default",
            "module.VPC.aws_internet_gateway.main",
            "module.VPC.aws_subnet.private",
            "module.VPC.aws_subnet.public",
            "module.VPC.aws_vpc.main",
            "module.eks.aws_eks_cluster.this",
            "module.eks.data.tls_certificate.tls",
            "module.iam.aws_iam_role.eks_cluster_role",
            "module.iam.aws_iam_role.eks_worker_node_role",
            "module.iam.aws_iam_role_policy_attachment.eks_cluster_role-AmazonEKSClusterPolicy",
            "module.iam.aws_iam_role_policy_attachment.eks_worker_node_role-AmazonEC2ContainerRegistryReadOnly",
            "module.iam.aws_iam_role_policy_attachment.eks_worker_node_role-AmazonEKSWorkerNodePolicy",
            "module.iam.aws_iam_role_policy_attachment.eks_worker_node_role-AmazonEKS_CNI_Policy",
            "module.iam.data.aws_iam_policy_document.assume_role"
          ]
        }
      ]
    },
    {
      "module": "module.iam",
      "mode": "data",
      "type": "aws_iam_policy_document",
      "name": "assume_role",
      "provider": "provider[\"registry.terraform.io/hashicorp/aws\"]",
      "instances": [
        {
          "schema_version": 0,
          "attributes": {
            "id": "3552664922",
            "json": "{\n  \"Version\": \"2012-10-17\",\n  \"Statement\": [\n    {\n      \"Effect\": \"Allow\",\n      \"Action\": \"sts:AssumeRole\",\n      \"Principal\": {\n        \"Service\": \"eks.amazonaws.com\"\n      }\n    }\n  ]\n}",
            "minified_json": "{\"Version\":\"2012-10-17\",\"Statement\":[{\"Effect\":\"Allow\",\"Action\":\"sts:AssumeRole\",\"Principal\":{\"Service\":\"eks.amazonaws.com\"}}]}",
            "override_json": null,
            "override_policy_documents": null,
            "policy_id": null,
            "source_json": null,
            "source_policy_documents": null,
            "statement": [
              {
                "actions": [
                  "sts:AssumeRole"
                ],
                "condition": [],
                "effect": "Allow",
                "not_actions": [],
                "not_principals": [],
                "not_resources": [],
                "principals": [
                  {
                    "identifiers": [
                      "eks.amazonaws.com"
                    ],
                    "type": "Service"
                  }
                ],
                "resources": [],
                "sid": ""
              }
            ],
            "version": "2012-10-17"
          },
          "sensitive_attributes": []
        }
      ]
    },
    {
      "module": "module.iam",
      "mode": "managed",
      "type": "aws_iam_role",
      "name": "eks_cluster_role",
      "provider": "provider[\"registry.terraform.io/hashicorp/aws\"]",
      "instances": [
        {
          "schema_version": 0,
          "attributes": {
            "arn": "arn:aws:iam::992382458568:role/group15-eks-cluster-role",
            "assume_role_policy": "{\"Statement\":[{\"Action\":\"sts:AssumeRole\",\"Effect\":\"Allow\",\"Principal\":{\"Service\":\"eks.amazonaws.com\"}}],\"Version\":\"2012-10-17\"}",
            "create_date": "2024-12-01T07:59:21Z",
            "description": "",
            "force_detach_policies": false,
            "id": "group15-eks-cluster-role",
            "inline_policy": [],
            "managed_policy_arns": [],
            "max_session_duration": 3600,
            "name": "group15-eks-cluster-role",
            "name_prefix": "",
            "path": "/",
            "permissions_boundary": "",
            "tags": null,
            "tags_all": {},
            "unique_id": "AROA6ODU2TLELB5OL6SG4"
          },
          "sensitive_attributes": [],
          "private": "bnVsbA==",
          "dependencies": [
            "module.iam.data.aws_iam_policy_document.assume_role"
          ]
        }
      ]
    },
    {
      "module": "module.iam",
      "mode": "managed",
      "type": "aws_iam_role",
      "name": "eks_worker_node_role",
      "provider": "provider[\"registry.terraform.io/hashicorp/aws\"]",
      "instances": [
        {
          "schema_version": 0,
          "attributes": {
            "arn": "arn:aws:iam::992382458568:role/group15-worker-node-role",
            "assume_role_policy": "{\"Statement\":[{\"Action\":\"sts:AssumeRole\",\"Effect\":\"Allow\",\"Principal\":{\"Service\":\"ec2.amazonaws.com\"}}],\"Version\":\"2012-10-17\"}",
            "create_date": "2024-12-01T07:59:21Z",
            "description": "",
            "force_detach_policies": false,
            "id": "group15-worker-node-role",
            "inline_policy": [],
            "managed_policy_arns": [],
            "max_session_duration": 3600,
            "name": "group15-worker-node-role",
            "name_prefix": "",
            "path": "/",
            "permissions_boundary": "",
            "tags": null,
            "tags_all": {},
            "unique_id": "AROA6ODU2TLECD4JGRHSB"
          },
          "sensitive_attributes": [],
          "private": "bnVsbA=="
        }
      ]
    },
    {
      "module": "module.iam",
      "mode": "managed",
      "type": "aws_iam_role_policy_attachment",
      "name": "eks_cluster_role-AmazonEKSClusterPolicy",
      "provider": "provider[\"registry.terraform.io/hashicorp/aws\"]",
      "instances": [
        {
          "schema_version": 0,
          "attributes": {
            "id": "group15-eks-cluster-role-20241201075922833800000004",
            "policy_arn": "arn:aws:iam::aws:policy/AmazonEKSClusterPolicy",
            "role": "group15-eks-cluster-role"
          },
          "sensitive_attributes": [],
          "private": "bnVsbA==",
          "dependencies": [
            "module.iam.aws_iam_role.eks_cluster_role",
            "module.iam.data.aws_iam_policy_document.assume_role"
          ]
        }
      ]
    },
    {
      "module": "module.iam",
      "mode": "managed",
      "type": "aws_iam_role_policy_attachment",
      "name": "eks_worker_node_role-AmazonEC2ContainerRegistryReadOnly",
      "provider": "provider[\"registry.terraform.io/hashicorp/aws\"]",
      "instances": [
        {
          "schema_version": 0,
          "attributes": {
            "id": "group15-worker-node-role-20241201075922357000000001",
            "policy_arn": "arn:aws:iam::aws:policy/AmazonEC2ContainerRegistryReadOnly",
            "role": "group15-worker-node-role"
          },
          "sensitive_attributes": [],
          "private": "bnVsbA==",
          "dependencies": [
            "module.iam.aws_iam_role.eks_worker_node_role"
          ]
        }
      ]
    },
    {
      "module": "module.iam",
      "mode": "managed",
      "type": "aws_iam_role_policy_attachment",
      "name": "eks_worker_node_role-AmazonEKSWorkerNodePolicy",
      "provider": "provider[\"registry.terraform.io/hashicorp/aws\"]",
      "instances": [
        {
          "schema_version": 0,
          "attributes": {
            "id": "group15-worker-node-role-20241201075922662600000003",
            "policy_arn": "arn:aws:iam::aws:policy/AmazonEKSWorkerNodePolicy",
            "role": "group15-worker-node-role"
          },
          "sensitive_attributes": [],
          "private": "bnVsbA==",
          "dependencies": [
            "module.iam.aws_iam_role.eks_worker_node_role"
          ]
        }
      ]
    },
    {
      "module": "module.iam",
      "mode": "managed",
      "type": "aws_iam_role_policy_attachment",
      "name": "eks_worker_node_role-AmazonEKS_CNI_Policy",
      "provider": "provider[\"registry.terraform.io/hashicorp/aws\"]",
      "instances": [
        {
          "schema_version": 0,
          "attributes": {
            "id": "group15-worker-node-role-20241201075922491100000002",
            "policy_arn": "arn:aws:iam::aws:policy/AmazonEKS_CNI_Policy",
            "role": "group15-worker-node-role"
          },
          "sensitive_attributes": [],
          "private": "bnVsbA==",
          "dependencies": [
            "module.iam.aws_iam_role.eks_worker_node_role"
          ]
        }
      ]
    },
    {
      "module": "module.keypair",
      "mode": "managed",
      "type": "aws_key_pair",
      "name": "this",
      "provider": "provider[\"registry.terraform.io/hashicorp/aws\"]",
      "instances": [
        {
          "schema_version": 1,
          "attributes": {
            "arn": "arn:aws:ec2:us-east-1:992382458568:key-pair/lxlso1",
            "fingerprint": "ba:56:42:dd:b3:c5:e0:b9:b6:fe:bb:a2:46:df:46:55",
            "id": "lxlso1",
            "key_name": "lxlso1",
            "key_name_prefix": "",
            "key_pair_id": "key-0b7499ebdbd1c484c",
            "key_type": "rsa",
            "public_key": "ssh-rsa AAAAB3NzaC1yc2EAAAADAQABAAABAQDKBK3Mb1aqZL2swv0TpXpDaauYRdg1mvqYZAPDZgf927PJaTIj0InAYMqcUvD4BVQGWhEMLq02Hs09x5T3zPWj6cHjGraQn85ofKn6QgRL5nL74A45MqD62tZhGtefuM+pVvVltKvoSeuAJ8J/9pEySTYuRQFR2qkIGe4g5UatysF/KWpsxLG2it/hCYHpj7ctNK0a/Ipd4qEQ+Gz0PknRsopJ34+XU7xTqQpmdiT93qA6C30SToAWOsRICn1CDIUZU7rAeGZv3r2/HlNM7wou2bqgYjQI0ZnEg9591J4/OARrn+o6G+RSgDVSa+xhFAn+Vazxp6uMHX7sxJ7EgCUT",
            "tags": null,
            "tags_all": {}
          },
          "sensitive_attributes": [],
          "private": "eyJzY2hlbWFfdmVyc2lvbiI6IjEifQ==",
          "dependencies": [
            "module.keypair.tls_private_key.this"
          ]
        }
      ]
    },
    {
      "module": "module.keypair",
      "mode": "managed",
      "type": "tls_private_key",
      "name": "this",
      "provider": "provider[\"registry.terraform.io/hashicorp/tls\"]",
      "instances": [
        {
          "index_key": 0,
          "schema_version": 1,
          "attributes": {
            "algorithm": "RSA",
            "ecdsa_curve": "P224",
            "id": "e9ecb789e713e836ac7722d4c914b87b93b9339f",
            "private_key_openssh": "-----BEGIN OPENSSH PRIVATE KEY-----\nb3BlbnNzaC1rZXktdjEAAAAABG5vbmUAAAAEbm9uZQAAAAAAAAABAAABFwAAAAdz\nc2gtcnNhAAAAAwEAAQAAAQEAygStzG9WqmS9rML9E6V6Q2mrmEXYNZr6mGQDw2YH\n/duzyWkyI9CJwGDKnFLw+AVUBloRDC6tNh7NPceU98z1o+nB4xq2kJ/OaHyp+kIE\nS+Zy++AOOTKg+trWYRrXn7jPqVb1ZbSr6EnrgCfCf/aRMkk2LkUBUdqpCBnuIOVG\nrcrBfylqbMSxtorf4QmB6Y+3LTStGvyKXeKhEPhs9D5J0bKKSd+Pl1O8U6kKZnYk\n/d6gOgt9Ek6AFjrESAp9QgyFGVO6wHhmb969vx5TTO8KLtm6oGI0CNGZxIPefdSe\nPzgEa5/qOhvkUoA1UmvsYRQJ/lWs8aerjB1+7MSexIAlEwAAA7iupctqrqXLagAA\nAAdzc2gtcnNhAAABAQDKBK3Mb1aqZL2swv0TpXpDaauYRdg1mvqYZAPDZgf927PJ\naTIj0InAYMqcUvD4BVQGWhEMLq02Hs09x5T3zPWj6cHjGraQn85ofKn6QgRL5nL7\n4A45MqD62tZhGtefuM+pVvVltKvoSeuAJ8J/9pEySTYuRQFR2qkIGe4g5UatysF/\nKWpsxLG2it/hCYHpj7ctNK0a/Ipd4qEQ+Gz0PknRsopJ34+XU7xTqQpmdiT93qA6\nC30SToAWOsRICn1CDIUZU7rAeGZv3r2/HlNM7wou2bqgYjQI0ZnEg9591J4/OARr\nn+o6G+RSgDVSa+xhFAn+Vazxp6uMHX7sxJ7EgCUTAAAAAwEAAQAAAQBjNE8AwIAn\nptb6Grraxf03U5H/cfUNxfBfm2W5s8Yi5JvyQWVs7wBmZ2G3yIcq1LsBb4NFnzpS\nBGg3eWXvFkheWPFsi/axKLjc2LNEAN1JRH6cr9dsQS+KYKK8BslyVvgrKVfSvRla\nNcqfIWdDHZsJvagMqrhOMPmmz8z/fHfr6XCn1/lPsGgLbjhTUL/lNWRJrtz7wsC7\ntT/oJQeeXCRz9G+8BOJ2NEfu4nDPcQY8hwwgJDiqrcfto4pj2lhWurntiyPudnLG\nVY+e43nRecF0emag1MaAfIqkqiN8JyBLfQgzE6o5amY+WIlIdnDc+LTikc0j+bXH\n/cbQ1txZ6JVRAAAAgQDYmbsoKhyGmYJwy5hJAUNFbSfRUxlvmxaNTypEpkukTh7R\nBJxTIEvJXUaIK6VCMFIN98y+K6OgrrAa8XG5kcHfHhDifXku1QapZYVNhRR6SW+u\n69PBzl286Zz5CGIQNlpPjdOp6ztA2anLicsqQU5tv6b204Jjqm1VKki4jo2yAQAA\nAIEA8yGJa1yoZJt7viata/VwkHecEV+fVN4Vb4QyQmhapwfbiV08RMQYrXLLIUa6\nsHAu/lckMhDAR27Wfgno4viZ30ehYZFPO5aMHO/WWmgvzww7X1ib2IyV6KS6m4rO\nNa1rAdWpcKPJNJ9uuN9hyFzBDrcqGjdOwnBR72/3bRcoG6sAAACBANS2Dueju4tu\nOrdpY+Em4pTlBxVNvLT3cgm16Ej0FEuM8OXkLWL/iApwPnDoi5BReeLx3Pg1WAOy\nhjdPF6ZqvKjCmTVWHnVuoFH6F2+nnraosWgiDSRTnfoOs525T2lSAMfRJ0P5IQNb\n7auAFEm96gv689yw07LGEKGMG8yLmfQ5AAAAAAEC\n-----END OPENSSH PRIVATE KEY-----\n",
            "private_key_pem": "-----BEGIN RSA PRIVATE KEY-----\nMIIEpAIBAAKCAQEAygStzG9WqmS9rML9E6V6Q2mrmEXYNZr6mGQDw2YH/duzyWky\nI9CJwGDKnFLw+AVUBloRDC6tNh7NPceU98z1o+nB4xq2kJ/OaHyp+kIES+Zy++AO\nOTKg+trWYRrXn7jPqVb1ZbSr6EnrgCfCf/aRMkk2LkUBUdqpCBnuIOVGrcrBfylq\nbMSxtorf4QmB6Y+3LTStGvyKXeKhEPhs9D5J0bKKSd+Pl1O8U6kKZnYk/d6gOgt9\nEk6AFjrESAp9QgyFGVO6wHhmb969vx5TTO8KLtm6oGI0CNGZxIPefdSePzgEa5/q\nOhvkUoA1UmvsYRQJ/lWs8aerjB1+7MSexIAlEwIDAQABAoIBAGM0TwDAgCem1voa\nutrF/TdTkf9x9Q3F8F+bZbmzxiLkm/JBZWzvAGZnYbfIhyrUuwFvg0WfOlIEaDd5\nZe8WSF5Y8WyL9rEouNzYs0QA3UlEfpyv12xBL4pgorwGyXJW+CspV9K9GVo1yp8h\nZ0Mdmwm9qAyquE4w+abPzP98d+vpcKfX+U+waAtuOFNQv+U1ZEmu3PvCwLu1P+gl\nB55cJHP0b7wE4nY0R+7icM9xBjyHDCAkOKqtx+2jimPaWFa6ue2LI+52csZVj57j\nedF5wXR6ZqDUxoB8iqSqI3wnIEt9CDMTqjlqZj5YiUh2cNz4tOKRzSP5tcf9xtDW\n3FnolVECgYEA8yGJa1yoZJt7viata/VwkHecEV+fVN4Vb4QyQmhapwfbiV08RMQY\nrXLLIUa6sHAu/lckMhDAR27Wfgno4viZ30ehYZFPO5aMHO/WWmgvzww7X1ib2IyV\n6KS6m4rONa1rAdWpcKPJNJ9uuN9hyFzBDrcqGjdOwnBR72/3bRcoG6sCgYEA1LYO\n56O7i246t2lj4SbilOUHFU28tPdyCbXoSPQUS4zw5eQtYv+ICnA+cOiLkFF54vHc\n+DVYA7KGN08Xpmq8qMKZNVYedW6gUfoXb6eetqixaCINJFOd+g6znblPaVIAx9En\nQ/khA1vtq4AUSb3qC/rz3LDTssYQoYwbzIuZ9DkCgYEA1phSR43oH6zQ4rwWs8RW\nD11TRk5lPq4qs1w2VEDxSp532l2N1ZBTy7wXqI5aN2M9R0a47uu0Gxisf2DVyofs\noJQD0C9GhOzTTLMwOmndUN2WBgkavV8Q7d9/ycwRSHWBjoP84yvdavIR82FPWF7u\nE8P9iFgqzxn+Z90mwYX/47MCgYBw+nX2MK/3QcfsDQ0g1F96iB74AL8fO2KVp8nF\nneZ9rlFxOX2l3GVsbeusWsduEuhzUtVz/BlQdWz2SYsdOAoWdK2dd61b4DNE91ml\nU1loWTdJQPTL+6Gn5FEgkAGOxiBmAUAiyVrwhs44ziF4fWenj1YhPMZkaPECbQGC\n5g8SeQKBgQDYmbsoKhyGmYJwy5hJAUNFbSfRUxlvmxaNTypEpkukTh7RBJxTIEvJ\nXUaIK6VCMFIN98y+K6OgrrAa8XG5kcHfHhDifXku1QapZYVNhRR6SW+u69PBzl28\n6Zz5CGIQNlpPjdOp6ztA2anLicsqQU5tv6b204Jjqm1VKki4jo2yAQ==\n-----END RSA PRIVATE KEY-----\n",
            "private_key_pem_pkcs8": "-----BEGIN PRIVATE KEY-----\nMIIEvgIBADANBgkqhkiG9w0BAQEFAASCBKgwggSkAgEAAoIBAQDKBK3Mb1aqZL2s\nwv0TpXpDaauYRdg1mvqYZAPDZgf927PJaTIj0InAYMqcUvD4BVQGWhEMLq02Hs09\nx5T3zPWj6cHjGraQn85ofKn6QgRL5nL74A45MqD62tZhGtefuM+pVvVltKvoSeuA\nJ8J/9pEySTYuRQFR2qkIGe4g5UatysF/KWpsxLG2it/hCYHpj7ctNK0a/Ipd4qEQ\n+Gz0PknRsopJ34+XU7xTqQpmdiT93qA6C30SToAWOsRICn1CDIUZU7rAeGZv3r2/\nHlNM7wou2bqgYjQI0ZnEg9591J4/OARrn+o6G+RSgDVSa+xhFAn+Vazxp6uMHX7s\nxJ7EgCUTAgMBAAECggEAYzRPAMCAJ6bW+hq62sX9N1OR/3H1DcXwX5tlubPGIuSb\n8kFlbO8AZmdht8iHKtS7AW+DRZ86UgRoN3ll7xZIXljxbIv2sSi43NizRADdSUR+\nnK/XbEEvimCivAbJclb4KylX0r0ZWjXKnyFnQx2bCb2oDKq4TjD5ps/M/3x36+lw\np9f5T7BoC244U1C/5TVkSa7c+8LAu7U/6CUHnlwkc/RvvATidjRH7uJwz3EGPIcM\nICQ4qq3H7aOKY9pYVrq57Ysj7nZyxlWPnuN50XnBdHpmoNTGgHyKpKojfCcgS30I\nMxOqOWpmPliJSHZw3Pi04pHNI/m1x/3G0NbcWeiVUQKBgQDzIYlrXKhkm3u+Jq1r\n9XCQd5wRX59U3hVvhDJCaFqnB9uJXTxExBitcsshRrqwcC7+VyQyEMBHbtZ+Ceji\n+JnfR6FhkU87lowc79ZaaC/PDDtfWJvYjJXopLqbis41rWsB1alwo8k0n26432HI\nXMEOtyoaN07CcFHvb/dtFygbqwKBgQDUtg7no7uLbjq3aWPhJuKU5QcVTby093IJ\ntehI9BRLjPDl5C1i/4gKcD5w6IuQUXni8dz4NVgDsoY3Txemaryowpk1Vh51bqBR\n+hdvp562qLFoIg0kU536DrOduU9pUgDH0SdD+SEDW+2rgBRJveoL+vPcsNOyxhCh\njBvMi5n0OQKBgQDWmFJHjegfrNDivBazxFYPXVNGTmU+riqzXDZUQPFKnnfaXY3V\nkFPLvBeojlo3Yz1HRrju67QbGKx/YNXKh+yglAPQL0aE7NNMszA6ad1Q3ZYGCRq9\nXxDt33/JzBFIdYGOg/zjK91q8hHzYU9YXu4Tw/2IWCrPGf5n3SbBhf/jswKBgHD6\ndfYwr/dBx+wNDSDUX3qIHvgAvx87YpWnycWd5n2uUXE5faXcZWxt66xax24S6HNS\n1XP8GVB1bPZJix04ChZ0rZ13rVvgM0T3WaVTWWhZN0lA9Mv7oafkUSCQAY7GIGYB\nQCLJWvCGzjjOIXh9Z6ePViE8xmRo8QJtAYLmDxJ5AoGBANiZuygqHIaZgnDLmEkB\nQ0VtJ9FTGW+bFo1PKkSmS6ROHtEEnFMgS8ldRogrpUIwUg33zL4ro6CusBrxcbmR\nwd8eEOJ9eS7VBqllhU2FFHpJb67r08HOXbzpnPkIYhA2Wk+N06nrO0DZqcuJyypB\nTm2/pvbTgmOqbVUqSLiOjbIB\n-----END PRIVATE KEY-----\n",
            "public_key_fingerprint_md5": "34:af:ab:f5:62:9d:5a:bd:16:4a:10:a9:07:94:2a:02",
            "public_key_fingerprint_sha256": "SHA256:STUFDC2zv+dfFC334iU4DlZx4wWnXaw+ncyX7xTqQ60",
            "public_key_openssh": "ssh-rsa AAAAB3NzaC1yc2EAAAADAQABAAABAQDKBK3Mb1aqZL2swv0TpXpDaauYRdg1mvqYZAPDZgf927PJaTIj0InAYMqcUvD4BVQGWhEMLq02Hs09x5T3zPWj6cHjGraQn85ofKn6QgRL5nL74A45MqD62tZhGtefuM+pVvVltKvoSeuAJ8J/9pEySTYuRQFR2qkIGe4g5UatysF/KWpsxLG2it/hCYHpj7ctNK0a/Ipd4qEQ+Gz0PknRsopJ34+XU7xTqQpmdiT93qA6C30SToAWOsRICn1CDIUZU7rAeGZv3r2/HlNM7wou2bqgYjQI0ZnEg9591J4/OARrn+o6G+RSgDVSa+xhFAn+Vazxp6uMHX7sxJ7EgCUT\n",
            "public_key_pem": "-----BEGIN PUBLIC KEY-----\nMIIBIjANBgkqhkiG9w0BAQEFAAOCAQ8AMIIBCgKCAQEAygStzG9WqmS9rML9E6V6\nQ2mrmEXYNZr6mGQDw2YH/duzyWkyI9CJwGDKnFLw+AVUBloRDC6tNh7NPceU98z1\no+nB4xq2kJ/OaHyp+kIES+Zy++AOOTKg+trWYRrXn7jPqVb1ZbSr6EnrgCfCf/aR\nMkk2LkUBUdqpCBnuIOVGrcrBfylqbMSxtorf4QmB6Y+3LTStGvyKXeKhEPhs9D5J\n0bKKSd+Pl1O8U6kKZnYk/d6gOgt9Ek6AFjrESAp9QgyFGVO6wHhmb969vx5TTO8K\nLtm6oGI0CNGZxIPefdSePzgEa5/qOhvkUoA1UmvsYRQJ/lWs8aerjB1+7MSexIAl\nEwIDAQAB\n-----END PUBLIC KEY-----\n",
            "rsa_bits": 2048
          },
          "sensitive_attributes": [
            [
              {
                "type": "get_attr",
                "value": "private_key_openssh"
              }
            ],
            [
              {
                "type": "get_attr",
                "value": "private_key_pem_pkcs8"
              }
            ],
            [
              {
                "type": "get_attr",
                "value": "private_key_pem"
              }
            ]
          ]
        }
      ]
    },
    {
      "module": "module.kubernetes",
      "mode": "data",
      "type": "aws_iam_user",
      "name": "group15",
      "provider": "provider[\"registry.terraform.io/hashicorp/aws\"]",
      "instances": [
        {
          "schema_version": 0,
          "attributes": {
            "arn": "arn:aws:iam::992382458568:user/khoedi",
            "id": "AIDA6ODU2TLEGAALCTCRR",
            "path": "/",
            "permissions_boundary": "",
            "tags": {},
            "user_id": "AIDA6ODU2TLEGAALCTCRR",
            "user_name": "khoedi"
          },
          "sensitive_attributes": []
        }
      ]
    },
    {
      "module": "module.kubernetes",
      "mode": "managed",
      "type": "kubernetes_cluster_role",
      "name": "admin_role",
      "provider": "provider[\"registry.terraform.io/hashicorp/kubernetes\"]",
      "instances": [
        {
          "schema_version": 0,
          "attributes": {
            "aggregation_rule": [],
            "id": "admin-role",
            "metadata": [
              {
                "annotations": null,
                "generate_name": "",
                "generation": 0,
                "labels": null,
                "name": "admin-role",
                "resource_version": "3022",
                "uid": "745801df-26a9-4318-8ab2-70c0a734ca00"
              }
            ],
            "rule": [
              {
                "api_groups": [
                  ""
                ],
                "non_resource_urls": null,
                "resource_names": null,
                "resources": [
                  "*"
                ],
                "verbs": [
                  "*"
                ]
              }
            ]
          },
          "sensitive_attributes": [],
          "private": "bnVsbA==",
          "dependencies": [
            "module.VPC.aws_default_security_group.default",
            "module.VPC.aws_internet_gateway.main",
            "module.VPC.aws_subnet.private",
            "module.VPC.aws_subnet.public",
            "module.VPC.aws_vpc.main",
            "module.eks.aws_eks_cluster.this",
            "module.eks.aws_eks_node_group.public",
            "module.eks.aws_iam_openid_connect_provider.openid_connect_provider",
            "module.eks.data.aws_eks_cluster_auth.group15",
            "module.eks.data.aws_iam_policy_document.assume_role_policy",
            "module.eks.data.tls_certificate.tls",
            "module.iam.aws_iam_role.eks_cluster_role",
            "module.iam.aws_iam_role.eks_worker_node_role",
            "module.iam.aws_iam_role_policy_attachment.eks_cluster_role-AmazonEKSClusterPolicy",
            "module.iam.aws_iam_role_policy_attachment.eks_worker_node_role-AmazonEC2ContainerRegistryReadOnly",
            "module.iam.aws_iam_role_policy_attachment.eks_worker_node_role-AmazonEKSWorkerNodePolicy",
            "module.iam.aws_iam_role_policy_attachment.eks_worker_node_role-AmazonEKS_CNI_Policy",
            "module.iam.data.aws_iam_policy_document.assume_role"
          ]
        }
      ]
    },
    {
      "module": "module.kubernetes",
      "mode": "managed",
      "type": "kubernetes_config_map",
      "name": "aws_auth1",
      "provider": "provider[\"registry.terraform.io/hashicorp/kubernetes\"]",
      "instances": [
        {
          "schema_version": 0,
          "attributes": {
            "binary_data": null,
            "data": {
              "mapUsers": "      - userarn: arn:aws:iam::992382458568:user/khoedi\n      - username: khoedi\n    groups: \n      - system:masters\n"
            },
            "id": "kube-system/aws-auth1",
            "immutable": false,
            "metadata": [
              {
                "annotations": null,
                "generate_name": "",
                "generation": 0,
                "labels": null,
                "name": "aws-auth1",
                "namespace": "kube-system",
                "resource_version": "3023",
                "uid": "662794f0-f8bf-4fe3-b816-bb2a7201ed0a"
              }
            ]
          },
          "sensitive_attributes": [],
          "private": "bnVsbA==",
          "dependencies": [
            "module.VPC.aws_default_security_group.default",
            "module.VPC.aws_internet_gateway.main",
            "module.VPC.aws_subnet.private",
            "module.VPC.aws_subnet.public",
            "module.VPC.aws_vpc.main",
            "module.eks.aws_eks_cluster.this",
            "module.eks.aws_eks_node_group.public",
            "module.eks.aws_iam_openid_connect_provider.openid_connect_provider",
            "module.eks.data.aws_eks_cluster_auth.group15",
            "module.eks.data.aws_iam_policy_document.assume_role_policy",
            "module.eks.data.tls_certificate.tls",
            "module.iam.aws_iam_role.eks_cluster_role",
            "module.iam.aws_iam_role.eks_worker_node_role",
            "module.iam.aws_iam_role_policy_attachment.eks_cluster_role-AmazonEKSClusterPolicy",
            "module.iam.aws_iam_role_policy_attachment.eks_worker_node_role-AmazonEC2ContainerRegistryReadOnly",
            "module.iam.aws_iam_role_policy_attachment.eks_worker_node_role-AmazonEKSWorkerNodePolicy",
            "module.iam.aws_iam_role_policy_attachment.eks_worker_node_role-AmazonEKS_CNI_Policy",
            "module.iam.data.aws_iam_policy_document.assume_role",
            "module.kubernetes.data.aws_iam_user.group15"
          ]
        }
      ]
    },
    {
      "module": "module.kubernetes",
      "mode": "managed",
      "type": "kubernetes_role_binding",
      "name": "rbac_binding",
      "provider": "provider[\"registry.terraform.io/hashicorp/kubernetes\"]",
      "instances": [
        {
          "schema_version": 0,
          "attributes": {
            "id": "default/rbac-role-binding",
            "metadata": [
              {
                "annotations": null,
                "generate_name": "",
                "generation": 0,
                "labels": null,
                "name": "rbac-role-binding",
                "namespace": "default",
                "resource_version": "3027",
                "uid": "18eff93d-72d3-42f7-a927-f12201ebfbd1"
              }
            ],
            "role_ref": [
              {
                "api_group": "rbac.authorization.k8s.io",
                "kind": "ClusterRole",
                "name": "admin-role"
              }
            ],
            "subject": [
              {
                "api_group": "rbac.authorization.k8s.io",
                "kind": "User",
                "name": "khoedi",
                "namespace": "default"
              }
            ]
          },
          "sensitive_attributes": [],
          "private": "bnVsbA==",
          "dependencies": [
            "module.VPC.aws_default_security_group.default",
            "module.VPC.aws_internet_gateway.main",
            "module.VPC.aws_subnet.private",
            "module.VPC.aws_subnet.public",
            "module.VPC.aws_vpc.main",
            "module.eks.aws_eks_cluster.this",
            "module.eks.aws_eks_node_group.public",
            "module.eks.aws_iam_openid_connect_provider.openid_connect_provider",
            "module.eks.data.aws_eks_cluster_auth.group15",
            "module.eks.data.aws_iam_policy_document.assume_role_policy",
            "module.eks.data.tls_certificate.tls",
            "module.iam.aws_iam_role.eks_cluster_role",
            "module.iam.aws_iam_role.eks_worker_node_role",
            "module.iam.aws_iam_role_policy_attachment.eks_cluster_role-AmazonEKSClusterPolicy",
            "module.iam.aws_iam_role_policy_attachment.eks_worker_node_role-AmazonEC2ContainerRegistryReadOnly",
            "module.iam.aws_iam_role_policy_attachment.eks_worker_node_role-AmazonEKSWorkerNodePolicy",
            "module.iam.aws_iam_role_policy_attachment.eks_worker_node_role-AmazonEKS_CNI_Policy",
            "module.iam.data.aws_iam_policy_document.assume_role",
            "module.kubernetes.data.aws_iam_user.group15",
            "module.kubernetes.kubernetes_cluster_role.admin_role"
          ]
        }
      ]
    }
  ],
  "check_results": null
}
