{
  "version": 4,
  "terraform_version": "1.9.8",
  "serial": 1082,
  "lineage": "2e0cc4a0-eacd-6285-9212-88a6ccaeb31b",
  "outputs": {
    "default_security_group_id": {
      "value": "sg-0d6f124108e7bfa7e",
      "type": "string"
    },
    "domain_name": {
      "value": "tuilalinh.id.vn",
      "type": "string"
    },
    "private_subnet_ids": {
      "value": [
        "subnet-0573b764ccdbc3012",
        "subnet-03f00a0dec9ab3e57"
      ],
      "type": [
        "tuple",
        [
          "string",
          "string"
        ]
      ]
    },
    "public_subnet_ids": {
      "value": [
        "subnet-0ba5f06f7b83a34f9",
        "subnet-0c41b252dc2db2ffd"
      ],
      "type": [
        "tuple",
        [
          "string",
          "string"
        ]
      ]
    },
    "route53_name_servers": {
      "value": [
        "ns-3.awsdns-00.com",
        "ns-1870.awsdns-41.co.uk",
        "ns-555.awsdns-05.net",
        "ns-1357.awsdns-41.org"
      ],
      "type": [
        "list",
        "string"
      ]
    },
    "route53_zone_id": {
      "value": "Z0283586RY8XRH70D2M1",
      "type": "string"
    },
    "vpc_id": {
      "value": "vpc-00696ffa09bf585f1",
      "type": "string"
    }
  },
  "resources": [
    {
      "mode": "managed",
      "type": "local_file",
      "name": "private_key",
      "provider": "provider[\"registry.terraform.io/hashicorp/local\"]",
      "instances": [
        {
          "schema_version": 0,
          "attributes": {
            "content": "-----BEGIN RSA PRIVATE KEY-----\nMIIEpQIBAAKCAQEAxxdbZci/vFgMv4o1VTI44aKL4oyIgKx0hwcwNhOK9FHkRKYI\nUkz687cWIujwBTJsSC5MEi6RtZD96kucOA6BvvfCHt1s5GJwS2zpUbAIzvHhYTTj\n/NXhmjWhtneLcBX+hFRWlYV/GyvHysUwQVf1LP4xlQPcOqeymxPSZiX8KrsbKJJD\nNApOaYAjEqZ/0K0hiEghNAuZsuGBA1+WZRHZiQkb15VOTgMbbjlnM/KVH8kLrOLu\n5KhHl6t5OfSU2Xc1pAyZJC9OvSLk6XodXcE3Hz+D0+AWOF1Lw+id0+F9ou0KyliC\nwe+ccal3qq5O81ThC2sNhkY3i9gwjAlPjIoRpwIDAQABAoIBAQCI4RQjnKvGUDsj\njWAxnP/ikaDfN4O6A9dx5o1NAI6uf4cTc5uRCgAXg68ifUhYKlysG7iNX5sqW+9X\nIHjdSYwGwcyi79WoB83w7YZUdVT5Au/Tp0uAT4R2Q51VGEez3ktIq7uDvW6wPZ91\nV7Ffm5ujPXjVXPwTD60KVcx4EnGW5ijr/rStIZnJcv0noZZ+/PmIkAAxvEJZb9GN\n3a9i9mlnDGJnIkBmZIT4cf5yfoF88VKfQrO0Zxjn2cTqIb+PvE5/koKT6exgI3LY\nSDdHJV8/0oqYT8hpb0JUh6hJ8n0ILqwB38au+30nK2YjdSdOEIKsHj8/9N4eW0cl\nhTMQDLxRAoGBAMo/dsube3DtUAmb7dBLXLY1Z3gAGWtkc2eaISaCUnO1rOx7eP/D\nbsYR2RWbE5jA2WGOfu7RBMdV5hfRjqJZtEZ2STSvIcl/AIV7ADM11hSCebhxdStk\ndo4YapMe/SYKbg0ZkLAsITJ+GG9d9H4nD5NifagACt6JNaD99pIUTXcbAoGBAPwB\nHqUhAUZ8YGxmVOHsoXgwftHw9TEO104MA4MY3CrJLhCunVOST//Kfaols0We5/Co\nYIGfGu5zgOy1gTKisUZP27hTe7fu7EGGewIOZKliOyC3etsMfdliwcuno1y6Xwlq\nCPEIuH5eA2IwRs4WKozkYqgFLhkNN66VSW10a3xlAoGBAJpnzVgwwhM6+mn7o5ns\nj0GEkBPrb3yv2fN0lm6B/FTelMCOm5gYKlAJfESkeleak9uJIJtO9GkCyYHRuSV1\nes54q/cO5aqhzVIaz9JI/cH2wtrvs9aHAoQFXAgqFnaea9qQdAgsCMQ1xI3xmyFc\nzOVmwiwqrCGte0YH3eE0oteVAoGAFgl3B5OqS+Kmf/Q26gbKW/tJq8w5dM/Kbi3I\nxNcQscEkARtz8JHz4vdvI8jmM2lg+P+QaOVj8oQxOwHoSWhGvlJPcYADaqM/D7/V\n0+k0TkejygmhebRO8QqczdVcCMjXdLhMDd/oWkyYWSbFmlH/6JA0PGMvk8s/Gko9\nwI+Usq0CgYEArMnGZ3xwZtnVX9U5c/YopViz4dZlusB+LMp7s3n1Dc2TibNR3zrx\ncbvVAIfZtZ8MSp9d0QPiq+AVfTSJZv4qewMA+ZameSgsZmiUzgJbS4W3xEHVtLFN\n8s+5q3UUkcYoGLggljzHVXFZ/c2kbJwMPVV/eA5XWZvgz2VnaEuW7C8=\n-----END RSA PRIVATE KEY-----\n",
            "content_base64": null,
            "content_base64sha256": "5P6OxaLqnO7EUGS5fvTer7SX4v2f361EATbFmX/pfYU=",
            "content_base64sha512": "FzuOUD108Mp7RHzndxiu8trnHj67WJoLK5gxTIY4il49P0QXt/8GT0mDywDcKK3lD9QLB7mAdR96l+dj5fIKnw==",
            "content_md5": "bdc897031ea330bb5f521127dfb02c5d",
            "content_sha1": "56686bdf4a5cb49c94a0d9db05db2375a6773f41",
            "content_sha256": "e4fe8ec5a2ea9ceec45064b97ef4deafb497e2fd9fdfad440136c5997fe97d85",
            "content_sha512": "173b8e503d74f0ca7b447ce77718aef2dae71e3ebb589a0b2b98314c86388a5e3d3f4417b7ff064f4983cb00dc28ade50fd40b07b980751f7a97e763e5f20a9f",
            "directory_permission": "0777",
            "file_permission": "0600",
            "filename": "./lxlso1.pem",
            "id": "56686bdf4a5cb49c94a0d9db05db2375a6773f41",
            "sensitive_content": null,
            "source": null
          },
          "sensitive_attributes": [
            [
              {
                "type": "get_attr",
                "value": "sensitive_content"
              }
            ],
            [
              {
                "type": "get_attr",
                "value": "content"
              }
            ]
          ],
          "dependencies": [
            "module.keypair.tls_private_key.this"
          ]
        }
      ]
    },
    {
      "module": "module.Nat_Gateway",
      "mode": "managed",
      "type": "aws_eip",
      "name": "nat",
      "provider": "provider[\"registry.terraform.io/hashicorp/aws\"]",
      "instances": [
        {
          "index_key": 0,
          "schema_version": 0,
          "attributes": {
            "address": null,
            "allocation_id": "eipalloc-050e50e125007b72b",
            "arn": "arn:aws:ec2:us-east-1:329599661993:elastic-ip/eipalloc-050e50e125007b72b",
            "associate_with_private_ip": null,
            "association_id": "eipassoc-01f535b5f8a39b822",
            "carrier_ip": "",
            "customer_owned_ip": "",
            "customer_owned_ipv4_pool": "",
            "domain": "vpc",
            "id": "eipalloc-050e50e125007b72b",
            "instance": "",
            "ipam_pool_id": null,
            "network_border_group": "us-east-1",
            "network_interface": "eni-08bb20db47083a07d",
            "private_dns": "ip-10-0-1-154.ec2.internal",
            "private_ip": "10.0.1.154",
            "ptr_record": "",
            "public_dns": "ec2-34-196-36-207.compute-1.amazonaws.com",
            "public_ip": "34.196.36.207",
            "public_ipv4_pool": "amazon",
            "tags": {},
            "tags_all": {},
            "timeouts": null,
            "vpc": true
          },
          "sensitive_attributes": [],
          "private": "eyJlMmJmYjczMC1lY2FhLTExZTYtOGY4OC0zNDM2M2JjN2M0YzAiOnsiZGVsZXRlIjoxODAwMDAwMDAwMDAsInJlYWQiOjkwMDAwMDAwMDAwMCwidXBkYXRlIjozMDAwMDAwMDAwMDB9fQ==",
          "dependencies": [
            "module.VPC.aws_subnet.public",
            "module.VPC.aws_vpc.main"
          ]
        },
        {
          "index_key": 1,
          "schema_version": 0,
          "attributes": {
            "address": null,
            "allocation_id": "eipalloc-0b29c71ca05a565c1",
            "arn": "arn:aws:ec2:us-east-1:329599661993:elastic-ip/eipalloc-0b29c71ca05a565c1",
            "associate_with_private_ip": null,
            "association_id": "eipassoc-0cef06821a8b62917",
            "carrier_ip": "",
            "customer_owned_ip": "",
            "customer_owned_ipv4_pool": "",
            "domain": "vpc",
            "id": "eipalloc-0b29c71ca05a565c1",
            "instance": "",
            "ipam_pool_id": null,
            "network_border_group": "us-east-1",
            "network_interface": "eni-0108be2d1d909b5bb",
            "private_dns": "ip-10-0-2-169.ec2.internal",
            "private_ip": "10.0.2.169",
            "ptr_record": "",
            "public_dns": "ec2-3-209-179-87.compute-1.amazonaws.com",
            "public_ip": "3.209.179.87",
            "public_ipv4_pool": "amazon",
            "tags": {},
            "tags_all": {},
            "timeouts": null,
            "vpc": true
          },
          "sensitive_attributes": [],
          "private": "eyJlMmJmYjczMC1lY2FhLTExZTYtOGY4OC0zNDM2M2JjN2M0YzAiOnsiZGVsZXRlIjoxODAwMDAwMDAwMDAsInJlYWQiOjkwMDAwMDAwMDAwMCwidXBkYXRlIjozMDAwMDAwMDAwMDB9fQ==",
          "dependencies": [
            "module.VPC.aws_subnet.public",
            "module.VPC.aws_vpc.main"
          ]
        }
      ]
    },
    {
      "module": "module.Nat_Gateway",
      "mode": "managed",
      "type": "aws_nat_gateway",
      "name": "main",
      "provider": "provider[\"registry.terraform.io/hashicorp/aws\"]",
      "instances": [
        {
          "index_key": 0,
          "schema_version": 0,
          "attributes": {
            "allocation_id": "eipalloc-050e50e125007b72b",
            "association_id": "eipassoc-01f535b5f8a39b822",
            "connectivity_type": "public",
            "id": "nat-0423338ca882816ed",
            "network_interface_id": "eni-08bb20db47083a07d",
            "private_ip": "10.0.1.154",
            "public_ip": "34.196.36.207",
            "secondary_allocation_ids": [],
            "secondary_private_ip_address_count": 0,
            "secondary_private_ip_addresses": [],
            "subnet_id": "subnet-0ba5f06f7b83a34f9",
            "tags": {
              "Name": "NAT Gateway 1"
            },
            "tags_all": {
              "Name": "NAT Gateway 1"
            },
            "timeouts": null
          },
          "sensitive_attributes": [],
          "private": "eyJlMmJmYjczMC1lY2FhLTExZTYtOGY4OC0zNDM2M2JjN2M0YzAiOnsiY3JlYXRlIjo2MDAwMDAwMDAwMDAsImRlbGV0ZSI6MTgwMDAwMDAwMDAwMCwidXBkYXRlIjo2MDAwMDAwMDAwMDB9fQ==",
          "dependencies": [
            "module.Nat_Gateway.aws_eip.nat",
            "module.VPC.aws_subnet.public",
            "module.VPC.aws_vpc.main"
          ]
        },
        {
          "index_key": 1,
          "schema_version": 0,
          "attributes": {
            "allocation_id": "eipalloc-0b29c71ca05a565c1",
            "association_id": "eipassoc-0cef06821a8b62917",
            "connectivity_type": "public",
            "id": "nat-0ec4a798c70e90a52",
            "network_interface_id": "eni-0108be2d1d909b5bb",
            "private_ip": "10.0.2.169",
            "public_ip": "3.209.179.87",
            "secondary_allocation_ids": [],
            "secondary_private_ip_address_count": 0,
            "secondary_private_ip_addresses": [],
            "subnet_id": "subnet-0c41b252dc2db2ffd",
            "tags": {
              "Name": "NAT Gateway 2"
            },
            "tags_all": {
              "Name": "NAT Gateway 2"
            },
            "timeouts": null
          },
          "sensitive_attributes": [],
          "private": "eyJlMmJmYjczMC1lY2FhLTExZTYtOGY4OC0zNDM2M2JjN2M0YzAiOnsiY3JlYXRlIjo2MDAwMDAwMDAwMDAsImRlbGV0ZSI6MTgwMDAwMDAwMDAwMCwidXBkYXRlIjo2MDAwMDAwMDAwMDB9fQ==",
          "dependencies": [
            "module.Nat_Gateway.aws_eip.nat",
            "module.VPC.aws_subnet.public",
            "module.VPC.aws_vpc.main"
          ]
        }
      ]
    },
    {
      "module": "module.Route53",
      "mode": "data",
      "type": "aws_lb",
      "name": "nginx_lb",
      "provider": "provider[\"registry.terraform.io/hashicorp/aws\"]",
      "instances": [
        {
          "index_key": 0,
          "schema_version": 0,
          "attributes": {
            "access_logs": [
              {
                "bucket": "",
                "enabled": false,
                "prefix": ""
              }
            ],
            "arn": "arn:aws:elasticloadbalancing:us-east-1:329599661993:loadbalancer/net/a6dc36892b8cb43c08aa44b7e0f58978/322c7429ef0d159c",
            "arn_suffix": "net/a6dc36892b8cb43c08aa44b7e0f58978/322c7429ef0d159c",
            "client_keep_alive": null,
            "connection_logs": [
              {
                "bucket": null,
                "enabled": null,
                "prefix": null
              }
            ],
            "customer_owned_ipv4_pool": "",
            "desync_mitigation_mode": null,
            "dns_name": "a6dc36892b8cb43c08aa44b7e0f58978-322c7429ef0d159c.elb.us-east-1.amazonaws.com",
            "dns_record_client_routing_policy": "any_availability_zone",
            "drop_invalid_header_fields": null,
            "enable_cross_zone_load_balancing": true,
            "enable_deletion_protection": false,
            "enable_http2": null,
            "enable_tls_version_and_cipher_suite_headers": null,
            "enable_waf_fail_open": null,
            "enable_xff_client_port": null,
            "enable_zonal_shift": false,
            "enforce_security_group_inbound_rules_on_private_link_traffic": "",
            "id": "arn:aws:elasticloadbalancing:us-east-1:329599661993:loadbalancer/net/a6dc36892b8cb43c08aa44b7e0f58978/322c7429ef0d159c",
            "idle_timeout": null,
            "internal": false,
            "ip_address_type": "ipv4",
            "load_balancer_type": "network",
            "name": "a6dc36892b8cb43c08aa44b7e0f58978",
            "preserve_host_header": null,
            "security_groups": [],
            "subnet_mapping": [
              {
                "allocation_id": "",
                "ipv6_address": "",
                "outpost_id": "",
                "private_ipv4_address": "",
                "subnet_id": "subnet-0ba5f06f7b83a34f9"
              },
              {
                "allocation_id": "",
                "ipv6_address": "",
                "outpost_id": "",
                "private_ipv4_address": "",
                "subnet_id": "subnet-0c41b252dc2db2ffd"
              }
            ],
            "subnets": [
              "subnet-0ba5f06f7b83a34f9",
              "subnet-0c41b252dc2db2ffd"
            ],
            "tags": {
              "kubernetes.io/cluster/group15-cluster": "owned",
              "kubernetes.io/service-name": "ingress-nginx/ingress-nginx-controller"
            },
            "timeouts": null,
            "vpc_id": "vpc-00696ffa09bf585f1",
            "xff_header_processing_mode": null,
            "zone_id": "Z26RNL4JYFTOTI"
          },
          "sensitive_attributes": []
        }
      ]
    },
    {
      "module": "module.Route53",
      "mode": "data",
      "type": "aws_lbs",
      "name": "nginx_arn",
      "provider": "provider[\"registry.terraform.io/hashicorp/aws\"]",
      "instances": [
        {
          "schema_version": 0,
          "attributes": {
            "arns": [
              "arn:aws:elasticloadbalancing:us-east-1:329599661993:loadbalancer/net/a6dc36892b8cb43c08aa44b7e0f58978/322c7429ef0d159c"
            ],
            "id": "us-east-1",
            "tags": {
              "kubernetes.io/cluster/group15-cluster": "owned",
              "kubernetes.io/service-name": "ingress-nginx/ingress-nginx-controller"
            }
          },
          "sensitive_attributes": []
        }
      ]
    },
    {
      "module": "module.Route53",
      "mode": "data",
      "type": "aws_route53_zone",
      "name": "selected",
      "provider": "provider[\"registry.terraform.io/hashicorp/aws\"]",
      "instances": [
        {
          "schema_version": 0,
          "attributes": {
            "arn": "arn:aws:route53:::hostedzone/Z0283586RY8XRH70D2M1",
            "caller_reference": "b80caaef-17f3-448a-a8c3-ea7795e1b128",
            "comment": "",
            "id": "Z0283586RY8XRH70D2M1",
            "linked_service_description": null,
            "linked_service_principal": null,
            "name": "tuilalinh.id.vn",
            "name_servers": [
              "ns-3.awsdns-00.com",
              "ns-1870.awsdns-41.co.uk",
              "ns-555.awsdns-05.net",
              "ns-1357.awsdns-41.org"
            ],
            "primary_name_server": "ns-3.awsdns-00.com",
            "private_zone": false,
            "resource_record_set_count": 2,
            "tags": {},
            "vpc_id": null,
            "zone_id": "Z0283586RY8XRH70D2M1"
          },
          "sensitive_attributes": []
        }
      ]
    },
    {
      "module": "module.Route53",
      "mode": "managed",
      "type": "aws_route53_record",
      "name": "admin",
      "provider": "provider[\"registry.terraform.io/hashicorp/aws\"]",
      "instances": [
        {
          "index_key": 0,
          "schema_version": 2,
          "attributes": {
            "alias": [
              {
                "evaluate_target_health": true,
                "name": "a6dc36892b8cb43c08aa44b7e0f58978-322c7429ef0d159c.elb.us-east-1.amazonaws.com",
                "zone_id": "Z26RNL4JYFTOTI"
              }
            ],
            "allow_overwrite": null,
            "cidr_routing_policy": [],
            "failover_routing_policy": [],
            "fqdn": "admin.tuilalinh.id.vn",
            "geolocation_routing_policy": [],
            "geoproximity_routing_policy": [],
            "health_check_id": "",
            "id": "Z0283586RY8XRH70D2M1_admin.tuilalinh.id.vn_A",
            "latency_routing_policy": [],
            "multivalue_answer_routing_policy": false,
            "name": "admin.tuilalinh.id.vn",
            "records": null,
            "set_identifier": "",
            "ttl": 0,
            "type": "A",
            "weighted_routing_policy": [],
            "zone_id": "Z0283586RY8XRH70D2M1"
          },
          "sensitive_attributes": [],
          "private": "eyJzY2hlbWFfdmVyc2lvbiI6IjIifQ==",
          "dependencies": [
            "module.Route53.data.aws_lb.nginx_lb",
            "module.Route53.data.aws_lbs.nginx_arn",
            "module.Route53.data.aws_route53_zone.selected"
          ]
        }
      ]
    },
    {
      "module": "module.Route53",
      "mode": "managed",
      "type": "aws_route53_record",
      "name": "backend",
      "provider": "provider[\"registry.terraform.io/hashicorp/aws\"]",
      "instances": [
        {
          "index_key": 0,
          "schema_version": 2,
          "attributes": {
            "alias": [
              {
                "evaluate_target_health": true,
                "name": "a6dc36892b8cb43c08aa44b7e0f58978-322c7429ef0d159c.elb.us-east-1.amazonaws.com",
                "zone_id": "Z26RNL4JYFTOTI"
              }
            ],
            "allow_overwrite": null,
            "cidr_routing_policy": [],
            "failover_routing_policy": [],
            "fqdn": "api.tuilalinh.id.vn",
            "geolocation_routing_policy": [],
            "geoproximity_routing_policy": [],
            "health_check_id": "",
            "id": "Z0283586RY8XRH70D2M1_api.tuilalinh.id.vn_A",
            "latency_routing_policy": [],
            "multivalue_answer_routing_policy": false,
            "name": "api.tuilalinh.id.vn",
            "records": null,
            "set_identifier": "",
            "ttl": 0,
            "type": "A",
            "weighted_routing_policy": [],
            "zone_id": "Z0283586RY8XRH70D2M1"
          },
          "sensitive_attributes": [],
          "private": "eyJzY2hlbWFfdmVyc2lvbiI6IjIifQ==",
          "dependencies": [
            "module.Route53.data.aws_lb.nginx_lb",
            "module.Route53.data.aws_lbs.nginx_arn",
            "module.Route53.data.aws_route53_zone.selected"
          ]
        }
      ]
    },
    {
      "module": "module.Route53",
      "mode": "managed",
      "type": "aws_route53_record",
      "name": "frontend",
      "provider": "provider[\"registry.terraform.io/hashicorp/aws\"]",
      "instances": [
        {
          "index_key": 0,
          "schema_version": 2,
          "attributes": {
            "alias": [
              {
                "evaluate_target_health": true,
                "name": "a6dc36892b8cb43c08aa44b7e0f58978-322c7429ef0d159c.elb.us-east-1.amazonaws.com",
                "zone_id": "Z26RNL4JYFTOTI"
              }
            ],
            "allow_overwrite": null,
            "cidr_routing_policy": [],
            "failover_routing_policy": [],
            "fqdn": "tuilalinh.id.vn",
            "geolocation_routing_policy": [],
            "geoproximity_routing_policy": [],
            "health_check_id": "",
            "id": "Z0283586RY8XRH70D2M1_tuilalinh.id.vn_A",
            "latency_routing_policy": [],
            "multivalue_answer_routing_policy": false,
            "name": "tuilalinh.id.vn",
            "records": null,
            "set_identifier": "",
            "ttl": 0,
            "type": "A",
            "weighted_routing_policy": [],
            "zone_id": "Z0283586RY8XRH70D2M1"
          },
          "sensitive_attributes": [],
          "private": "eyJzY2hlbWFfdmVyc2lvbiI6IjIifQ==",
          "dependencies": [
            "module.Route53.data.aws_lb.nginx_lb",
            "module.Route53.data.aws_lbs.nginx_arn",
            "module.Route53.data.aws_route53_zone.selected"
          ]
        }
      ]
    },
    {
      "module": "module.Route_Tables",
      "mode": "managed",
      "type": "aws_route_table",
      "name": "private",
      "provider": "provider[\"registry.terraform.io/hashicorp/aws\"]",
      "instances": [
        {
          "index_key": 0,
          "schema_version": 0,
          "attributes": {
            "arn": "arn:aws:ec2:us-east-1:329599661993:route-table/rtb-0f31f70e552abd36c",
            "id": "rtb-0f31f70e552abd36c",
            "owner_id": "329599661993",
            "propagating_vgws": [],
            "route": [
              {
                "carrier_gateway_id": "",
                "cidr_block": "0.0.0.0/0",
                "core_network_arn": "",
                "destination_prefix_list_id": "",
                "egress_only_gateway_id": "",
                "gateway_id": "",
                "ipv6_cidr_block": "",
                "local_gateway_id": "",
                "nat_gateway_id": "nat-0423338ca882816ed",
                "network_interface_id": "",
                "transit_gateway_id": "",
                "vpc_endpoint_id": "",
                "vpc_peering_connection_id": ""
              }
            ],
            "tags": {
              "Name": "Private Route Table 1"
            },
            "tags_all": {
              "Name": "Private Route Table 1"
            },
            "timeouts": null,
            "vpc_id": "vpc-00696ffa09bf585f1"
          },
          "sensitive_attributes": [],
          "private": "eyJlMmJmYjczMC1lY2FhLTExZTYtOGY4OC0zNDM2M2JjN2M0YzAiOnsiY3JlYXRlIjozMDAwMDAwMDAwMDAsImRlbGV0ZSI6MzAwMDAwMDAwMDAwLCJ1cGRhdGUiOjEyMDAwMDAwMDAwMH19",
          "dependencies": [
            "module.Nat_Gateway.aws_eip.nat",
            "module.Nat_Gateway.aws_nat_gateway.main",
            "module.VPC.aws_subnet.private",
            "module.VPC.aws_subnet.public",
            "module.VPC.aws_vpc.main"
          ]
        },
        {
          "index_key": 1,
          "schema_version": 0,
          "attributes": {
            "arn": "arn:aws:ec2:us-east-1:329599661993:route-table/rtb-03fc1e3b185cfbc19",
            "id": "rtb-03fc1e3b185cfbc19",
            "owner_id": "329599661993",
            "propagating_vgws": [],
            "route": [
              {
                "carrier_gateway_id": "",
                "cidr_block": "0.0.0.0/0",
                "core_network_arn": "",
                "destination_prefix_list_id": "",
                "egress_only_gateway_id": "",
                "gateway_id": "",
                "ipv6_cidr_block": "",
                "local_gateway_id": "",
                "nat_gateway_id": "nat-0ec4a798c70e90a52",
                "network_interface_id": "",
                "transit_gateway_id": "",
                "vpc_endpoint_id": "",
                "vpc_peering_connection_id": ""
              }
            ],
            "tags": {
              "Name": "Private Route Table 2"
            },
            "tags_all": {
              "Name": "Private Route Table 2"
            },
            "timeouts": null,
            "vpc_id": "vpc-00696ffa09bf585f1"
          },
          "sensitive_attributes": [],
          "private": "eyJlMmJmYjczMC1lY2FhLTExZTYtOGY4OC0zNDM2M2JjN2M0YzAiOnsiY3JlYXRlIjozMDAwMDAwMDAwMDAsImRlbGV0ZSI6MzAwMDAwMDAwMDAwLCJ1cGRhdGUiOjEyMDAwMDAwMDAwMH19",
          "dependencies": [
            "module.Nat_Gateway.aws_eip.nat",
            "module.Nat_Gateway.aws_nat_gateway.main",
            "module.VPC.aws_subnet.private",
            "module.VPC.aws_subnet.public",
            "module.VPC.aws_vpc.main"
          ]
        }
      ]
    },
    {
      "module": "module.Route_Tables",
      "mode": "managed",
      "type": "aws_route_table",
      "name": "public",
      "provider": "provider[\"registry.terraform.io/hashicorp/aws\"]",
      "instances": [
        {
          "schema_version": 0,
          "attributes": {
            "arn": "arn:aws:ec2:us-east-1:329599661993:route-table/rtb-053cbcc4ea7b8630b",
            "id": "rtb-053cbcc4ea7b8630b",
            "owner_id": "329599661993",
            "propagating_vgws": [],
            "route": [
              {
                "carrier_gateway_id": "",
                "cidr_block": "0.0.0.0/0",
                "core_network_arn": "",
                "destination_prefix_list_id": "",
                "egress_only_gateway_id": "",
                "gateway_id": "igw-071dc46f92ea987e4",
                "ipv6_cidr_block": "",
                "local_gateway_id": "",
                "nat_gateway_id": "",
                "network_interface_id": "",
                "transit_gateway_id": "",
                "vpc_endpoint_id": "",
                "vpc_peering_connection_id": ""
              }
            ],
            "tags": {
              "Name": "Public Route Table"
            },
            "tags_all": {
              "Name": "Public Route Table"
            },
            "timeouts": null,
            "vpc_id": "vpc-00696ffa09bf585f1"
          },
          "sensitive_attributes": [],
          "private": "eyJlMmJmYjczMC1lY2FhLTExZTYtOGY4OC0zNDM2M2JjN2M0YzAiOnsiY3JlYXRlIjozMDAwMDAwMDAwMDAsImRlbGV0ZSI6MzAwMDAwMDAwMDAwLCJ1cGRhdGUiOjEyMDAwMDAwMDAwMH19",
          "dependencies": [
            "module.VPC.aws_internet_gateway.main",
            "module.VPC.aws_vpc.main"
          ]
        }
      ]
    },
    {
      "module": "module.Route_Tables",
      "mode": "managed",
      "type": "aws_route_table_association",
      "name": "private",
      "provider": "provider[\"registry.terraform.io/hashicorp/aws\"]",
      "instances": [
        {
          "index_key": 0,
          "schema_version": 0,
          "attributes": {
            "gateway_id": "",
            "id": "rtbassoc-0cb7313a5a81b2517",
            "route_table_id": "rtb-0f31f70e552abd36c",
            "subnet_id": "subnet-0573b764ccdbc3012",
            "timeouts": null
          },
          "sensitive_attributes": [],
          "private": "eyJlMmJmYjczMC1lY2FhLTExZTYtOGY4OC0zNDM2M2JjN2M0YzAiOnsiY3JlYXRlIjozMDAwMDAwMDAwMDAsImRlbGV0ZSI6MzAwMDAwMDAwMDAwLCJ1cGRhdGUiOjEyMDAwMDAwMDAwMH19",
          "dependencies": [
            "module.Nat_Gateway.aws_eip.nat",
            "module.Nat_Gateway.aws_nat_gateway.main",
            "module.Route_Tables.aws_route_table.private",
            "module.VPC.aws_subnet.private",
            "module.VPC.aws_subnet.public",
            "module.VPC.aws_vpc.main"
          ]
        },
        {
          "index_key": 1,
          "schema_version": 0,
          "attributes": {
            "gateway_id": "",
            "id": "rtbassoc-0d08447c55894c928",
            "route_table_id": "rtb-03fc1e3b185cfbc19",
            "subnet_id": "subnet-03f00a0dec9ab3e57",
            "timeouts": null
          },
          "sensitive_attributes": [],
          "private": "eyJlMmJmYjczMC1lY2FhLTExZTYtOGY4OC0zNDM2M2JjN2M0YzAiOnsiY3JlYXRlIjozMDAwMDAwMDAwMDAsImRlbGV0ZSI6MzAwMDAwMDAwMDAwLCJ1cGRhdGUiOjEyMDAwMDAwMDAwMH19",
          "dependencies": [
            "module.Nat_Gateway.aws_eip.nat",
            "module.Nat_Gateway.aws_nat_gateway.main",
            "module.Route_Tables.aws_route_table.private",
            "module.VPC.aws_subnet.private",
            "module.VPC.aws_subnet.public",
            "module.VPC.aws_vpc.main"
          ]
        }
      ]
    },
    {
      "module": "module.Route_Tables",
      "mode": "managed",
      "type": "aws_route_table_association",
      "name": "public",
      "provider": "provider[\"registry.terraform.io/hashicorp/aws\"]",
      "instances": [
        {
          "index_key": 0,
          "schema_version": 0,
          "attributes": {
            "gateway_id": "",
            "id": "rtbassoc-08cd963c60a187d4a",
            "route_table_id": "rtb-053cbcc4ea7b8630b",
            "subnet_id": "subnet-0ba5f06f7b83a34f9",
            "timeouts": null
          },
          "sensitive_attributes": [],
          "private": "eyJlMmJmYjczMC1lY2FhLTExZTYtOGY4OC0zNDM2M2JjN2M0YzAiOnsiY3JlYXRlIjozMDAwMDAwMDAwMDAsImRlbGV0ZSI6MzAwMDAwMDAwMDAwLCJ1cGRhdGUiOjEyMDAwMDAwMDAwMH19",
          "dependencies": [
            "module.Route_Tables.aws_route_table.public",
            "module.VPC.aws_internet_gateway.main",
            "module.VPC.aws_subnet.public",
            "module.VPC.aws_vpc.main"
          ]
        },
        {
          "index_key": 1,
          "schema_version": 0,
          "attributes": {
            "gateway_id": "",
            "id": "rtbassoc-09a6331349b2299be",
            "route_table_id": "rtb-053cbcc4ea7b8630b",
            "subnet_id": "subnet-0c41b252dc2db2ffd",
            "timeouts": null
          },
          "sensitive_attributes": [],
          "private": "eyJlMmJmYjczMC1lY2FhLTExZTYtOGY4OC0zNDM2M2JjN2M0YzAiOnsiY3JlYXRlIjozMDAwMDAwMDAwMDAsImRlbGV0ZSI6MzAwMDAwMDAwMDAwLCJ1cGRhdGUiOjEyMDAwMDAwMDAwMH19",
          "dependencies": [
            "module.Route_Tables.aws_route_table.public",
            "module.VPC.aws_internet_gateway.main",
            "module.VPC.aws_subnet.public",
            "module.VPC.aws_vpc.main"
          ]
        }
      ]
    },
    {
      "module": "module.Security_Groups",
      "mode": "managed",
      "type": "aws_security_group",
      "name": "private",
      "provider": "provider[\"registry.terraform.io/hashicorp/aws\"]",
      "instances": [
        {
          "schema_version": 1,
          "attributes": {
            "arn": "arn:aws:ec2:us-east-1:329599661993:security-group/sg-029e2cc4e5b9d43a0",
            "description": "Allow SSH inbound traffic from public instances",
            "egress": [
              {
                "cidr_blocks": [
                  "0.0.0.0/0"
                ],
                "description": "",
                "from_port": 0,
                "ipv6_cidr_blocks": [],
                "prefix_list_ids": [],
                "protocol": "-1",
                "security_groups": [],
                "self": false,
                "to_port": 0
              }
            ],
            "id": "sg-029e2cc4e5b9d43a0",
            "ingress": [
              {
                "cidr_blocks": [],
                "description": "SSH from public instances",
                "from_port": 22,
                "ipv6_cidr_blocks": [],
                "prefix_list_ids": [],
                "protocol": "tcp",
                "security_groups": [
                  "sg-06bdbf8077f426a82"
                ],
                "self": false,
                "to_port": 22
              }
            ],
            "name": "Private EC2 SG",
            "name_prefix": "",
            "owner_id": "329599661993",
            "revoke_rules_on_delete": false,
            "tags": {
              "Name": "Private EC2 SG"
            },
            "tags_all": {
              "Name": "Private EC2 SG"
            },
            "timeouts": null,
            "vpc_id": "vpc-00696ffa09bf585f1"
          },
          "sensitive_attributes": [],
          "private": "eyJlMmJmYjczMC1lY2FhLTExZTYtOGY4OC0zNDM2M2JjN2M0YzAiOnsiY3JlYXRlIjo2MDAwMDAwMDAwMDAsImRlbGV0ZSI6OTAwMDAwMDAwMDAwfSwic2NoZW1hX3ZlcnNpb24iOiIxIn0=",
          "dependencies": [
            "module.Security_Groups.aws_security_group.public",
            "module.VPC.aws_vpc.main"
          ]
        }
      ]
    },
    {
      "module": "module.Security_Groups",
      "mode": "managed",
      "type": "aws_security_group",
      "name": "public",
      "provider": "provider[\"registry.terraform.io/hashicorp/aws\"]",
      "instances": [
        {
          "schema_version": 1,
          "attributes": {
            "arn": "arn:aws:ec2:us-east-1:329599661993:security-group/sg-06bdbf8077f426a82",
            "description": "Allow SSH inbound traffic",
            "egress": [
              {
                "cidr_blocks": [
                  "0.0.0.0/0"
                ],
                "description": "",
                "from_port": 0,
                "ipv6_cidr_blocks": [],
                "prefix_list_ids": [],
                "protocol": "-1",
                "security_groups": [],
                "self": false,
                "to_port": 0
              }
            ],
            "id": "sg-06bdbf8077f426a82",
            "ingress": [
              {
                "cidr_blocks": [
                  "14.186.212.48/32"
                ],
                "description": "SSH from specific IP",
                "from_port": 22,
                "ipv6_cidr_blocks": [],
                "prefix_list_ids": [],
                "protocol": "tcp",
                "security_groups": [],
                "self": false,
                "to_port": 22
              }
            ],
            "name": "Public EC2 SG",
            "name_prefix": "",
            "owner_id": "329599661993",
            "revoke_rules_on_delete": false,
            "tags": {
              "Name": "Public EC2 SG"
            },
            "tags_all": {
              "Name": "Public EC2 SG"
            },
            "timeouts": null,
            "vpc_id": "vpc-00696ffa09bf585f1"
          },
          "sensitive_attributes": [],
          "private": "eyJlMmJmYjczMC1lY2FhLTExZTYtOGY4OC0zNDM2M2JjN2M0YzAiOnsiY3JlYXRlIjo2MDAwMDAwMDAwMDAsImRlbGV0ZSI6OTAwMDAwMDAwMDAwfSwic2NoZW1hX3ZlcnNpb24iOiIxIn0=",
          "dependencies": [
            "module.VPC.aws_vpc.main"
          ]
        }
      ]
    },
    {
      "module": "module.VPC",
      "mode": "managed",
      "type": "aws_default_security_group",
      "name": "default",
      "provider": "provider[\"registry.terraform.io/hashicorp/aws\"]",
      "instances": [
        {
          "schema_version": 1,
          "attributes": {
            "arn": "arn:aws:ec2:us-east-1:329599661993:security-group/sg-0d6f124108e7bfa7e",
            "description": "default VPC security group",
            "egress": [
              {
                "cidr_blocks": [
                  "0.0.0.0/0"
                ],
                "description": "",
                "from_port": 0,
                "ipv6_cidr_blocks": [],
                "prefix_list_ids": [],
                "protocol": "-1",
                "security_groups": [],
                "self": false,
                "to_port": 0
              }
            ],
            "id": "sg-0d6f124108e7bfa7e",
            "ingress": [
              {
                "cidr_blocks": [],
                "description": "",
                "from_port": 0,
                "ipv6_cidr_blocks": [],
                "prefix_list_ids": [],
                "protocol": "-1",
                "security_groups": [],
                "self": true,
                "to_port": 0
              }
            ],
            "name": "default",
            "name_prefix": "",
            "owner_id": "329599661993",
            "revoke_rules_on_delete": false,
            "tags": {
              "Name": "Default Security Group"
            },
            "tags_all": {
              "Name": "Default Security Group"
            },
            "vpc_id": "vpc-00696ffa09bf585f1"
          },
          "sensitive_attributes": [],
          "private": "eyJzY2hlbWFfdmVyc2lvbiI6IjEifQ==",
          "dependencies": [
            "module.VPC.aws_vpc.main"
          ]
        }
      ]
    },
    {
      "module": "module.VPC",
      "mode": "managed",
      "type": "aws_internet_gateway",
      "name": "main",
      "provider": "provider[\"registry.terraform.io/hashicorp/aws\"]",
      "instances": [
        {
          "schema_version": 0,
          "attributes": {
            "arn": "arn:aws:ec2:us-east-1:329599661993:internet-gateway/igw-071dc46f92ea987e4",
            "id": "igw-071dc46f92ea987e4",
            "owner_id": "329599661993",
            "tags": {
              "Name": "Main IGW"
            },
            "tags_all": {
              "Name": "Main IGW"
            },
            "timeouts": null,
            "vpc_id": "vpc-00696ffa09bf585f1"
          },
          "sensitive_attributes": [],
          "private": "eyJlMmJmYjczMC1lY2FhLTExZTYtOGY4OC0zNDM2M2JjN2M0YzAiOnsiY3JlYXRlIjoxMjAwMDAwMDAwMDAwLCJkZWxldGUiOjEyMDAwMDAwMDAwMDAsInVwZGF0ZSI6MTIwMDAwMDAwMDAwMH19",
          "dependencies": [
            "module.VPC.aws_vpc.main"
          ]
        }
      ]
    },
    {
      "module": "module.VPC",
      "mode": "managed",
      "type": "aws_subnet",
      "name": "private",
      "provider": "provider[\"registry.terraform.io/hashicorp/aws\"]",
      "instances": [
        {
          "index_key": 0,
          "schema_version": 1,
          "attributes": {
            "arn": "arn:aws:ec2:us-east-1:329599661993:subnet/subnet-0573b764ccdbc3012",
            "assign_ipv6_address_on_creation": false,
            "availability_zone": "us-east-1a",
            "availability_zone_id": "use1-az6",
            "cidr_block": "10.0.3.0/24",
            "customer_owned_ipv4_pool": "",
            "enable_dns64": false,
            "enable_lni_at_device_index": 0,
            "enable_resource_name_dns_a_record_on_launch": false,
            "enable_resource_name_dns_aaaa_record_on_launch": false,
            "id": "subnet-0573b764ccdbc3012",
            "ipv6_cidr_block": "",
            "ipv6_cidr_block_association_id": "",
            "ipv6_native": false,
            "map_customer_owned_ip_on_launch": false,
            "map_public_ip_on_launch": false,
            "outpost_arn": "",
            "owner_id": "329599661993",
            "private_dns_hostname_type_on_launch": "ip-name",
            "tags": {
              "Name": "Private Subnet 1"
            },
            "tags_all": {
              "Name": "Private Subnet 1"
            },
            "timeouts": null,
            "vpc_id": "vpc-00696ffa09bf585f1"
          },
          "sensitive_attributes": [],
          "private": "eyJlMmJmYjczMC1lY2FhLTExZTYtOGY4OC0zNDM2M2JjN2M0YzAiOnsiY3JlYXRlIjo2MDAwMDAwMDAwMDAsImRlbGV0ZSI6MTIwMDAwMDAwMDAwMH0sInNjaGVtYV92ZXJzaW9uIjoiMSJ9",
          "dependencies": [
            "module.VPC.aws_vpc.main"
          ]
        },
        {
          "index_key": 1,
          "schema_version": 1,
          "attributes": {
            "arn": "arn:aws:ec2:us-east-1:329599661993:subnet/subnet-03f00a0dec9ab3e57",
            "assign_ipv6_address_on_creation": false,
            "availability_zone": "us-east-1b",
            "availability_zone_id": "use1-az1",
            "cidr_block": "10.0.4.0/24",
            "customer_owned_ipv4_pool": "",
            "enable_dns64": false,
            "enable_lni_at_device_index": 0,
            "enable_resource_name_dns_a_record_on_launch": false,
            "enable_resource_name_dns_aaaa_record_on_launch": false,
            "id": "subnet-03f00a0dec9ab3e57",
            "ipv6_cidr_block": "",
            "ipv6_cidr_block_association_id": "",
            "ipv6_native": false,
            "map_customer_owned_ip_on_launch": false,
            "map_public_ip_on_launch": false,
            "outpost_arn": "",
            "owner_id": "329599661993",
            "private_dns_hostname_type_on_launch": "ip-name",
            "tags": {
              "Name": "Private Subnet 2"
            },
            "tags_all": {
              "Name": "Private Subnet 2"
            },
            "timeouts": null,
            "vpc_id": "vpc-00696ffa09bf585f1"
          },
          "sensitive_attributes": [],
          "private": "eyJlMmJmYjczMC1lY2FhLTExZTYtOGY4OC0zNDM2M2JjN2M0YzAiOnsiY3JlYXRlIjo2MDAwMDAwMDAwMDAsImRlbGV0ZSI6MTIwMDAwMDAwMDAwMH0sInNjaGVtYV92ZXJzaW9uIjoiMSJ9",
          "dependencies": [
            "module.VPC.aws_vpc.main"
          ]
        }
      ]
    },
    {
      "module": "module.VPC",
      "mode": "managed",
      "type": "aws_subnet",
      "name": "public",
      "provider": "provider[\"registry.terraform.io/hashicorp/aws\"]",
      "instances": [
        {
          "index_key": 0,
          "schema_version": 1,
          "attributes": {
            "arn": "arn:aws:ec2:us-east-1:329599661993:subnet/subnet-0ba5f06f7b83a34f9",
            "assign_ipv6_address_on_creation": false,
            "availability_zone": "us-east-1a",
            "availability_zone_id": "use1-az6",
            "cidr_block": "10.0.1.0/24",
            "customer_owned_ipv4_pool": "",
            "enable_dns64": false,
            "enable_lni_at_device_index": 0,
            "enable_resource_name_dns_a_record_on_launch": false,
            "enable_resource_name_dns_aaaa_record_on_launch": false,
            "id": "subnet-0ba5f06f7b83a34f9",
            "ipv6_cidr_block": "",
            "ipv6_cidr_block_association_id": "",
            "ipv6_native": false,
            "map_customer_owned_ip_on_launch": false,
            "map_public_ip_on_launch": true,
            "outpost_arn": "",
            "owner_id": "329599661993",
            "private_dns_hostname_type_on_launch": "ip-name",
            "tags": {
              "Name": "Public Subnet 1"
            },
            "tags_all": {
              "Name": "Public Subnet 1"
            },
            "timeouts": null,
            "vpc_id": "vpc-00696ffa09bf585f1"
          },
          "sensitive_attributes": [],
          "private": "eyJlMmJmYjczMC1lY2FhLTExZTYtOGY4OC0zNDM2M2JjN2M0YzAiOnsiY3JlYXRlIjo2MDAwMDAwMDAwMDAsImRlbGV0ZSI6MTIwMDAwMDAwMDAwMH0sInNjaGVtYV92ZXJzaW9uIjoiMSJ9",
          "dependencies": [
            "module.VPC.aws_vpc.main"
          ]
        },
        {
          "index_key": 1,
          "schema_version": 1,
          "attributes": {
            "arn": "arn:aws:ec2:us-east-1:329599661993:subnet/subnet-0c41b252dc2db2ffd",
            "assign_ipv6_address_on_creation": false,
            "availability_zone": "us-east-1b",
            "availability_zone_id": "use1-az1",
            "cidr_block": "10.0.2.0/24",
            "customer_owned_ipv4_pool": "",
            "enable_dns64": false,
            "enable_lni_at_device_index": 0,
            "enable_resource_name_dns_a_record_on_launch": false,
            "enable_resource_name_dns_aaaa_record_on_launch": false,
            "id": "subnet-0c41b252dc2db2ffd",
            "ipv6_cidr_block": "",
            "ipv6_cidr_block_association_id": "",
            "ipv6_native": false,
            "map_customer_owned_ip_on_launch": false,
            "map_public_ip_on_launch": true,
            "outpost_arn": "",
            "owner_id": "329599661993",
            "private_dns_hostname_type_on_launch": "ip-name",
            "tags": {
              "Name": "Public Subnet 2"
            },
            "tags_all": {
              "Name": "Public Subnet 2"
            },
            "timeouts": null,
            "vpc_id": "vpc-00696ffa09bf585f1"
          },
          "sensitive_attributes": [],
          "private": "eyJlMmJmYjczMC1lY2FhLTExZTYtOGY4OC0zNDM2M2JjN2M0YzAiOnsiY3JlYXRlIjo2MDAwMDAwMDAwMDAsImRlbGV0ZSI6MTIwMDAwMDAwMDAwMH0sInNjaGVtYV92ZXJzaW9uIjoiMSJ9",
          "dependencies": [
            "module.VPC.aws_vpc.main"
          ]
        }
      ]
    },
    {
      "module": "module.VPC",
      "mode": "managed",
      "type": "aws_vpc",
      "name": "main",
      "provider": "provider[\"registry.terraform.io/hashicorp/aws\"]",
      "instances": [
        {
          "schema_version": 1,
          "attributes": {
            "arn": "arn:aws:ec2:us-east-1:329599661993:vpc/vpc-00696ffa09bf585f1",
            "assign_generated_ipv6_cidr_block": false,
            "cidr_block": "10.0.0.0/16",
            "default_network_acl_id": "acl-0073ed89084982ebe",
            "default_route_table_id": "rtb-076fcc51428838b9f",
            "default_security_group_id": "sg-0d6f124108e7bfa7e",
            "dhcp_options_id": "dopt-07658e01e320832f4",
            "enable_dns_hostnames": true,
            "enable_dns_support": true,
            "enable_network_address_usage_metrics": false,
            "id": "vpc-00696ffa09bf585f1",
            "instance_tenancy": "default",
            "ipv4_ipam_pool_id": null,
            "ipv4_netmask_length": null,
            "ipv6_association_id": "",
            "ipv6_cidr_block": "",
            "ipv6_cidr_block_network_border_group": "",
            "ipv6_ipam_pool_id": "",
            "ipv6_netmask_length": 0,
            "main_route_table_id": "rtb-076fcc51428838b9f",
            "owner_id": "329599661993",
            "tags": {
              "Name": "Main VPC"
            },
            "tags_all": {
              "Name": "Main VPC"
            }
          },
          "sensitive_attributes": [],
          "private": "eyJzY2hlbWFfdmVyc2lvbiI6IjEifQ=="
        }
      ]
    },
    {
      "module": "module.eks",
      "mode": "data",
      "type": "aws_eks_cluster_auth",
      "name": "group15",
      "provider": "provider[\"registry.terraform.io/hashicorp/aws\"]",
      "instances": [
        {
          "schema_version": 0,
          "attributes": {
            "id": "group15-cluster",
            "name": "group15-cluster",
            "token": "k8s-aws-v1.aHR0cHM6Ly9zdHMudXMtZWFzdC0xLmFtYXpvbmF3cy5jb20vP0FjdGlvbj1HZXRDYWxsZXJJZGVudGl0eSZWZXJzaW9uPTIwMTEtMDYtMTUmWC1BbXotQWxnb3JpdGhtPUFXUzQtSE1BQy1TSEEyNTYmWC1BbXotQ3JlZGVudGlhbD1BS0lBVVpQTkxXNlVXTlNLU1pNNyUyRjIwMjQxMTMwJTJGdXMtZWFzdC0xJTJGc3RzJTJGYXdzNF9yZXF1ZXN0JlgtQW16LURhdGU9MjAyNDExMzBUMTgyMDQ2WiZYLUFtei1FeHBpcmVzPTAmWC1BbXotU2lnbmVkSGVhZGVycz1ob3N0JTNCeC1rOHMtYXdzLWlkJlgtQW16LVNpZ25hdHVyZT05MWUyNWY2ZTZhMjA4ZWU5YzJiYzc4NDI2NzAwZDlkMzVmODZmMGU0YzdiZDM0ZWUyZWViMGYzNmRhNDc3NWRk"
          },
          "sensitive_attributes": [
            [
              {
                "type": "get_attr",
                "value": "token"
              }
            ]
          ]
        }
      ]
    },
    {
      "module": "module.eks",
      "mode": "data",
      "type": "aws_iam_policy_document",
      "name": "assume_role_policy",
      "provider": "provider[\"registry.terraform.io/hashicorp/aws\"]",
      "instances": [
        {
          "schema_version": 0,
          "attributes": {
            "id": "1244655465",
            "json": "{\n  \"Version\": \"2012-10-17\",\n  \"Statement\": [\n    {\n      \"Effect\": \"Allow\",\n      \"Action\": \"sts:AssumeRoleWithWebIdentity\",\n      \"Principal\": {\n        \"Federated\": \"arn:aws:iam::329599661993:oidc-provider/oidc.eks.us-east-1.amazonaws.com/id/F4C288971DFFBC6F1F77AB14EE382814\"\n      },\n      \"Condition\": {\n        \"StringEquals\": {\n          \"oidc.eks.us-east-1.amazonaws.com/id/F4C288971DFFBC6F1F77AB14EE382814:sub\": \"system:serviceaccount:kube-system:aws-node\"\n        }\n      }\n    }\n  ]\n}",
            "minified_json": "{\"Version\":\"2012-10-17\",\"Statement\":[{\"Effect\":\"Allow\",\"Action\":\"sts:AssumeRoleWithWebIdentity\",\"Principal\":{\"Federated\":\"arn:aws:iam::329599661993:oidc-provider/oidc.eks.us-east-1.amazonaws.com/id/F4C288971DFFBC6F1F77AB14EE382814\"},\"Condition\":{\"StringEquals\":{\"oidc.eks.us-east-1.amazonaws.com/id/F4C288971DFFBC6F1F77AB14EE382814:sub\":\"system:serviceaccount:kube-system:aws-node\"}}}]}",
            "override_json": null,
            "override_policy_documents": null,
            "policy_id": null,
            "source_json": null,
            "source_policy_documents": null,
            "statement": [
              {
                "actions": [
                  "sts:AssumeRoleWithWebIdentity"
                ],
                "condition": [
                  {
                    "test": "StringEquals",
                    "values": [
                      "system:serviceaccount:kube-system:aws-node"
                    ],
                    "variable": "oidc.eks.us-east-1.amazonaws.com/id/F4C288971DFFBC6F1F77AB14EE382814:sub"
                  }
                ],
                "effect": "Allow",
                "not_actions": [],
                "not_principals": [],
                "not_resources": [],
                "principals": [
                  {
                    "identifiers": [
                      "arn:aws:iam::329599661993:oidc-provider/oidc.eks.us-east-1.amazonaws.com/id/F4C288971DFFBC6F1F77AB14EE382814"
                    ],
                    "type": "Federated"
                  }
                ],
                "resources": [],
                "sid": ""
              }
            ],
            "version": "2012-10-17"
          },
          "sensitive_attributes": []
        }
      ]
    },
    {
      "module": "module.eks",
      "mode": "data",
      "type": "tls_certificate",
      "name": "tls",
      "provider": "provider[\"registry.terraform.io/hashicorp/tls\"]",
      "instances": [
        {
          "schema_version": 0,
          "attributes": {
            "certificates": [
              {
                "cert_pem": "-----BEGIN CERTIFICATE-----\nMIIEdTCCA12gAwIBAgIJAKcOSkw0grd/MA0GCSqGSIb3DQEBCwUAMGgxCzAJBgNV\nBAYTAlVTMSUwIwYDVQQKExxTdGFyZmllbGQgVGVjaG5vbG9naWVzLCBJbmMuMTIw\nMAYDVQQLEylTdGFyZmllbGQgQ2xhc3MgMiBDZXJ0aWZpY2F0aW9uIEF1dGhvcml0\neTAeFw0wOTA5MDIwMDAwMDBaFw0zNDA2MjgxNzM5MTZaMIGYMQswCQYDVQQGEwJV\nUzEQMA4GA1UECBMHQXJpem9uYTETMBEGA1UEBxMKU2NvdHRzZGFsZTElMCMGA1UE\nChMcU3RhcmZpZWxkIFRlY2hub2xvZ2llcywgSW5jLjE7MDkGA1UEAxMyU3RhcmZp\nZWxkIFNlcnZpY2VzIFJvb3QgQ2VydGlmaWNhdGUgQXV0aG9yaXR5IC0gRzIwggEi\nMA0GCSqGSIb3DQEBAQUAA4IBDwAwggEKAoIBAQDVDDrEKvlO4vW+GZdfjohTsR8/\ny8+fIBNtKTrID30892t2OGPZNmCom15cAICyL1l/9of5JUOG52kbUpqQ4XHj2C0N\nTm/2yEnZtvMaVq4rtnQU68/7JuMauh2WLmo7WJSJR1b/JaCTcFOD2oR0FMNnngRo\nOt+OQFodSk7PQ5E751bWAHDLUu57fa4657wx+UX2wmDPE1kCK4DMNEffud6QZW0C\nzyyRpqbn3oUYSXxmTqM6bam17jQuug0DuDPfR+uxa40l2ZvOgdFFRjKWcIfeAg5J\nQ4W2bHO7ZOphQazJ1FTfhy/HIrImzJ9ZVGif/L4qL8RVHHVAYBeFAlU5i38FAgMB\nAAGjgfAwge0wDwYDVR0TAQH/BAUwAwEB/zAOBgNVHQ8BAf8EBAMCAYYwHQYDVR0O\nBBYEFJxfAN+qAdcwKziIorhtSpzyEZGDMB8GA1UdIwQYMBaAFL9ft9HO3R+G9FtV\nrNzXEMIOqYjnME8GCCsGAQUFBwEBBEMwQTAcBggrBgEFBQcwAYYQaHR0cDovL28u\nc3MyLnVzLzAhBggrBgEFBQcwAoYVaHR0cDovL3guc3MyLnVzL3guY2VyMCYGA1Ud\nHwQfMB0wG6AZoBeGFWh0dHA6Ly9zLnNzMi51cy9yLmNybDARBgNVHSAECjAIMAYG\nBFUdIAAwDQYJKoZIhvcNAQELBQADggEBACMd44pXyn3pF3lM8R5V/cxTbj5HD9/G\nVfKyBDbtgB9TxF00KGu+x1X8Z+rLP3+QsjPNG1gQggL4+C/1E2DUBc7xgQjB3ad1\nl08YuW3e95ORCLp+QCztweq7dp4zBncdDQh/U90bZKuCJ/Fp1U1ervShw3WnWEQt\n8jxwmKy6abaVd38PMV4s/KCHOkdp8Hlf9BRUpJVeEXgSYCfOn8J3/yNTd126/+pZ\n59vPr5KW7ySaNRB6nJHGDn2Z9j8Z3/VyVOEVqQdZe4O/Ui5GjLIAZHYcSNPYeehu\nVsyuLAOQ1xk4meTKCRlb/weWsKh/NEnfVqn3sF/tM+2MR7cwA130A4w=\n-----END CERTIFICATE-----\n",
                "is_ca": true,
                "issuer": "OU=Starfield Class 2 Certification Authority,O=Starfield Technologies\\, Inc.,C=US",
                "not_after": "2034-06-28T17:39:16Z",
                "not_before": "2009-09-02T00:00:00Z",
                "public_key_algorithm": "RSA",
                "serial_number": "12037640545166866303",
                "sha1_fingerprint": "9e99a48a9960b14926bb7f3b02e22da2b0ab7280",
                "signature_algorithm": "SHA256-RSA",
                "subject": "CN=Starfield Services Root Certificate Authority - G2,O=Starfield Technologies\\, Inc.,L=Scottsdale,ST=Arizona,C=US",
                "version": 3
              },
              {
                "cert_pem": "-----BEGIN CERTIFICATE-----\nMIIEkjCCA3qgAwIBAgITBn+USionzfP6wq4rAfkI7rnExjANBgkqhkiG9w0BAQsF\nADCBmDELMAkGA1UEBhMCVVMxEDAOBgNVBAgTB0FyaXpvbmExEzARBgNVBAcTClNj\nb3R0c2RhbGUxJTAjBgNVBAoTHFN0YXJmaWVsZCBUZWNobm9sb2dpZXMsIEluYy4x\nOzA5BgNVBAMTMlN0YXJmaWVsZCBTZXJ2aWNlcyBSb290IENlcnRpZmljYXRlIEF1\ndGhvcml0eSAtIEcyMB4XDTE1MDUyNTEyMDAwMFoXDTM3MTIzMTAxMDAwMFowOTEL\nMAkGA1UEBhMCVVMxDzANBgNVBAoTBkFtYXpvbjEZMBcGA1UEAxMQQW1hem9uIFJv\nb3QgQ0EgMTCCASIwDQYJKoZIhvcNAQEBBQADggEPADCCAQoCggEBALJ4gHHKeNXj\nca9HgFB0fW7Y14h29Jlo91ghYPl0hAEvrAIthtOgQ3pOsqTQNroBvo3bSMgHFzZM\n9O6II8c+6zf1tRn4SWiw3te5djgdYZ6k/oI2peVKVuRF4fn9tBb6dNqcmzU5L/qw\nIFAGbHrQgLKm+a/sRxmPUDgH3KKHOVj4utWp+UhnMJbulHheb4mjUcAwhmahRWa6\nVOujw5H5SNz/0egwLX0tdHA114gk957EWW67c4cX8jJGKLhD+rcdqsq08p8kDi1L\n93FcXmn/6pUCyziKrlA4b9v7LWIbxcceVOF34GfID5yHI9Y/QCB/IIDEgEw+OyQm\njgSubJrIqg0CAwEAAaOCATEwggEtMA8GA1UdEwEB/wQFMAMBAf8wDgYDVR0PAQH/\nBAQDAgGGMB0GA1UdDgQWBBSEGMyFNOy8DJSULghZnMeyEE4KCDAfBgNVHSMEGDAW\ngBScXwDfqgHXMCs4iKK4bUqc8hGRgzB4BggrBgEFBQcBAQRsMGowLgYIKwYBBQUH\nMAGGImh0dHA6Ly9vY3NwLnJvb3RnMi5hbWF6b250cnVzdC5jb20wOAYIKwYBBQUH\nMAKGLGh0dHA6Ly9jcnQucm9vdGcyLmFtYXpvbnRydXN0LmNvbS9yb290ZzIuY2Vy\nMD0GA1UdHwQ2MDQwMqAwoC6GLGh0dHA6Ly9jcmwucm9vdGcyLmFtYXpvbnRydXN0\nLmNvbS9yb290ZzIuY3JsMBEGA1UdIAQKMAgwBgYEVR0gADANBgkqhkiG9w0BAQsF\nAAOCAQEAYjdCXLwQtT6LLOkMm2xF4gcAevnFWAu5CIw+7bMlPLVvUOTNNWqnkzSW\nMiGpSESrnO09tKpzbeR/FoCJbM8oAxiDR3mjEH4wW6w7sGDgd9QIpuEdfF7Au/ma\neyKdpwAJfqxGF4PcnCZXmTA5YpaP7dreqsXMGz7KQ2hsVxa81Q4gLv7/wmpdLqBK\nbRRYh5TmOTFffHPLkIhqhBGWJ6bt2YFGpn6jcgAKUj6DiAdjd4lpFw85hdKrCEVN\n0FE6/V1dN2RMfjCyVSRCnTawXZwXgWHxyvkQAiSr6w10kY17RSlQOYiypok1JR4U\nakcjMS9cmvqtmg5iUaQqqcT5NJ0hGA==\n-----END CERTIFICATE-----\n",
                "is_ca": true,
                "issuer": "CN=Starfield Services Root Certificate Authority - G2,O=Starfield Technologies\\, Inc.,L=Scottsdale,ST=Arizona,C=US",
                "not_after": "2037-12-31T01:00:00Z",
                "not_before": "2015-05-25T12:00:00Z",
                "public_key_algorithm": "RSA",
                "serial_number": "144918191876577076464031512351042010504348870",
                "sha1_fingerprint": "06b25927c42a721631c1efd9431e648fa62e1e39",
                "signature_algorithm": "SHA256-RSA",
                "subject": "CN=Amazon Root CA 1,O=Amazon,C=US",
                "version": 3
              },
              {
                "cert_pem": "-----BEGIN CERTIFICATE-----\nMIIEXjCCA0agAwIBAgITB3MSSkvL1E7HtTvq8ZSELToPoTANBgkqhkiG9w0BAQsF\nADA5MQswCQYDVQQGEwJVUzEPMA0GA1UEChMGQW1hem9uMRkwFwYDVQQDExBBbWF6\nb24gUm9vdCBDQSAxMB4XDTIyMDgyMzIyMjUzMFoXDTMwMDgyMzIyMjUzMFowPDEL\nMAkGA1UEBhMCVVMxDzANBgNVBAoTBkFtYXpvbjEcMBoGA1UEAxMTQW1hem9uIFJT\nQSAyMDQ4IE0wMjCCASIwDQYJKoZIhvcNAQEBBQADggEPADCCAQoCggEBALtDGMZa\nqHneKei1by6+pUPPLljTB143Si6VpEWPc6mSkFhZb/6qrkZyoHlQLbDYnI2D7hD0\nsdzEqfnuAjIsuXQLG3A8TvX6V3oFNBFVe8NlLJHvBseKY88saLwufxkZVwk74g4n\nWlNMXzla9Y5F3wwRHwMVH443xGz6UtGSZSqQ94eFx5X7Tlqt8whi8qCaKdZ5rNak\n+r9nUThOeClqFd4oXych//Rc7Y0eX1KNWHYSI1Nk31mYgiK3JvH063g+K9tHA63Z\neTgKgndlh+WI+zv7i44HepRZjA1FYwYZ9Vv/9UkC5Yz8/yU65fgjaE+wVHM4e/Yy\nC2osrPWE7gJ+dXMCAwEAAaOCAVowggFWMBIGA1UdEwEB/wQIMAYBAf8CAQAwDgYD\nVR0PAQH/BAQDAgGGMB0GA1UdJQQWMBQGCCsGAQUFBwMBBggrBgEFBQcDAjAdBgNV\nHQ4EFgQUwDFSzVpQw4J8dHHOy+mc+XrrguIwHwYDVR0jBBgwFoAUhBjMhTTsvAyU\nlC4IWZzHshBOCggwewYIKwYBBQUHAQEEbzBtMC8GCCsGAQUFBzABhiNodHRwOi8v\nb2NzcC5yb290Y2ExLmFtYXpvbnRydXN0LmNvbTA6BggrBgEFBQcwAoYuaHR0cDov\nL2NydC5yb290Y2ExLmFtYXpvbnRydXN0LmNvbS9yb290Y2ExLmNlcjA/BgNVHR8E\nODA2MDSgMqAwhi5odHRwOi8vY3JsLnJvb3RjYTEuYW1hem9udHJ1c3QuY29tL3Jv\nb3RjYTEuY3JsMBMGA1UdIAQMMAowCAYGZ4EMAQIBMA0GCSqGSIb3DQEBCwUAA4IB\nAQAtTi6Fs0Azfi+iwm7jrz+CSxHH+uHl7Law3MQSXVtR8RV53PtR6r/6gNpqlzdo\nZq4FKbADi1v9Bun8RY8D51uedRfjsbeodizeBB8nXmeyD33Ep7VATj4ozcd31YFV\nfgRhvTSxNrrTlNpWkUk0m3BMPv8sg381HhA6uEYokE5q9uws/3YkKqRiEz3TsaWm\nJqIRZhMbgAfp7O7FUwFIb7UIspogZSKxPIWJpxiPo3TcBambbVtQOcNRWz5qCQdD\nslI2yayq0n2TXoHyNCLEH8rpsJRVILFsg0jc7BaFrMnF462+ajSehgj12IidNeRN\n4zl+EoNaWdpnWndvSpAEkq2P\n-----END CERTIFICATE-----\n",
                "is_ca": true,
                "issuer": "CN=Amazon Root CA 1,O=Amazon,C=US",
                "not_after": "2030-08-23T22:25:30Z",
                "not_before": "2022-08-23T22:25:30Z",
                "public_key_algorithm": "RSA",
                "serial_number": "166129353110899469622597955040406457904926625",
                "sha1_fingerprint": "414a2060b738c635cc7fc243e052615592830c53",
                "signature_algorithm": "SHA256-RSA",
                "subject": "CN=Amazon RSA 2048 M02,O=Amazon,C=US",
                "version": 3
              },
              {
                "cert_pem": "-----BEGIN CERTIFICATE-----\nMIIF5TCCBM2gAwIBAgIQCJL9XGbawpZ6IsGGvDqdyDANBgkqhkiG9w0BAQsFADA8\nMQswCQYDVQQGEwJVUzEPMA0GA1UEChMGQW1hem9uMRwwGgYDVQQDExNBbWF6b24g\nUlNBIDIwNDggTTAyMB4XDTI0MDMyODAwMDAwMFoXDTI1MDQyNjIzNTk1OVowKDEm\nMCQGA1UEAwwdKi5la3MudXMtZWFzdC0xLmFtYXpvbmF3cy5jb20wggEiMA0GCSqG\nSIb3DQEBAQUAA4IBDwAwggEKAoIBAQC4iVpgxjgOmMKdC2tYTHa9yzuuLdYCjpC6\nxN1VgI71uTiSxUGf6R3N/Rdk5vjz2COu3fsVgMh6cCpqrPlxU/5uP0/DFfQGdVxB\nbZ4vYRC9jIbgyKmwqOEJMD/9B3iGHz3KpBpnXDcuulqWsCtuuqxjnMLL4h1UdOeA\nPNwhOyQxKMHl+LfrCZeCuehKch+XM/8lhdKgYyLp8o1Nm7IsNG1aN6iNoZ6rxEyU\nVw6fV+pZDaIrxkYf7unQrAfUWR122pXGzWRtv5VGZLjrci8ev4ZpgGViIzb2LOqT\nFm8gde6aURlAm4uMDFzmZ/iOqEV+52vO9Z0E6Yo5M3dJZqQo7uUpAgMBAAGjggL1\nMIIC8TAfBgNVHSMEGDAWgBTAMVLNWlDDgnx0cc7L6Zz5euuC4jAdBgNVHQ4EFgQU\nhG1ZDKa76htLZVXP+E3P3GnYHjEwKAYDVR0RBCEwH4IdKi5la3MudXMtZWFzdC0x\nLmFtYXpvbmF3cy5jb20wEwYDVR0gBAwwCjAIBgZngQwBAgEwDgYDVR0PAQH/BAQD\nAgWgMB0GA1UdJQQWMBQGCCsGAQUFBwMBBggrBgEFBQcDAjA7BgNVHR8ENDAyMDCg\nLqAshipodHRwOi8vY3JsLnIybTAyLmFtYXpvbnRydXN0LmNvbS9yMm0wMi5jcmww\ndQYIKwYBBQUHAQEEaTBnMC0GCCsGAQUFBzABhiFodHRwOi8vb2NzcC5yMm0wMi5h\nbWF6b250cnVzdC5jb20wNgYIKwYBBQUHMAKGKmh0dHA6Ly9jcnQucjJtMDIuYW1h\nem9udHJ1c3QuY29tL3IybTAyLmNlcjAMBgNVHRMBAf8EAjAAMIIBfQYKKwYBBAHW\neQIEAgSCAW0EggFpAWcAdgDPEVbu1S58r/OHW9lpLpvpGnFnSrAX7KwB0lt3zsw7\nCAAAAY6HAoTcAAAEAwBHMEUCIHI392+k5Ds777nM4CwNr+xjjCr49CQ/vHIJDZJX\nokM7AiEA++VPDyyMLijPy0GR8ZBIvAcrYbjfJXTF3GkizeJLVJIAdgB9WR4S4Xgq\nexxhZ3xe/fjQh1wUoE6VnrkDL9kOjC55uAAAAY6HAoTeAAAEAwBHMEUCICBkhMaf\n9gdR3bCbLxXFbHNEXUh7t3P/SxaUKDcE6UmIAiEA25zZ9aBt/mrhDcMc155V8qnw\nadTEqttLdP4XMEmMsPAAdQDm0jFjQHeMwRBBBtdxuc7B0kD2loSG+7qHMh39HjeO\nUAAAAY6HAoTxAAAEAwBGMEQCIFFF4kpqcNgHFzRi2cnL4HbNApZlnlc+Re9IyYXi\nCldqAiBkZUgs12iu2uWGU97VUAICt2+zZkhjUV3i+O3kYh1yrTANBgkqhkiG9w0B\nAQsFAAOCAQEAWY5OxR7rWtYFS09xAYYIHlBF7wdUxQH60zi/IqAHZIRCFI1xHdsJ\n0BUv30lLyiGtVr4DheBo81/IErBRpXmSkdoDJA+5d/Jz3EFtbrVogjESALAgBfSG\nuJX0QLshjyTl9O2r00qkxIhbKmSPSl9JQVxqt2jTaB6pD3SjWX6U+l397Ns1L6pI\nb1418oVo7LeHwEeEx6APMIyjzlfcXdCHA6lVKeiNF8SH+QW+h6ZOpGXJIU6llBjg\nWAhscqrGRj1APpuKWGVkVCweAjIOcEuWV8Fqmfp1h9jmeUkG6SoBifrl41PvhK0o\nqQ3LlAF6Op6n7JLa2rlXkf6LienZDVlSuQ==\n-----END CERTIFICATE-----\n",
                "is_ca": false,
                "issuer": "CN=Amazon RSA 2048 M02,O=Amazon,C=US",
                "not_after": "2025-04-26T23:59:59Z",
                "not_before": "2024-03-28T00:00:00Z",
                "public_key_algorithm": "RSA",
                "serial_number": "11397038078078022747295509550808604104",
                "sha1_fingerprint": "9451ad2b53c7f41fab22886cc07d482085336561",
                "signature_algorithm": "SHA256-RSA",
                "subject": "CN=*.eks.us-east-1.amazonaws.com",
                "version": 3
              }
            ],
            "content": null,
            "id": "99d41e43229a4cdaf4141f3e8310e6d95c31dab9",
            "url": "https://oidc.eks.us-east-1.amazonaws.com/id/F4C288971DFFBC6F1F77AB14EE382814",
            "verify_chain": true
          },
          "sensitive_attributes": []
        }
      ]
    },
    {
      "module": "module.eks",
      "mode": "managed",
      "type": "aws_eks_cluster",
      "name": "this",
      "provider": "provider[\"registry.terraform.io/hashicorp/aws\"]",
      "instances": [
        {
          "schema_version": 1,
          "attributes": {
            "access_config": [
              {
                "authentication_mode": "API_AND_CONFIG_MAP",
                "bootstrap_cluster_creator_admin_permissions": true
              }
            ],
            "arn": "arn:aws:eks:us-east-1:329599661993:cluster/group15-cluster",
            "bootstrap_self_managed_addons": true,
            "certificate_authority": [
              {
                "data": "LS0tLS1CRUdJTiBDRVJUSUZJQ0FURS0tLS0tCk1JSURCVENDQWUyZ0F3SUJBZ0lJYmpmV3pPS3Z1VXd3RFFZSktvWklodmNOQVFFTEJRQXdGVEVUTUJFR0ExVUUKQXhNS2EzVmlaWEp1WlhSbGN6QWVGdzB5TkRFeE16QXhOalF3TkRCYUZ3MHpOREV4TWpneE5qUTFOREJhTUJVeApFekFSQmdOVkJBTVRDbXQxWW1WeWJtVjBaWE13Z2dFaU1BMEdDU3FHU0liM0RRRUJBUVVBQTRJQkR3QXdnZ0VLCkFvSUJBUUNuWnFqaFFnbFpzdkNxenZDWm81K1JIa3k2MG5LWkFEWUdrck5JSHVZNWcwTUZGdWU5eXFGSklLYW8KYlgzNWdRZHBPc0FFYjNtZWZHS3cyZCszTGtudlhoSHUrYXVjMndySWVaV0lpbHRpWFhxT0htYmVSZ0ZKcHVYdQpxaGRkZnhEVWc0QlJZcmM2RzBjT2ptUmpnVGlBK1pZaVduV2t2a0pxUlA1TWd1RDJLM3pZWkxZRWRZVkc5cWN4CjBjMVBYYU5BWjRZT3JiMUgyTUJyNy9YQlNmVk1obG91L210WGZQZEVKc0FvZEN0UHlZektUamZyZkNhMzk0S3MKN01mT2FERTJSVU9uSFhSOC8xZUxMb05VbzBRVFNvRXpXMlNxb2Z1RVQzbmJ4ZFdhWDhGajFhTVF3RlRUTnN2QQphRThQVDdzeklRNHMrU3NZWlRlejJFUitUYmJkQWdNQkFBR2pXVEJYTUE0R0ExVWREd0VCL3dRRUF3SUNwREFQCkJnTlZIUk1CQWY4RUJUQURBUUgvTUIwR0ExVWREZ1FXQkJTVmZra1BRM1FCeXZ6S3FpenRQVGJuTkJKSkxqQVYKQmdOVkhSRUVEakFNZ2dwcmRXSmxjbTVsZEdWek1BMEdDU3FHU0liM0RRRUJDd1VBQTRJQkFRQ1hHWnRVTUJwNwp4eTZkVzczVElIT1NiKytKMENQZzF0eHVLMTVJUVYzTDAyYnFRTVVuY0xxNU02QmRRbGpTT2xMVWhiSDZWeHY1CjhLL1FqVktZcmFzMHBWYXovU1B5YmJKTzJhQzJIcGR6cm9IY0J3U21NdTJEOHRZL1pWc2tyTDcxR3ZKZ3hsUmMKMzZrdkc2UWE5VktBU1h4NTgreDlnQy90RnVsa3d3a3BRaXNGTFhUZktrOW5KSUdtaFBvYWgweUgxS1Z2UG8rMApJd1RrR2R3SGl1MGZteXlKRGZkM21GM3hvZkg0ZnlYUUloVFZFaUJlNGZmd3hZZXg2N3RuZ3JyazFkZlMyeE1wClgzdjZiOW9CeEUxdCtXSTZyanN1N0VQY3QwanZCaERGLzU3V0xyZlZUUC9wRzZmQVVvc21HR3Q1aHhOaytwZnUKWllGc1RUelNxRGJhCi0tLS0tRU5EIENFUlRJRklDQVRFLS0tLS0K"
              }
            ],
            "cluster_id": null,
            "created_at": "2024-11-30T16:41:02Z",
            "enabled_cluster_log_types": [],
            "encryption_config": [],
            "endpoint": "https://F4C288971DFFBC6F1F77AB14EE382814.gr7.us-east-1.eks.amazonaws.com",
            "id": "group15-cluster",
            "identity": [
              {
                "oidc": [
                  {
                    "issuer": "https://oidc.eks.us-east-1.amazonaws.com/id/F4C288971DFFBC6F1F77AB14EE382814"
                  }
                ]
              }
            ],
            "kubernetes_network_config": [
              {
                "ip_family": "ipv4",
                "service_ipv4_cidr": "172.20.0.0/16",
                "service_ipv6_cidr": ""
              }
            ],
            "name": "group15-cluster",
            "outpost_config": [],
            "platform_version": "eks.12",
            "role_arn": "arn:aws:iam::329599661993:role/group15-eks-cluster-role",
            "status": "ACTIVE",
            "tags": {},
            "tags_all": {},
            "timeouts": null,
            "upgrade_policy": [
              {
                "support_type": "EXTENDED"
              }
            ],
            "version": "1.31",
            "vpc_config": [
              {
                "cluster_security_group_id": "sg-0771ee9cb8e07601d",
                "endpoint_private_access": true,
                "endpoint_public_access": true,
                "public_access_cidrs": [
                  "0.0.0.0/0"
                ],
                "security_group_ids": [],
                "subnet_ids": [
                  "subnet-03f00a0dec9ab3e57",
                  "subnet-0573b764ccdbc3012",
                  "subnet-0ba5f06f7b83a34f9",
                  "subnet-0c41b252dc2db2ffd"
                ],
                "vpc_id": "vpc-00696ffa09bf585f1"
              }
            ],
            "zonal_shift_config": []
          },
          "sensitive_attributes": [],
          "private": "eyJlMmJmYjczMC1lY2FhLTExZTYtOGY4OC0zNDM2M2JjN2M0YzAiOnsiY3JlYXRlIjoxODAwMDAwMDAwMDAwLCJkZWxldGUiOjkwMDAwMDAwMDAwMCwidXBkYXRlIjozNjAwMDAwMDAwMDAwfSwic2NoZW1hX3ZlcnNpb24iOiIxIn0=",
          "dependencies": [
            "module.VPC.aws_default_security_group.default",
            "module.VPC.aws_internet_gateway.main",
            "module.VPC.aws_subnet.private",
            "module.VPC.aws_subnet.public",
            "module.VPC.aws_vpc.main",
            "module.iam.aws_iam_role.eks_cluster_role",
            "module.iam.aws_iam_role.eks_worker_node_role",
            "module.iam.aws_iam_role_policy_attachment.eks_cluster_role-AmazonEKSClusterPolicy",
            "module.iam.aws_iam_role_policy_attachment.eks_worker_node_role-AmazonEC2ContainerRegistryReadOnly",
            "module.iam.aws_iam_role_policy_attachment.eks_worker_node_role-AmazonEKSWorkerNodePolicy",
            "module.iam.aws_iam_role_policy_attachment.eks_worker_node_role-AmazonEKS_CNI_Policy",
            "module.iam.data.aws_iam_policy_document.assume_role"
          ]
        }
      ]
    },
    {
      "module": "module.eks",
      "mode": "managed",
      "type": "aws_eks_node_group",
      "name": "public",
      "provider": "provider[\"registry.terraform.io/hashicorp/aws\"]",
      "instances": [
        {
          "schema_version": 0,
          "attributes": {
            "ami_type": "AL2023_x86_64_STANDARD",
            "arn": "arn:aws:eks:us-east-1:329599661993:nodegroup/group15-cluster/group15-public-node-group/40c9befd-524b-7b68-8563-91873b30a2d9",
            "capacity_type": "ON_DEMAND",
            "cluster_name": "group15-cluster",
            "disk_size": 20,
            "force_update_version": null,
            "id": "group15-cluster:group15-public-node-group",
            "instance_types": [
              "t3.medium"
            ],
            "labels": {},
            "launch_template": [],
            "node_group_name": "group15-public-node-group",
            "node_group_name_prefix": "",
            "node_role_arn": "arn:aws:iam::329599661993:role/group15-worker-node-role",
            "release_version": "1.31.2-20241121",
            "remote_access": [
              {
                "ec2_ssh_key": "lxlso1",
                "source_security_group_ids": []
              }
            ],
            "resources": [
              {
                "autoscaling_groups": [
                  {
                    "name": "eks-group15-public-node-group-40c9befd-524b-7b68-8563-91873b30a2d9"
                  }
                ],
                "remote_access_security_group_id": "sg-0252e265d18542578"
              }
            ],
            "scaling_config": [
              {
                "desired_size": 1,
                "max_size": 3,
                "min_size": 1
              }
            ],
            "status": "ACTIVE",
            "subnet_ids": [
              "subnet-0ba5f06f7b83a34f9",
              "subnet-0c41b252dc2db2ffd"
            ],
            "tags": {},
            "tags_all": {},
            "taint": [],
            "timeouts": null,
            "update_config": [
              {
                "max_unavailable": 1,
                "max_unavailable_percentage": 0
              }
            ],
            "version": "1.31"
          },
          "sensitive_attributes": [],
          "private": "eyJlMmJmYjczMC1lY2FhLTExZTYtOGY4OC0zNDM2M2JjN2M0YzAiOnsiY3JlYXRlIjozNjAwMDAwMDAwMDAwLCJkZWxldGUiOjM2MDAwMDAwMDAwMDAsInVwZGF0ZSI6MzYwMDAwMDAwMDAwMH19",
          "dependencies": [
            "module.VPC.aws_default_security_group.default",
            "module.VPC.aws_internet_gateway.main",
            "module.VPC.aws_subnet.private",
            "module.VPC.aws_subnet.public",
            "module.VPC.aws_vpc.main",
            "module.eks.aws_eks_cluster.this",
            "module.iam.aws_iam_role.eks_cluster_role",
            "module.iam.aws_iam_role.eks_worker_node_role",
            "module.iam.aws_iam_role_policy_attachment.eks_cluster_role-AmazonEKSClusterPolicy",
            "module.iam.aws_iam_role_policy_attachment.eks_worker_node_role-AmazonEC2ContainerRegistryReadOnly",
            "module.iam.aws_iam_role_policy_attachment.eks_worker_node_role-AmazonEKSWorkerNodePolicy",
            "module.iam.aws_iam_role_policy_attachment.eks_worker_node_role-AmazonEKS_CNI_Policy",
            "module.iam.data.aws_iam_policy_document.assume_role"
          ]
        }
      ]
    },
    {
      "module": "module.eks",
      "mode": "managed",
      "type": "aws_iam_openid_connect_provider",
      "name": "openid_connect_provider",
      "provider": "provider[\"registry.terraform.io/hashicorp/aws\"]",
      "instances": [
        {
          "schema_version": 0,
          "attributes": {
            "arn": "arn:aws:iam::329599661993:oidc-provider/oidc.eks.us-east-1.amazonaws.com/id/F4C288971DFFBC6F1F77AB14EE382814",
            "client_id_list": [
              "sts.amazonaws.com"
            ],
            "id": "arn:aws:iam::329599661993:oidc-provider/oidc.eks.us-east-1.amazonaws.com/id/F4C288971DFFBC6F1F77AB14EE382814",
            "tags": {},
            "tags_all": {},
            "thumbprint_list": [
              "9e99a48a9960b14926bb7f3b02e22da2b0ab7280"
            ],
            "url": "oidc.eks.us-east-1.amazonaws.com/id/F4C288971DFFBC6F1F77AB14EE382814"
          },
          "sensitive_attributes": [],
          "private": "bnVsbA==",
          "dependencies": [
            "module.VPC.aws_default_security_group.default",
            "module.VPC.aws_internet_gateway.main",
            "module.VPC.aws_subnet.private",
            "module.VPC.aws_subnet.public",
            "module.VPC.aws_vpc.main",
            "module.eks.aws_eks_cluster.this",
            "module.eks.data.tls_certificate.tls",
            "module.iam.aws_iam_role.eks_cluster_role",
            "module.iam.aws_iam_role.eks_worker_node_role",
            "module.iam.aws_iam_role_policy_attachment.eks_cluster_role-AmazonEKSClusterPolicy",
            "module.iam.aws_iam_role_policy_attachment.eks_worker_node_role-AmazonEC2ContainerRegistryReadOnly",
            "module.iam.aws_iam_role_policy_attachment.eks_worker_node_role-AmazonEKSWorkerNodePolicy",
            "module.iam.aws_iam_role_policy_attachment.eks_worker_node_role-AmazonEKS_CNI_Policy",
            "module.iam.data.aws_iam_policy_document.assume_role"
          ]
        }
      ]
    },
    {
      "module": "module.iam",
      "mode": "data",
      "type": "aws_iam_policy_document",
      "name": "assume_role",
      "provider": "provider[\"registry.terraform.io/hashicorp/aws\"]",
      "instances": [
        {
          "schema_version": 0,
          "attributes": {
            "id": "3552664922",
            "json": "{\n  \"Version\": \"2012-10-17\",\n  \"Statement\": [\n    {\n      \"Effect\": \"Allow\",\n      \"Action\": \"sts:AssumeRole\",\n      \"Principal\": {\n        \"Service\": \"eks.amazonaws.com\"\n      }\n    }\n  ]\n}",
            "minified_json": "{\"Version\":\"2012-10-17\",\"Statement\":[{\"Effect\":\"Allow\",\"Action\":\"sts:AssumeRole\",\"Principal\":{\"Service\":\"eks.amazonaws.com\"}}]}",
            "override_json": null,
            "override_policy_documents": null,
            "policy_id": null,
            "source_json": null,
            "source_policy_documents": null,
            "statement": [
              {
                "actions": [
                  "sts:AssumeRole"
                ],
                "condition": [],
                "effect": "Allow",
                "not_actions": [],
                "not_principals": [],
                "not_resources": [],
                "principals": [
                  {
                    "identifiers": [
                      "eks.amazonaws.com"
                    ],
                    "type": "Service"
                  }
                ],
                "resources": [],
                "sid": ""
              }
            ],
            "version": "2012-10-17"
          },
          "sensitive_attributes": []
        }
      ]
    },
    {
      "module": "module.iam",
      "mode": "managed",
      "type": "aws_iam_role",
      "name": "eks_cluster_role",
      "provider": "provider[\"registry.terraform.io/hashicorp/aws\"]",
      "instances": [
        {
          "schema_version": 0,
          "attributes": {
            "arn": "arn:aws:iam::329599661993:role/group15-eks-cluster-role",
            "assume_role_policy": "{\"Statement\":[{\"Action\":\"sts:AssumeRole\",\"Effect\":\"Allow\",\"Principal\":{\"Service\":\"eks.amazonaws.com\"}}],\"Version\":\"2012-10-17\"}",
            "create_date": "2024-11-30T16:40:32Z",
            "description": "",
            "force_detach_policies": false,
            "id": "group15-eks-cluster-role",
            "inline_policy": [],
            "managed_policy_arns": [
              "arn:aws:iam::aws:policy/AmazonEKSClusterPolicy"
            ],
            "max_session_duration": 3600,
            "name": "group15-eks-cluster-role",
            "name_prefix": "",
            "path": "/",
            "permissions_boundary": "",
            "tags": {},
            "tags_all": {},
            "unique_id": "AROAUZPNLW6UZ6VZMEM2H"
          },
          "sensitive_attributes": [],
          "private": "bnVsbA==",
          "dependencies": [
            "module.iam.data.aws_iam_policy_document.assume_role"
          ]
        }
      ]
    },
    {
      "module": "module.iam",
      "mode": "managed",
      "type": "aws_iam_role",
      "name": "eks_worker_node_role",
      "provider": "provider[\"registry.terraform.io/hashicorp/aws\"]",
      "instances": [
        {
          "schema_version": 0,
          "attributes": {
            "arn": "arn:aws:iam::329599661993:role/group15-worker-node-role",
            "assume_role_policy": "{\"Statement\":[{\"Action\":\"sts:AssumeRole\",\"Effect\":\"Allow\",\"Principal\":{\"Service\":\"ec2.amazonaws.com\"}}],\"Version\":\"2012-10-17\"}",
            "create_date": "2024-11-30T16:40:32Z",
            "description": "",
            "force_detach_policies": false,
            "id": "group15-worker-node-role",
            "inline_policy": [],
            "managed_policy_arns": [
              "arn:aws:iam::aws:policy/AmazonEC2ContainerRegistryReadOnly",
              "arn:aws:iam::aws:policy/AmazonEKSWorkerNodePolicy",
              "arn:aws:iam::aws:policy/AmazonEKS_CNI_Policy"
            ],
            "max_session_duration": 3600,
            "name": "group15-worker-node-role",
            "name_prefix": "",
            "path": "/",
            "permissions_boundary": "",
            "tags": {},
            "tags_all": {},
            "unique_id": "AROAUZPNLW6U7DTNJVJEE"
          },
          "sensitive_attributes": [],
          "private": "bnVsbA=="
        }
      ]
    },
    {
      "module": "module.iam",
      "mode": "managed",
      "type": "aws_iam_role_policy_attachment",
      "name": "eks_cluster_role-AmazonEKSClusterPolicy",
      "provider": "provider[\"registry.terraform.io/hashicorp/aws\"]",
      "instances": [
        {
          "schema_version": 0,
          "attributes": {
            "id": "group15-eks-cluster-role-20241130164035464600000004",
            "policy_arn": "arn:aws:iam::aws:policy/AmazonEKSClusterPolicy",
            "role": "group15-eks-cluster-role"
          },
          "sensitive_attributes": [],
          "private": "bnVsbA==",
          "dependencies": [
            "module.iam.aws_iam_role.eks_cluster_role",
            "module.iam.data.aws_iam_policy_document.assume_role"
          ]
        }
      ]
    },
    {
      "module": "module.iam",
      "mode": "managed",
      "type": "aws_iam_role_policy_attachment",
      "name": "eks_worker_node_role-AmazonEC2ContainerRegistryReadOnly",
      "provider": "provider[\"registry.terraform.io/hashicorp/aws\"]",
      "instances": [
        {
          "schema_version": 0,
          "attributes": {
            "id": "group15-worker-node-role-20241130164033740600000002",
            "policy_arn": "arn:aws:iam::aws:policy/AmazonEC2ContainerRegistryReadOnly",
            "role": "group15-worker-node-role"
          },
          "sensitive_attributes": [],
          "private": "bnVsbA==",
          "dependencies": [
            "module.iam.aws_iam_role.eks_worker_node_role"
          ]
        }
      ]
    },
    {
      "module": "module.iam",
      "mode": "managed",
      "type": "aws_iam_role_policy_attachment",
      "name": "eks_worker_node_role-AmazonEKSWorkerNodePolicy",
      "provider": "provider[\"registry.terraform.io/hashicorp/aws\"]",
      "instances": [
        {
          "schema_version": 0,
          "attributes": {
            "id": "group15-worker-node-role-20241130164033671300000001",
            "policy_arn": "arn:aws:iam::aws:policy/AmazonEKSWorkerNodePolicy",
            "role": "group15-worker-node-role"
          },
          "sensitive_attributes": [],
          "private": "bnVsbA==",
          "dependencies": [
            "module.iam.aws_iam_role.eks_worker_node_role"
          ]
        }
      ]
    },
    {
      "module": "module.iam",
      "mode": "managed",
      "type": "aws_iam_role_policy_attachment",
      "name": "eks_worker_node_role-AmazonEKS_CNI_Policy",
      "provider": "provider[\"registry.terraform.io/hashicorp/aws\"]",
      "instances": [
        {
          "schema_version": 0,
          "attributes": {
            "id": "group15-worker-node-role-20241130164034829000000003",
            "policy_arn": "arn:aws:iam::aws:policy/AmazonEKS_CNI_Policy",
            "role": "group15-worker-node-role"
          },
          "sensitive_attributes": [],
          "private": "bnVsbA==",
          "dependencies": [
            "module.iam.aws_iam_role.eks_worker_node_role"
          ]
        }
      ]
    },
    {
      "module": "module.keypair",
      "mode": "managed",
      "type": "aws_key_pair",
      "name": "this",
      "provider": "provider[\"registry.terraform.io/hashicorp/aws\"]",
      "instances": [
        {
          "schema_version": 1,
          "attributes": {
            "arn": "arn:aws:ec2:us-east-1:329599661993:key-pair/lxlso1",
            "fingerprint": "bb:ec:79:c0:0e:6d:b1:d6:f2:c0:f0:ff:91:bd:14:2f",
            "id": "lxlso1",
            "key_name": "lxlso1",
            "key_name_prefix": "",
            "key_pair_id": "key-013d813c5f6058552",
            "key_type": "rsa",
            "public_key": "ssh-rsa AAAAB3NzaC1yc2EAAAADAQABAAABAQDHF1tlyL+8WAy/ijVVMjjhoovijIiArHSHBzA2E4r0UeREpghSTPrztxYi6PAFMmxILkwSLpG1kP3qS5w4DoG+98Ie3WzkYnBLbOlRsAjO8eFhNOP81eGaNaG2d4twFf6EVFaVhX8bK8fKxTBBV/Us/jGVA9w6p7KbE9JmJfwquxsokkM0Ck5pgCMSpn/QrSGISCE0C5my4YEDX5ZlEdmJCRvXlU5OAxtuOWcz8pUfyQus4u7kqEeXq3k59JTZdzWkDJkkL069IuTpeh1dwTcfP4PT4BY4XUvD6J3T4X2i7QrKWILB75xxqXeqrk7zVOELaw2GRjeL2DCMCU+MihGn",
            "tags": {},
            "tags_all": {}
          },
          "sensitive_attributes": [],
          "private": "eyJzY2hlbWFfdmVyc2lvbiI6IjEifQ==",
          "dependencies": [
            "module.keypair.tls_private_key.this"
          ]
        }
      ]
    },
    {
      "module": "module.keypair",
      "mode": "managed",
      "type": "tls_private_key",
      "name": "this",
      "provider": "provider[\"registry.terraform.io/hashicorp/tls\"]",
      "instances": [
        {
          "index_key": 0,
          "schema_version": 1,
          "attributes": {
            "algorithm": "RSA",
            "ecdsa_curve": "P224",
            "id": "7924febffe5d8c248ce753125699477b847d57d5",
            "private_key_openssh": "-----BEGIN OPENSSH PRIVATE KEY-----\nb3BlbnNzaC1rZXktdjEAAAAABG5vbmUAAAAEbm9uZQAAAAAAAAABAAABFwAAAAdz\nc2gtcnNhAAAAAwEAAQAAAQEAxxdbZci/vFgMv4o1VTI44aKL4oyIgKx0hwcwNhOK\n9FHkRKYIUkz687cWIujwBTJsSC5MEi6RtZD96kucOA6BvvfCHt1s5GJwS2zpUbAI\nzvHhYTTj/NXhmjWhtneLcBX+hFRWlYV/GyvHysUwQVf1LP4xlQPcOqeymxPSZiX8\nKrsbKJJDNApOaYAjEqZ/0K0hiEghNAuZsuGBA1+WZRHZiQkb15VOTgMbbjlnM/KV\nH8kLrOLu5KhHl6t5OfSU2Xc1pAyZJC9OvSLk6XodXcE3Hz+D0+AWOF1Lw+id0+F9\nou0KyliCwe+ccal3qq5O81ThC2sNhkY3i9gwjAlPjIoRpwAAA7gAVWshAFVrIQAA\nAAdzc2gtcnNhAAABAQDHF1tlyL+8WAy/ijVVMjjhoovijIiArHSHBzA2E4r0UeRE\npghSTPrztxYi6PAFMmxILkwSLpG1kP3qS5w4DoG+98Ie3WzkYnBLbOlRsAjO8eFh\nNOP81eGaNaG2d4twFf6EVFaVhX8bK8fKxTBBV/Us/jGVA9w6p7KbE9JmJfwquxso\nkkM0Ck5pgCMSpn/QrSGISCE0C5my4YEDX5ZlEdmJCRvXlU5OAxtuOWcz8pUfyQus\n4u7kqEeXq3k59JTZdzWkDJkkL069IuTpeh1dwTcfP4PT4BY4XUvD6J3T4X2i7QrK\nWILB75xxqXeqrk7zVOELaw2GRjeL2DCMCU+MihGnAAAAAwEAAQAAAQEAiOEUI5yr\nxlA7I41gMZz/4pGg3zeDugPXceaNTQCOrn+HE3ObkQoAF4OvIn1IWCpcrBu4jV+b\nKlvvVyB43UmMBsHMou/VqAfN8O2GVHVU+QLv06dLgE+EdkOdVRhHs95LSKu7g71u\nsD2fdVexX5uboz141Vz8Ew+tClXMeBJxluYo6/60rSGZyXL9J6GWfvz5iJAAMbxC\nWW/Rjd2vYvZpZwxiZyJAZmSE+HH+cn6BfPFSn0KztGcY59nE6iG/j7xOf5KCk+ns\nYCNy2Eg3RyVfP9KKmE/IaW9CVIeoSfJ9CC6sAd/Grvt9JytmI3UnThCCrB4/P/Te\nHltHJYUzEAy8UQAAAIEArMnGZ3xwZtnVX9U5c/YopViz4dZlusB+LMp7s3n1Dc2T\nibNR3zrxcbvVAIfZtZ8MSp9d0QPiq+AVfTSJZv4qewMA+ZameSgsZmiUzgJbS4W3\nxEHVtLFN8s+5q3UUkcYoGLggljzHVXFZ/c2kbJwMPVV/eA5XWZvgz2VnaEuW7C8A\nAACBAMo/dsube3DtUAmb7dBLXLY1Z3gAGWtkc2eaISaCUnO1rOx7eP/DbsYR2RWb\nE5jA2WGOfu7RBMdV5hfRjqJZtEZ2STSvIcl/AIV7ADM11hSCebhxdStkdo4YapMe\n/SYKbg0ZkLAsITJ+GG9d9H4nD5NifagACt6JNaD99pIUTXcbAAAAgQD8AR6lIQFG\nfGBsZlTh7KF4MH7R8PUxDtdODAODGNwqyS4Qrp1Tkk//yn2qJbNFnufwqGCBnxru\nc4DstYEyorFGT9u4U3u37uxBhnsCDmSpYjsgt3rbDH3ZYsHLp6Ncul8JagjxCLh+\nXgNiMEbOFiqM5GKoBS4ZDTeulUltdGt8ZQAAAAAB\n-----END OPENSSH PRIVATE KEY-----\n",
            "private_key_pem": "-----BEGIN RSA PRIVATE KEY-----\nMIIEpQIBAAKCAQEAxxdbZci/vFgMv4o1VTI44aKL4oyIgKx0hwcwNhOK9FHkRKYI\nUkz687cWIujwBTJsSC5MEi6RtZD96kucOA6BvvfCHt1s5GJwS2zpUbAIzvHhYTTj\n/NXhmjWhtneLcBX+hFRWlYV/GyvHysUwQVf1LP4xlQPcOqeymxPSZiX8KrsbKJJD\nNApOaYAjEqZ/0K0hiEghNAuZsuGBA1+WZRHZiQkb15VOTgMbbjlnM/KVH8kLrOLu\n5KhHl6t5OfSU2Xc1pAyZJC9OvSLk6XodXcE3Hz+D0+AWOF1Lw+id0+F9ou0KyliC\nwe+ccal3qq5O81ThC2sNhkY3i9gwjAlPjIoRpwIDAQABAoIBAQCI4RQjnKvGUDsj\njWAxnP/ikaDfN4O6A9dx5o1NAI6uf4cTc5uRCgAXg68ifUhYKlysG7iNX5sqW+9X\nIHjdSYwGwcyi79WoB83w7YZUdVT5Au/Tp0uAT4R2Q51VGEez3ktIq7uDvW6wPZ91\nV7Ffm5ujPXjVXPwTD60KVcx4EnGW5ijr/rStIZnJcv0noZZ+/PmIkAAxvEJZb9GN\n3a9i9mlnDGJnIkBmZIT4cf5yfoF88VKfQrO0Zxjn2cTqIb+PvE5/koKT6exgI3LY\nSDdHJV8/0oqYT8hpb0JUh6hJ8n0ILqwB38au+30nK2YjdSdOEIKsHj8/9N4eW0cl\nhTMQDLxRAoGBAMo/dsube3DtUAmb7dBLXLY1Z3gAGWtkc2eaISaCUnO1rOx7eP/D\nbsYR2RWbE5jA2WGOfu7RBMdV5hfRjqJZtEZ2STSvIcl/AIV7ADM11hSCebhxdStk\ndo4YapMe/SYKbg0ZkLAsITJ+GG9d9H4nD5NifagACt6JNaD99pIUTXcbAoGBAPwB\nHqUhAUZ8YGxmVOHsoXgwftHw9TEO104MA4MY3CrJLhCunVOST//Kfaols0We5/Co\nYIGfGu5zgOy1gTKisUZP27hTe7fu7EGGewIOZKliOyC3etsMfdliwcuno1y6Xwlq\nCPEIuH5eA2IwRs4WKozkYqgFLhkNN66VSW10a3xlAoGBAJpnzVgwwhM6+mn7o5ns\nj0GEkBPrb3yv2fN0lm6B/FTelMCOm5gYKlAJfESkeleak9uJIJtO9GkCyYHRuSV1\nes54q/cO5aqhzVIaz9JI/cH2wtrvs9aHAoQFXAgqFnaea9qQdAgsCMQ1xI3xmyFc\nzOVmwiwqrCGte0YH3eE0oteVAoGAFgl3B5OqS+Kmf/Q26gbKW/tJq8w5dM/Kbi3I\nxNcQscEkARtz8JHz4vdvI8jmM2lg+P+QaOVj8oQxOwHoSWhGvlJPcYADaqM/D7/V\n0+k0TkejygmhebRO8QqczdVcCMjXdLhMDd/oWkyYWSbFmlH/6JA0PGMvk8s/Gko9\nwI+Usq0CgYEArMnGZ3xwZtnVX9U5c/YopViz4dZlusB+LMp7s3n1Dc2TibNR3zrx\ncbvVAIfZtZ8MSp9d0QPiq+AVfTSJZv4qewMA+ZameSgsZmiUzgJbS4W3xEHVtLFN\n8s+5q3UUkcYoGLggljzHVXFZ/c2kbJwMPVV/eA5XWZvgz2VnaEuW7C8=\n-----END RSA PRIVATE KEY-----\n",
            "private_key_pem_pkcs8": "-----BEGIN PRIVATE KEY-----\nMIIEvwIBADANBgkqhkiG9w0BAQEFAASCBKkwggSlAgEAAoIBAQDHF1tlyL+8WAy/\nijVVMjjhoovijIiArHSHBzA2E4r0UeREpghSTPrztxYi6PAFMmxILkwSLpG1kP3q\nS5w4DoG+98Ie3WzkYnBLbOlRsAjO8eFhNOP81eGaNaG2d4twFf6EVFaVhX8bK8fK\nxTBBV/Us/jGVA9w6p7KbE9JmJfwquxsokkM0Ck5pgCMSpn/QrSGISCE0C5my4YED\nX5ZlEdmJCRvXlU5OAxtuOWcz8pUfyQus4u7kqEeXq3k59JTZdzWkDJkkL069IuTp\neh1dwTcfP4PT4BY4XUvD6J3T4X2i7QrKWILB75xxqXeqrk7zVOELaw2GRjeL2DCM\nCU+MihGnAgMBAAECggEBAIjhFCOcq8ZQOyONYDGc/+KRoN83g7oD13HmjU0Ajq5/\nhxNzm5EKABeDryJ9SFgqXKwbuI1fmypb71cgeN1JjAbBzKLv1agHzfDthlR1VPkC\n79OnS4BPhHZDnVUYR7PeS0iru4O9brA9n3VXsV+bm6M9eNVc/BMPrQpVzHgScZbm\nKOv+tK0hmcly/Sehln78+YiQADG8Qllv0Y3dr2L2aWcMYmciQGZkhPhx/nJ+gXzx\nUp9Cs7RnGOfZxOohv4+8Tn+SgpPp7GAjcthIN0clXz/SiphPyGlvQlSHqEnyfQgu\nrAHfxq77fScrZiN1J04QgqwePz/03h5bRyWFMxAMvFECgYEAyj92y5t7cO1QCZvt\n0EtctjVneAAZa2RzZ5ohJoJSc7Ws7Ht4/8NuxhHZFZsTmMDZYY5+7tEEx1XmF9GO\nolm0RnZJNK8hyX8AhXsAMzXWFIJ5uHF1K2R2jhhqkx79JgpuDRmQsCwhMn4Yb130\nficPk2J9qAAK3ok1oP32khRNdxsCgYEA/AEepSEBRnxgbGZU4eyheDB+0fD1MQ7X\nTgwDgxjcKskuEK6dU5JP/8p9qiWzRZ7n8KhggZ8a7nOA7LWBMqKxRk/buFN7t+7s\nQYZ7Ag5kqWI7ILd62wx92WLBy6ejXLpfCWoI8Qi4fl4DYjBGzhYqjORiqAUuGQ03\nrpVJbXRrfGUCgYEAmmfNWDDCEzr6afujmeyPQYSQE+tvfK/Z83SWboH8VN6UwI6b\nmBgqUAl8RKR6V5qT24kgm070aQLJgdG5JXV6znir9w7lqqHNUhrP0kj9wfbC2u+z\n1ocChAVcCCoWdp5r2pB0CCwIxDXEjfGbIVzM5WbCLCqsIa17Rgfd4TSi15UCgYAW\nCXcHk6pL4qZ/9DbqBspb+0mrzDl0z8puLcjE1xCxwSQBG3PwkfPi928jyOYzaWD4\n/5Bo5WPyhDE7AehJaEa+Uk9xgANqoz8Pv9XT6TROR6PKCaF5tE7xCpzN1VwIyNd0\nuEwN3+haTJhZJsWaUf/okDQ8Yy+Tyz8aSj3Aj5SyrQKBgQCsycZnfHBm2dVf1Tlz\n9iilWLPh1mW6wH4synuzefUNzZOJs1HfOvFxu9UAh9m1nwxKn13RA+Kr4BV9NIlm\n/ip7AwD5lqZ5KCxmaJTOAltLhbfEQdW0sU3yz7mrdRSRxigYuCCWPMdVcVn9zaRs\nnAw9VX94DldZm+DPZWdoS5bsLw==\n-----END PRIVATE KEY-----\n",
            "public_key_fingerprint_md5": "b0:2a:c1:1f:cf:e1:c6:ed:24:ee:46:20:e5:39:97:90",
            "public_key_fingerprint_sha256": "SHA256:AIxN68jsMnLqhb9p3ShbE6mECJJMyYLUYGisKAwKOTQ",
            "public_key_openssh": "ssh-rsa AAAAB3NzaC1yc2EAAAADAQABAAABAQDHF1tlyL+8WAy/ijVVMjjhoovijIiArHSHBzA2E4r0UeREpghSTPrztxYi6PAFMmxILkwSLpG1kP3qS5w4DoG+98Ie3WzkYnBLbOlRsAjO8eFhNOP81eGaNaG2d4twFf6EVFaVhX8bK8fKxTBBV/Us/jGVA9w6p7KbE9JmJfwquxsokkM0Ck5pgCMSpn/QrSGISCE0C5my4YEDX5ZlEdmJCRvXlU5OAxtuOWcz8pUfyQus4u7kqEeXq3k59JTZdzWkDJkkL069IuTpeh1dwTcfP4PT4BY4XUvD6J3T4X2i7QrKWILB75xxqXeqrk7zVOELaw2GRjeL2DCMCU+MihGn\n",
            "public_key_pem": "-----BEGIN PUBLIC KEY-----\nMIIBIjANBgkqhkiG9w0BAQEFAAOCAQ8AMIIBCgKCAQEAxxdbZci/vFgMv4o1VTI4\n4aKL4oyIgKx0hwcwNhOK9FHkRKYIUkz687cWIujwBTJsSC5MEi6RtZD96kucOA6B\nvvfCHt1s5GJwS2zpUbAIzvHhYTTj/NXhmjWhtneLcBX+hFRWlYV/GyvHysUwQVf1\nLP4xlQPcOqeymxPSZiX8KrsbKJJDNApOaYAjEqZ/0K0hiEghNAuZsuGBA1+WZRHZ\niQkb15VOTgMbbjlnM/KVH8kLrOLu5KhHl6t5OfSU2Xc1pAyZJC9OvSLk6XodXcE3\nHz+D0+AWOF1Lw+id0+F9ou0KyliCwe+ccal3qq5O81ThC2sNhkY3i9gwjAlPjIoR\npwIDAQAB\n-----END PUBLIC KEY-----\n",
            "rsa_bits": 2048
          },
          "sensitive_attributes": [
            [
              {
                "type": "get_attr",
                "value": "private_key_pem"
              }
            ],
            [
              {
                "type": "get_attr",
                "value": "private_key_openssh"
              }
            ],
            [
              {
                "type": "get_attr",
                "value": "private_key_pem_pkcs8"
              }
            ]
          ]
        }
      ]
    },
    {
      "module": "module.kubernetes",
      "mode": "data",
      "type": "aws_iam_user",
      "name": "group15",
      "provider": "provider[\"registry.terraform.io/hashicorp/aws\"]",
      "instances": [
        {
          "schema_version": 0,
          "attributes": {
            "arn": "arn:aws:iam::329599661993:user/khoedi",
            "id": "AIDAUZPNLW6U4YAEJDDB6",
            "path": "/",
            "permissions_boundary": "",
            "tags": {},
            "user_id": "AIDAUZPNLW6U4YAEJDDB6",
            "user_name": "khoedi"
          },
          "sensitive_attributes": []
        }
      ]
    },
    {
      "module": "module.kubernetes",
      "mode": "managed",
      "type": "kubernetes_cluster_role",
      "name": "admin_role",
      "provider": "provider[\"registry.terraform.io/hashicorp/kubernetes\"]",
      "instances": [
        {
          "schema_version": 0,
          "attributes": {
            "aggregation_rule": [],
            "id": "admin-role",
            "metadata": [
              {
                "annotations": {},
                "generate_name": "",
                "generation": 0,
                "labels": {},
                "name": "admin-role",
                "resource_version": "1629",
                "uid": "5e4418ba-31ba-4b98-a7ea-f003eb273a30"
              }
            ],
            "rule": [
              {
                "api_groups": [
                  ""
                ],
                "non_resource_urls": [],
                "resource_names": [],
                "resources": [
                  "*"
                ],
                "verbs": [
                  "*"
                ]
              }
            ]
          },
          "sensitive_attributes": [],
          "private": "bnVsbA==",
          "dependencies": [
            "module.VPC.aws_default_security_group.default",
            "module.VPC.aws_internet_gateway.main",
            "module.VPC.aws_subnet.private",
            "module.VPC.aws_subnet.public",
            "module.VPC.aws_vpc.main",
            "module.eks.aws_eks_cluster.this",
            "module.eks.aws_eks_node_group.public",
            "module.eks.aws_iam_openid_connect_provider.openid_connect_provider",
            "module.eks.data.aws_eks_cluster_auth.group15",
            "module.eks.data.aws_iam_policy_document.assume_role_policy",
            "module.eks.data.tls_certificate.tls",
            "module.iam.aws_iam_role.eks_cluster_role",
            "module.iam.aws_iam_role.eks_worker_node_role",
            "module.iam.aws_iam_role_policy_attachment.eks_cluster_role-AmazonEKSClusterPolicy",
            "module.iam.aws_iam_role_policy_attachment.eks_worker_node_role-AmazonEC2ContainerRegistryReadOnly",
            "module.iam.aws_iam_role_policy_attachment.eks_worker_node_role-AmazonEKSWorkerNodePolicy",
            "module.iam.aws_iam_role_policy_attachment.eks_worker_node_role-AmazonEKS_CNI_Policy",
            "module.iam.data.aws_iam_policy_document.assume_role"
          ]
        }
      ]
    },
    {
      "module": "module.kubernetes",
      "mode": "managed",
      "type": "kubernetes_config_map",
      "name": "aws_auth1",
      "provider": "provider[\"registry.terraform.io/hashicorp/kubernetes\"]",
      "instances": [
        {
          "schema_version": 0,
          "attributes": {
            "binary_data": {},
            "data": {
              "mapUsers": "      - userarn: arn:aws:iam::329599661993:user/khoedi\n      - username: khoedi\n    groups: \n      - system:masters\n"
            },
            "id": "kube-system/aws-auth1",
            "immutable": false,
            "metadata": [
              {
                "annotations": {},
                "generate_name": "",
                "generation": 0,
                "labels": {},
                "name": "aws-auth1",
                "namespace": "kube-system",
                "resource_version": "1679",
                "uid": "f9630c5c-5808-4020-8810-31c650e1b17e"
              }
            ]
          },
          "sensitive_attributes": [],
          "private": "bnVsbA==",
          "dependencies": [
            "module.VPC.aws_default_security_group.default",
            "module.VPC.aws_internet_gateway.main",
            "module.VPC.aws_subnet.private",
            "module.VPC.aws_subnet.public",
            "module.VPC.aws_vpc.main",
            "module.eks.aws_eks_cluster.this",
            "module.eks.aws_eks_node_group.public",
            "module.eks.aws_iam_openid_connect_provider.openid_connect_provider",
            "module.eks.data.aws_eks_cluster_auth.group15",
            "module.eks.data.aws_iam_policy_document.assume_role_policy",
            "module.eks.data.tls_certificate.tls",
            "module.iam.aws_iam_role.eks_cluster_role",
            "module.iam.aws_iam_role.eks_worker_node_role",
            "module.iam.aws_iam_role_policy_attachment.eks_cluster_role-AmazonEKSClusterPolicy",
            "module.iam.aws_iam_role_policy_attachment.eks_worker_node_role-AmazonEC2ContainerRegistryReadOnly",
            "module.iam.aws_iam_role_policy_attachment.eks_worker_node_role-AmazonEKSWorkerNodePolicy",
            "module.iam.aws_iam_role_policy_attachment.eks_worker_node_role-AmazonEKS_CNI_Policy",
            "module.iam.data.aws_iam_policy_document.assume_role",
            "module.kubernetes.data.aws_iam_user.group15"
          ]
        }
      ]
    },
    {
      "module": "module.kubernetes",
      "mode": "managed",
      "type": "kubernetes_role_binding",
      "name": "rbac_binding",
      "provider": "provider[\"registry.terraform.io/hashicorp/kubernetes\"]",
      "instances": [
        {
          "schema_version": 0,
          "attributes": {
            "id": "default/rbac-role-binding",
            "metadata": [
              {
                "annotations": {},
                "generate_name": "",
                "generation": 0,
                "labels": {},
                "name": "rbac-role-binding",
                "namespace": "default",
                "resource_version": "1730",
                "uid": "1496cd4e-23bf-4635-8599-84845a93700d"
              }
            ],
            "role_ref": [
              {
                "api_group": "rbac.authorization.k8s.io",
                "kind": "ClusterRole",
                "name": "admin-role"
              }
            ],
            "subject": [
              {
                "api_group": "rbac.authorization.k8s.io",
                "kind": "User",
                "name": "khoedi",
                "namespace": "default"
              }
            ]
          },
          "sensitive_attributes": [],
          "private": "bnVsbA==",
          "dependencies": [
            "module.VPC.aws_default_security_group.default",
            "module.VPC.aws_internet_gateway.main",
            "module.VPC.aws_subnet.private",
            "module.VPC.aws_subnet.public",
            "module.VPC.aws_vpc.main",
            "module.eks.aws_eks_cluster.this",
            "module.eks.aws_eks_node_group.public",
            "module.eks.aws_iam_openid_connect_provider.openid_connect_provider",
            "module.eks.data.aws_eks_cluster_auth.group15",
            "module.eks.data.aws_iam_policy_document.assume_role_policy",
            "module.eks.data.tls_certificate.tls",
            "module.iam.aws_iam_role.eks_cluster_role",
            "module.iam.aws_iam_role.eks_worker_node_role",
            "module.iam.aws_iam_role_policy_attachment.eks_cluster_role-AmazonEKSClusterPolicy",
            "module.iam.aws_iam_role_policy_attachment.eks_worker_node_role-AmazonEC2ContainerRegistryReadOnly",
            "module.iam.aws_iam_role_policy_attachment.eks_worker_node_role-AmazonEKSWorkerNodePolicy",
            "module.iam.aws_iam_role_policy_attachment.eks_worker_node_role-AmazonEKS_CNI_Policy",
            "module.iam.data.aws_iam_policy_document.assume_role",
            "module.kubernetes.data.aws_iam_user.group15",
            "module.kubernetes.kubernetes_cluster_role.admin_role"
          ]
        }
      ]
    }
  ],
  "check_results": null
}
